
Microsoft Visual Studio Solution File, Format Version 12.00
# Visual Studio 2012
Project("{FAE04EC0-301F-11D3-BF4B-00C04F79EFBC}") = "CMSWeb", "CmsWeb\CMSWeb.csproj", "{FC942D51-94B5-456B-9683-0BA000A1EAF4}"
EndProject
Project("{FAE04EC0-301F-11D3-BF4B-00C04F79EFBC}") = "CmsData", "CmsData\CmsData.csproj", "{98AEE43C-4226-49E7-BD46-C1A85467ECED}"
EndProject
Project("{FAE04EC0-301F-11D3-BF4B-00C04F79EFBC}") = "UtilityExtensions", "UtilityExtensions\UtilityExtensions.csproj", "{C504E3D2-5498-451B-BF82-309623706F11}"
EndProject
Project("{FAE04EC0-301F-11D3-BF4B-00C04F79EFBC}") = "CustomControls", "WebControls\CustomControls.csproj", "{E6957022-E83C-4FE9-94FC-6E9F8ADEB68C}"
EndProject
Project("{FAE04EC0-301F-11D3-BF4B-00C04F79EFBC}") = "ImageData", "ImageData\ImageData.csproj", "{512DA381-E81B-4121-B978-FC850EC88353}"
EndProject
Project("{FAE04EC0-301F-11D3-BF4B-00C04F79EFBC}") = "CmsPresenter", "CmsPresenter\CmsPresenter.csproj", "{947CFEF7-2731-493A-8876-C81FACBCF1F4}"
EndProject
Project("{2150E333-8FDC-42A3-9474-1A3956D46DE8}") = ".nuget", ".nuget", "{C181983F-025D-4DF9-9A52-0BA9E60A7CD7}"
	ProjectSection(SolutionItems) = preProject
		.nuget\NuGet.Config = .nuget\NuGet.Config
		.nuget\NuGet.exe = .nuget\NuGet.exe
	EndProjectSection
EndProject
Project("{2150E333-8FDC-42A3-9474-1A3956D46DE8}") = "Libraries", "Libraries", "{2F5AFEE8-D44F-4D81-BC89-4E17A3180C58}"
EndProject
Project("{FAE04EC0-301F-11D3-BF4B-00C04F79EFBC}") = "CmsCheckin", "CmsCheckin\CmsCheckin.csproj", "{6F00AEE1-5D32-4ACF-9B58-D3B3D12A3D04}"
EndProject
Global
	GlobalSection(SolutionConfigurationPlatforms) = preSolution
		bellevue|Any CPU = bellevue|Any CPU
		bellevue|Itanium = bellevue|Itanium
		bellevue|Mixed Platforms = bellevue|Mixed Platforms
		bellevue|x86 = bellevue|x86
		Bellevue3|Any CPU = Bellevue3|Any CPU
		Bellevue3|Itanium = Bellevue3|Itanium
		Bellevue3|Mixed Platforms = Bellevue3|Mixed Platforms
		Bellevue3|x86 = Bellevue3|x86
		bvcms|Any CPU = bvcms|Any CPU
		bvcms|Itanium = bvcms|Itanium
		bvcms|Mixed Platforms = bvcms|Mixed Platforms
		bvcms|x86 = bvcms|x86
		bvcms2|Any CPU = bvcms2|Any CPU
		bvcms2|Itanium = bvcms2|Itanium
		bvcms2|Mixed Platforms = bvcms2|Mixed Platforms
		bvcms2|x86 = bvcms2|x86
		BVCMSProduction|Any CPU = BVCMSProduction|Any CPU
		BVCMSProduction|Itanium = BVCMSProduction|Itanium
		BVCMSProduction|Mixed Platforms = BVCMSProduction|Mixed Platforms
		BVCMSProduction|x86 = BVCMSProduction|x86
		CMS2Production|Any CPU = CMS2Production|Any CPU
		CMS2Production|Itanium = CMS2Production|Itanium
		CMS2Production|Mixed Platforms = CMS2Production|Mixed Platforms
		CMS2Production|x86 = CMS2Production|x86
		CMSTest|Any CPU = CMSTest|Any CPU
		CMSTest|Itanium = CMSTest|Itanium
		CMSTest|Mixed Platforms = CMSTest|Mixed Platforms
		CMSTest|x86 = CMSTest|x86
		CMSWebProduction|Any CPU = CMSWebProduction|Any CPU
		CMSWebProduction|Itanium = CMSWebProduction|Itanium
		CMSWebProduction|Mixed Platforms = CMSWebProduction|Mixed Platforms
		CMSWebProduction|x86 = CMSWebProduction|x86
		Debug|Any CPU = Debug|Any CPU
		Debug|Itanium = Debug|Itanium
		Debug|Mixed Platforms = Debug|Mixed Platforms
		Debug|x86 = Debug|x86
		Rackspace|Any CPU = Rackspace|Any CPU
		Rackspace|Itanium = Rackspace|Itanium
		Rackspace|Mixed Platforms = Rackspace|Mixed Platforms
		Rackspace|x86 = Rackspace|x86
		Release|Any CPU = Release|Any CPU
		Release|Itanium = Release|Itanium
		Release|Mixed Platforms = Release|Mixed Platforms
		Release|x86 = Release|x86
		Release2|Any CPU = Release2|Any CPU
		Release2|Itanium = Release2|Itanium
		Release2|Mixed Platforms = Release2|Mixed Platforms
		Release2|x86 = Release2|x86
		test|Any CPU = test|Any CPU
		test|Itanium = test|Itanium
		test|Mixed Platforms = test|Mixed Platforms
		test|x86 = test|x86
	EndGlobalSection
	GlobalSection(ProjectConfigurationPlatforms) = postSolution
		{FC942D51-94B5-456B-9683-0BA000A1EAF4}.bellevue|Any CPU.ActiveCfg = bvcms|Any CPU
		{FC942D51-94B5-456B-9683-0BA000A1EAF4}.bellevue|Any CPU.Build.0 = bvcms|Any CPU
		{FC942D51-94B5-456B-9683-0BA000A1EAF4}.bellevue|Itanium.ActiveCfg = bvcms|Any CPU
		{FC942D51-94B5-456B-9683-0BA000A1EAF4}.bellevue|Mixed Platforms.ActiveCfg = bvcms|Any CPU
		{FC942D51-94B5-456B-9683-0BA000A1EAF4}.bellevue|Mixed Platforms.Build.0 = bvcms|Any CPU
		{FC942D51-94B5-456B-9683-0BA000A1EAF4}.bellevue|x86.ActiveCfg = bvcms|Any CPU
		{FC942D51-94B5-456B-9683-0BA000A1EAF4}.Bellevue3|Any CPU.ActiveCfg = bvcms|Any CPU
		{FC942D51-94B5-456B-9683-0BA000A1EAF4}.Bellevue3|Any CPU.Build.0 = bvcms|Any CPU
		{FC942D51-94B5-456B-9683-0BA000A1EAF4}.Bellevue3|Itanium.ActiveCfg = bvcms|Any CPU
		{FC942D51-94B5-456B-9683-0BA000A1EAF4}.Bellevue3|Mixed Platforms.ActiveCfg = bvcms|Any CPU
		{FC942D51-94B5-456B-9683-0BA000A1EAF4}.Bellevue3|Mixed Platforms.Build.0 = bvcms|Any CPU
		{FC942D51-94B5-456B-9683-0BA000A1EAF4}.Bellevue3|x86.ActiveCfg = bvcms|Any CPU
		{FC942D51-94B5-456B-9683-0BA000A1EAF4}.bvcms|Any CPU.ActiveCfg = bvcms|Any CPU
		{FC942D51-94B5-456B-9683-0BA000A1EAF4}.bvcms|Any CPU.Build.0 = bvcms|Any CPU
		{FC942D51-94B5-456B-9683-0BA000A1EAF4}.bvcms|Itanium.ActiveCfg = bvcms|Any CPU
		{FC942D51-94B5-456B-9683-0BA000A1EAF4}.bvcms|Mixed Platforms.ActiveCfg = bvcms|Any CPU
		{FC942D51-94B5-456B-9683-0BA000A1EAF4}.bvcms|Mixed Platforms.Build.0 = bvcms|Any CPU
		{FC942D51-94B5-456B-9683-0BA000A1EAF4}.bvcms|x86.ActiveCfg = bvcms|Any CPU
		{FC942D51-94B5-456B-9683-0BA000A1EAF4}.bvcms2|Any CPU.ActiveCfg = bvcms2|Any CPU
		{FC942D51-94B5-456B-9683-0BA000A1EAF4}.bvcms2|Any CPU.Build.0 = bvcms2|Any CPU
		{FC942D51-94B5-456B-9683-0BA000A1EAF4}.bvcms2|Itanium.ActiveCfg = bvcms2|Any CPU
		{FC942D51-94B5-456B-9683-0BA000A1EAF4}.bvcms2|Mixed Platforms.ActiveCfg = bvcms2|Any CPU
		{FC942D51-94B5-456B-9683-0BA000A1EAF4}.bvcms2|Mixed Platforms.Build.0 = bvcms2|Any CPU
		{FC942D51-94B5-456B-9683-0BA000A1EAF4}.bvcms2|x86.ActiveCfg = bvcms2|Any CPU
		{FC942D51-94B5-456B-9683-0BA000A1EAF4}.BVCMSProduction|Any CPU.ActiveCfg = bvcms|Any CPU
		{FC942D51-94B5-456B-9683-0BA000A1EAF4}.BVCMSProduction|Any CPU.Build.0 = bvcms|Any CPU
		{FC942D51-94B5-456B-9683-0BA000A1EAF4}.BVCMSProduction|Itanium.ActiveCfg = bvcms|Any CPU
		{FC942D51-94B5-456B-9683-0BA000A1EAF4}.BVCMSProduction|Mixed Platforms.ActiveCfg = bvcms|Any CPU
		{FC942D51-94B5-456B-9683-0BA000A1EAF4}.BVCMSProduction|Mixed Platforms.Build.0 = bvcms|Any CPU
		{FC942D51-94B5-456B-9683-0BA000A1EAF4}.BVCMSProduction|x86.ActiveCfg = bvcms|Any CPU
		{FC942D51-94B5-456B-9683-0BA000A1EAF4}.CMS2Production|Any CPU.ActiveCfg = test|Any CPU
		{FC942D51-94B5-456B-9683-0BA000A1EAF4}.CMS2Production|Any CPU.Build.0 = test|Any CPU
		{FC942D51-94B5-456B-9683-0BA000A1EAF4}.CMS2Production|Itanium.ActiveCfg = test|Any CPU
		{FC942D51-94B5-456B-9683-0BA000A1EAF4}.CMS2Production|Mixed Platforms.ActiveCfg = test|Any CPU
		{FC942D51-94B5-456B-9683-0BA000A1EAF4}.CMS2Production|Mixed Platforms.Build.0 = test|Any CPU
		{FC942D51-94B5-456B-9683-0BA000A1EAF4}.CMS2Production|x86.ActiveCfg = test|Any CPU
		{FC942D51-94B5-456B-9683-0BA000A1EAF4}.CMSTest|Any CPU.ActiveCfg = test|Any CPU
		{FC942D51-94B5-456B-9683-0BA000A1EAF4}.CMSTest|Any CPU.Build.0 = test|Any CPU
		{FC942D51-94B5-456B-9683-0BA000A1EAF4}.CMSTest|Itanium.ActiveCfg = test|Any CPU
		{FC942D51-94B5-456B-9683-0BA000A1EAF4}.CMSTest|Mixed Platforms.ActiveCfg = test|Any CPU
		{FC942D51-94B5-456B-9683-0BA000A1EAF4}.CMSTest|Mixed Platforms.Build.0 = test|Any CPU
		{FC942D51-94B5-456B-9683-0BA000A1EAF4}.CMSTest|x86.ActiveCfg = test|Any CPU
		{FC942D51-94B5-456B-9683-0BA000A1EAF4}.CMSWebProduction|Any CPU.ActiveCfg = test|Any CPU
		{FC942D51-94B5-456B-9683-0BA000A1EAF4}.CMSWebProduction|Any CPU.Build.0 = test|Any CPU
		{FC942D51-94B5-456B-9683-0BA000A1EAF4}.CMSWebProduction|Itanium.ActiveCfg = test|Any CPU
		{FC942D51-94B5-456B-9683-0BA000A1EAF4}.CMSWebProduction|Mixed Platforms.ActiveCfg = test|Any CPU
		{FC942D51-94B5-456B-9683-0BA000A1EAF4}.CMSWebProduction|Mixed Platforms.Build.0 = test|Any CPU
		{FC942D51-94B5-456B-9683-0BA000A1EAF4}.CMSWebProduction|x86.ActiveCfg = test|Any CPU
		{FC942D51-94B5-456B-9683-0BA000A1EAF4}.Debug|Any CPU.ActiveCfg = Debug|Any CPU
		{FC942D51-94B5-456B-9683-0BA000A1EAF4}.Debug|Any CPU.Build.0 = Debug|Any CPU
		{FC942D51-94B5-456B-9683-0BA000A1EAF4}.Debug|Itanium.ActiveCfg = Debug|Any CPU
		{FC942D51-94B5-456B-9683-0BA000A1EAF4}.Debug|Mixed Platforms.ActiveCfg = Debug|Any CPU
		{FC942D51-94B5-456B-9683-0BA000A1EAF4}.Debug|Mixed Platforms.Build.0 = Debug|Any CPU
		{FC942D51-94B5-456B-9683-0BA000A1EAF4}.Debug|x86.ActiveCfg = Debug|Any CPU
		{FC942D51-94B5-456B-9683-0BA000A1EAF4}.Rackspace|Any CPU.ActiveCfg = Release|Any CPU
		{FC942D51-94B5-456B-9683-0BA000A1EAF4}.Rackspace|Any CPU.Build.0 = Release|Any CPU
		{FC942D51-94B5-456B-9683-0BA000A1EAF4}.Rackspace|Itanium.ActiveCfg = Release|Any CPU
		{FC942D51-94B5-456B-9683-0BA000A1EAF4}.Rackspace|Mixed Platforms.ActiveCfg = Release|Any CPU
		{FC942D51-94B5-456B-9683-0BA000A1EAF4}.Rackspace|Mixed Platforms.Build.0 = Release|Any CPU
		{FC942D51-94B5-456B-9683-0BA000A1EAF4}.Rackspace|x86.ActiveCfg = Release|Any CPU
		{FC942D51-94B5-456B-9683-0BA000A1EAF4}.Release|Any CPU.ActiveCfg = Release|Any CPU
		{FC942D51-94B5-456B-9683-0BA000A1EAF4}.Release|Any CPU.Build.0 = Release|Any CPU
		{FC942D51-94B5-456B-9683-0BA000A1EAF4}.Release|Itanium.ActiveCfg = Release|Any CPU
		{FC942D51-94B5-456B-9683-0BA000A1EAF4}.Release|Mixed Platforms.ActiveCfg = bvcms2|Any CPU
		{FC942D51-94B5-456B-9683-0BA000A1EAF4}.Release|Mixed Platforms.Build.0 = bvcms2|Any CPU
		{FC942D51-94B5-456B-9683-0BA000A1EAF4}.Release|x86.ActiveCfg = Release|Any CPU
		{FC942D51-94B5-456B-9683-0BA000A1EAF4}.Release2|Any CPU.ActiveCfg = Release|Any CPU
		{FC942D51-94B5-456B-9683-0BA000A1EAF4}.Release2|Any CPU.Build.0 = Release|Any CPU
		{FC942D51-94B5-456B-9683-0BA000A1EAF4}.Release2|Itanium.ActiveCfg = Release|Any CPU
		{FC942D51-94B5-456B-9683-0BA000A1EAF4}.Release2|Mixed Platforms.ActiveCfg = Release|Any CPU
		{FC942D51-94B5-456B-9683-0BA000A1EAF4}.Release2|Mixed Platforms.Build.0 = Release|Any CPU
		{FC942D51-94B5-456B-9683-0BA000A1EAF4}.Release2|x86.ActiveCfg = Release|Any CPU
		{FC942D51-94B5-456B-9683-0BA000A1EAF4}.test|Any CPU.ActiveCfg = test|Any CPU
		{FC942D51-94B5-456B-9683-0BA000A1EAF4}.test|Any CPU.Build.0 = test|Any CPU
		{FC942D51-94B5-456B-9683-0BA000A1EAF4}.test|Itanium.ActiveCfg = test|Any CPU
		{FC942D51-94B5-456B-9683-0BA000A1EAF4}.test|Mixed Platforms.ActiveCfg = test|Any CPU
		{FC942D51-94B5-456B-9683-0BA000A1EAF4}.test|Mixed Platforms.Build.0 = test|Any CPU
		{FC942D51-94B5-456B-9683-0BA000A1EAF4}.test|x86.ActiveCfg = test|Any CPU
		{98AEE43C-4226-49E7-BD46-C1A85467ECED}.bellevue|Any CPU.ActiveCfg = bellevue|Any CPU
		{98AEE43C-4226-49E7-BD46-C1A85467ECED}.bellevue|Any CPU.Build.0 = bellevue|Any CPU
		{98AEE43C-4226-49E7-BD46-C1A85467ECED}.bellevue|Itanium.ActiveCfg = bellevue|Any CPU
		{98AEE43C-4226-49E7-BD46-C1A85467ECED}.bellevue|Mixed Platforms.ActiveCfg = bellevue|x86
		{98AEE43C-4226-49E7-BD46-C1A85467ECED}.bellevue|Mixed Platforms.Build.0 = bellevue|x86
		{98AEE43C-4226-49E7-BD46-C1A85467ECED}.bellevue|x86.ActiveCfg = bellevue|x86
		{98AEE43C-4226-49E7-BD46-C1A85467ECED}.bellevue|x86.Build.0 = bellevue|x86
		{98AEE43C-4226-49E7-BD46-C1A85467ECED}.Bellevue3|Any CPU.ActiveCfg = Bellevue3|Any CPU
		{98AEE43C-4226-49E7-BD46-C1A85467ECED}.Bellevue3|Any CPU.Build.0 = Bellevue3|Any CPU
		{98AEE43C-4226-49E7-BD46-C1A85467ECED}.Bellevue3|Itanium.ActiveCfg = Bellevue3|Any CPU
		{98AEE43C-4226-49E7-BD46-C1A85467ECED}.Bellevue3|Mixed Platforms.ActiveCfg = Bellevue3|x86
		{98AEE43C-4226-49E7-BD46-C1A85467ECED}.Bellevue3|Mixed Platforms.Build.0 = Bellevue3|x86
		{98AEE43C-4226-49E7-BD46-C1A85467ECED}.Bellevue3|x86.ActiveCfg = Bellevue3|x86
		{98AEE43C-4226-49E7-BD46-C1A85467ECED}.Bellevue3|x86.Build.0 = Bellevue3|x86
		{98AEE43C-4226-49E7-BD46-C1A85467ECED}.bvcms|Any CPU.ActiveCfg = bvcms|Any CPU
		{98AEE43C-4226-49E7-BD46-C1A85467ECED}.bvcms|Any CPU.Build.0 = bvcms|Any CPU
		{98AEE43C-4226-49E7-BD46-C1A85467ECED}.bvcms|Itanium.ActiveCfg = bvcms|Any CPU
		{98AEE43C-4226-49E7-BD46-C1A85467ECED}.bvcms|Mixed Platforms.ActiveCfg = bvcms|x86
		{98AEE43C-4226-49E7-BD46-C1A85467ECED}.bvcms|Mixed Platforms.Build.0 = bvcms|x86
		{98AEE43C-4226-49E7-BD46-C1A85467ECED}.bvcms|x86.ActiveCfg = bvcms|x86
		{98AEE43C-4226-49E7-BD46-C1A85467ECED}.bvcms|x86.Build.0 = bvcms|x86
		{98AEE43C-4226-49E7-BD46-C1A85467ECED}.bvcms2|Any CPU.ActiveCfg = bvcms2|Any CPU
		{98AEE43C-4226-49E7-BD46-C1A85467ECED}.bvcms2|Any CPU.Build.0 = bvcms2|Any CPU
		{98AEE43C-4226-49E7-BD46-C1A85467ECED}.bvcms2|Itanium.ActiveCfg = bvcms2|Any CPU
		{98AEE43C-4226-49E7-BD46-C1A85467ECED}.bvcms2|Mixed Platforms.ActiveCfg = bvcms2|x86
		{98AEE43C-4226-49E7-BD46-C1A85467ECED}.bvcms2|Mixed Platforms.Build.0 = bvcms2|x86
		{98AEE43C-4226-49E7-BD46-C1A85467ECED}.bvcms2|x86.ActiveCfg = bvcms2|x86
		{98AEE43C-4226-49E7-BD46-C1A85467ECED}.bvcms2|x86.Build.0 = bvcms2|x86
		{98AEE43C-4226-49E7-BD46-C1A85467ECED}.BVCMSProduction|Any CPU.ActiveCfg = BVCMSProduction|Any CPU
		{98AEE43C-4226-49E7-BD46-C1A85467ECED}.BVCMSProduction|Any CPU.Build.0 = BVCMSProduction|Any CPU
		{98AEE43C-4226-49E7-BD46-C1A85467ECED}.BVCMSProduction|Itanium.ActiveCfg = BVCMSProduction|Any CPU
		{98AEE43C-4226-49E7-BD46-C1A85467ECED}.BVCMSProduction|Mixed Platforms.ActiveCfg = BVCMSProduction|x86
		{98AEE43C-4226-49E7-BD46-C1A85467ECED}.BVCMSProduction|Mixed Platforms.Build.0 = BVCMSProduction|x86
		{98AEE43C-4226-49E7-BD46-C1A85467ECED}.BVCMSProduction|x86.ActiveCfg = BVCMSProduction|x86
		{98AEE43C-4226-49E7-BD46-C1A85467ECED}.BVCMSProduction|x86.Build.0 = BVCMSProduction|x86
		{98AEE43C-4226-49E7-BD46-C1A85467ECED}.CMS2Production|Any CPU.ActiveCfg = CMS2Production|Any CPU
		{98AEE43C-4226-49E7-BD46-C1A85467ECED}.CMS2Production|Any CPU.Build.0 = CMS2Production|Any CPU
		{98AEE43C-4226-49E7-BD46-C1A85467ECED}.CMS2Production|Itanium.ActiveCfg = CMS2Production|Any CPU
		{98AEE43C-4226-49E7-BD46-C1A85467ECED}.CMS2Production|Mixed Platforms.ActiveCfg = CMS2Production|x86
		{98AEE43C-4226-49E7-BD46-C1A85467ECED}.CMS2Production|Mixed Platforms.Build.0 = CMS2Production|x86
		{98AEE43C-4226-49E7-BD46-C1A85467ECED}.CMS2Production|x86.ActiveCfg = CMS2Production|x86
		{98AEE43C-4226-49E7-BD46-C1A85467ECED}.CMS2Production|x86.Build.0 = CMS2Production|x86
		{98AEE43C-4226-49E7-BD46-C1A85467ECED}.CMSTest|Any CPU.ActiveCfg = CMSTest|Any CPU
		{98AEE43C-4226-49E7-BD46-C1A85467ECED}.CMSTest|Any CPU.Build.0 = CMSTest|Any CPU
		{98AEE43C-4226-49E7-BD46-C1A85467ECED}.CMSTest|Itanium.ActiveCfg = CMSTest|Any CPU
		{98AEE43C-4226-49E7-BD46-C1A85467ECED}.CMSTest|Mixed Platforms.ActiveCfg = CMSTest|x86
		{98AEE43C-4226-49E7-BD46-C1A85467ECED}.CMSTest|Mixed Platforms.Build.0 = CMSTest|x86
		{98AEE43C-4226-49E7-BD46-C1A85467ECED}.CMSTest|x86.ActiveCfg = CMSTest|x86
		{98AEE43C-4226-49E7-BD46-C1A85467ECED}.CMSTest|x86.Build.0 = CMSTest|x86
		{98AEE43C-4226-49E7-BD46-C1A85467ECED}.CMSWebProduction|Any CPU.ActiveCfg = CMSWebProduction|Any CPU
		{98AEE43C-4226-49E7-BD46-C1A85467ECED}.CMSWebProduction|Any CPU.Build.0 = CMSWebProduction|Any CPU
		{98AEE43C-4226-49E7-BD46-C1A85467ECED}.CMSWebProduction|Itanium.ActiveCfg = CMSWebProduction|Any CPU
		{98AEE43C-4226-49E7-BD46-C1A85467ECED}.CMSWebProduction|Mixed Platforms.ActiveCfg = CMSWebProduction|x86
		{98AEE43C-4226-49E7-BD46-C1A85467ECED}.CMSWebProduction|Mixed Platforms.Build.0 = CMSWebProduction|x86
		{98AEE43C-4226-49E7-BD46-C1A85467ECED}.CMSWebProduction|x86.ActiveCfg = CMSWebProduction|x86
		{98AEE43C-4226-49E7-BD46-C1A85467ECED}.CMSWebProduction|x86.Build.0 = CMSWebProduction|x86
		{98AEE43C-4226-49E7-BD46-C1A85467ECED}.Debug|Any CPU.ActiveCfg = Debug|Any CPU
		{98AEE43C-4226-49E7-BD46-C1A85467ECED}.Debug|Any CPU.Build.0 = Debug|Any CPU
		{98AEE43C-4226-49E7-BD46-C1A85467ECED}.Debug|Itanium.ActiveCfg = Debug|x86
		{98AEE43C-4226-49E7-BD46-C1A85467ECED}.Debug|Mixed Platforms.ActiveCfg = Debug|Any CPU
		{98AEE43C-4226-49E7-BD46-C1A85467ECED}.Debug|Mixed Platforms.Build.0 = Debug|Any CPU
		{98AEE43C-4226-49E7-BD46-C1A85467ECED}.Debug|x86.ActiveCfg = Debug|x86
		{98AEE43C-4226-49E7-BD46-C1A85467ECED}.Debug|x86.Build.0 = Debug|x86
		{98AEE43C-4226-49E7-BD46-C1A85467ECED}.Rackspace|Any CPU.ActiveCfg = Rackspace|Any CPU
		{98AEE43C-4226-49E7-BD46-C1A85467ECED}.Rackspace|Any CPU.Build.0 = Rackspace|Any CPU
		{98AEE43C-4226-49E7-BD46-C1A85467ECED}.Rackspace|Itanium.ActiveCfg = Rackspace|Any CPU
		{98AEE43C-4226-49E7-BD46-C1A85467ECED}.Rackspace|Mixed Platforms.ActiveCfg = Rackspace|x86
		{98AEE43C-4226-49E7-BD46-C1A85467ECED}.Rackspace|Mixed Platforms.Build.0 = Rackspace|x86
		{98AEE43C-4226-49E7-BD46-C1A85467ECED}.Rackspace|x86.ActiveCfg = Rackspace|x86
		{98AEE43C-4226-49E7-BD46-C1A85467ECED}.Rackspace|x86.Build.0 = Rackspace|x86
		{98AEE43C-4226-49E7-BD46-C1A85467ECED}.Release|Any CPU.ActiveCfg = Release|Any CPU
		{98AEE43C-4226-49E7-BD46-C1A85467ECED}.Release|Any CPU.Build.0 = Release|Any CPU
		{98AEE43C-4226-49E7-BD46-C1A85467ECED}.Release|Itanium.ActiveCfg = Release|x86
		{98AEE43C-4226-49E7-BD46-C1A85467ECED}.Release|Mixed Platforms.ActiveCfg = Release|x86
		{98AEE43C-4226-49E7-BD46-C1A85467ECED}.Release|Mixed Platforms.Build.0 = Release|x86
		{98AEE43C-4226-49E7-BD46-C1A85467ECED}.Release|x86.ActiveCfg = Release|x86
		{98AEE43C-4226-49E7-BD46-C1A85467ECED}.Release|x86.Build.0 = Release|x86
		{98AEE43C-4226-49E7-BD46-C1A85467ECED}.Release2|Any CPU.ActiveCfg = Release2|Any CPU
		{98AEE43C-4226-49E7-BD46-C1A85467ECED}.Release2|Any CPU.Build.0 = Release2|Any CPU
		{98AEE43C-4226-49E7-BD46-C1A85467ECED}.Release2|Itanium.ActiveCfg = Release2|Any CPU
		{98AEE43C-4226-49E7-BD46-C1A85467ECED}.Release2|Mixed Platforms.ActiveCfg = Release2|x86
		{98AEE43C-4226-49E7-BD46-C1A85467ECED}.Release2|Mixed Platforms.Build.0 = Release2|x86
		{98AEE43C-4226-49E7-BD46-C1A85467ECED}.Release2|x86.ActiveCfg = Release2|x86
		{98AEE43C-4226-49E7-BD46-C1A85467ECED}.Release2|x86.Build.0 = Release2|x86
		{98AEE43C-4226-49E7-BD46-C1A85467ECED}.test|Any CPU.ActiveCfg = test|Any CPU
		{98AEE43C-4226-49E7-BD46-C1A85467ECED}.test|Any CPU.Build.0 = test|Any CPU
		{98AEE43C-4226-49E7-BD46-C1A85467ECED}.test|Itanium.ActiveCfg = test|Any CPU
		{98AEE43C-4226-49E7-BD46-C1A85467ECED}.test|Mixed Platforms.ActiveCfg = test|x86
		{98AEE43C-4226-49E7-BD46-C1A85467ECED}.test|Mixed Platforms.Build.0 = test|x86
		{98AEE43C-4226-49E7-BD46-C1A85467ECED}.test|x86.ActiveCfg = test|x86
		{98AEE43C-4226-49E7-BD46-C1A85467ECED}.test|x86.Build.0 = test|x86
		{C504E3D2-5498-451B-BF82-309623706F11}.bellevue|Any CPU.ActiveCfg = Release|Any CPU
		{C504E3D2-5498-451B-BF82-309623706F11}.bellevue|Any CPU.Build.0 = Release|Any CPU
		{C504E3D2-5498-451B-BF82-309623706F11}.bellevue|Itanium.ActiveCfg = Release|Any CPU
		{C504E3D2-5498-451B-BF82-309623706F11}.bellevue|Mixed Platforms.ActiveCfg = Release|x86
		{C504E3D2-5498-451B-BF82-309623706F11}.bellevue|Mixed Platforms.Build.0 = Release|x86
		{C504E3D2-5498-451B-BF82-309623706F11}.bellevue|x86.ActiveCfg = Release|x86
		{C504E3D2-5498-451B-BF82-309623706F11}.bellevue|x86.Build.0 = Release|x86
		{C504E3D2-5498-451B-BF82-309623706F11}.Bellevue3|Any CPU.ActiveCfg = Release|Any CPU
		{C504E3D2-5498-451B-BF82-309623706F11}.Bellevue3|Any CPU.Build.0 = Release|Any CPU
		{C504E3D2-5498-451B-BF82-309623706F11}.Bellevue3|Itanium.ActiveCfg = Release|Any CPU
		{C504E3D2-5498-451B-BF82-309623706F11}.Bellevue3|Mixed Platforms.ActiveCfg = Release|x86
		{C504E3D2-5498-451B-BF82-309623706F11}.Bellevue3|Mixed Platforms.Build.0 = Release|x86
		{C504E3D2-5498-451B-BF82-309623706F11}.Bellevue3|x86.ActiveCfg = Release|x86
		{C504E3D2-5498-451B-BF82-309623706F11}.Bellevue3|x86.Build.0 = Release|x86
		{C504E3D2-5498-451B-BF82-309623706F11}.bvcms|Any CPU.ActiveCfg = Release|Any CPU
		{C504E3D2-5498-451B-BF82-309623706F11}.bvcms|Any CPU.Build.0 = Release|Any CPU
		{C504E3D2-5498-451B-BF82-309623706F11}.bvcms|Itanium.ActiveCfg = Release|Any CPU
		{C504E3D2-5498-451B-BF82-309623706F11}.bvcms|Mixed Platforms.ActiveCfg = Release|x86
		{C504E3D2-5498-451B-BF82-309623706F11}.bvcms|Mixed Platforms.Build.0 = Release|x86
		{C504E3D2-5498-451B-BF82-309623706F11}.bvcms|x86.ActiveCfg = Release|x86
		{C504E3D2-5498-451B-BF82-309623706F11}.bvcms|x86.Build.0 = Release|x86
		{C504E3D2-5498-451B-BF82-309623706F11}.bvcms2|Any CPU.ActiveCfg = Release|Any CPU
		{C504E3D2-5498-451B-BF82-309623706F11}.bvcms2|Any CPU.Build.0 = Release|Any CPU
		{C504E3D2-5498-451B-BF82-309623706F11}.bvcms2|Itanium.ActiveCfg = Release|Any CPU
		{C504E3D2-5498-451B-BF82-309623706F11}.bvcms2|Mixed Platforms.ActiveCfg = Release|x86
		{C504E3D2-5498-451B-BF82-309623706F11}.bvcms2|Mixed Platforms.Build.0 = Release|x86
		{C504E3D2-5498-451B-BF82-309623706F11}.bvcms2|x86.ActiveCfg = Release|x86
		{C504E3D2-5498-451B-BF82-309623706F11}.bvcms2|x86.Build.0 = Release|x86
		{C504E3D2-5498-451B-BF82-309623706F11}.BVCMSProduction|Any CPU.ActiveCfg = Release|Any CPU
		{C504E3D2-5498-451B-BF82-309623706F11}.BVCMSProduction|Any CPU.Build.0 = Release|Any CPU
		{C504E3D2-5498-451B-BF82-309623706F11}.BVCMSProduction|Itanium.ActiveCfg = Release|Any CPU
		{C504E3D2-5498-451B-BF82-309623706F11}.BVCMSProduction|Mixed Platforms.ActiveCfg = Release|x86
		{C504E3D2-5498-451B-BF82-309623706F11}.BVCMSProduction|Mixed Platforms.Build.0 = Release|x86
		{C504E3D2-5498-451B-BF82-309623706F11}.BVCMSProduction|x86.ActiveCfg = Release|x86
		{C504E3D2-5498-451B-BF82-309623706F11}.BVCMSProduction|x86.Build.0 = Release|x86
		{C504E3D2-5498-451B-BF82-309623706F11}.CMS2Production|Any CPU.ActiveCfg = Release|Any CPU
		{C504E3D2-5498-451B-BF82-309623706F11}.CMS2Production|Any CPU.Build.0 = Release|Any CPU
		{C504E3D2-5498-451B-BF82-309623706F11}.CMS2Production|Itanium.ActiveCfg = Release|Any CPU
		{C504E3D2-5498-451B-BF82-309623706F11}.CMS2Production|Mixed Platforms.ActiveCfg = Release|x86
		{C504E3D2-5498-451B-BF82-309623706F11}.CMS2Production|Mixed Platforms.Build.0 = Release|x86
		{C504E3D2-5498-451B-BF82-309623706F11}.CMS2Production|x86.ActiveCfg = Release|x86
		{C504E3D2-5498-451B-BF82-309623706F11}.CMS2Production|x86.Build.0 = Release|x86
		{C504E3D2-5498-451B-BF82-309623706F11}.CMSTest|Any CPU.ActiveCfg = Release|Any CPU
		{C504E3D2-5498-451B-BF82-309623706F11}.CMSTest|Any CPU.Build.0 = Release|Any CPU
		{C504E3D2-5498-451B-BF82-309623706F11}.CMSTest|Itanium.ActiveCfg = Release|Any CPU
		{C504E3D2-5498-451B-BF82-309623706F11}.CMSTest|Mixed Platforms.ActiveCfg = Release|x86
		{C504E3D2-5498-451B-BF82-309623706F11}.CMSTest|Mixed Platforms.Build.0 = Release|x86
		{C504E3D2-5498-451B-BF82-309623706F11}.CMSTest|x86.ActiveCfg = Release|x86
		{C504E3D2-5498-451B-BF82-309623706F11}.CMSTest|x86.Build.0 = Release|x86
		{C504E3D2-5498-451B-BF82-309623706F11}.CMSWebProduction|Any CPU.ActiveCfg = Release|Any CPU
		{C504E3D2-5498-451B-BF82-309623706F11}.CMSWebProduction|Any CPU.Build.0 = Release|Any CPU
		{C504E3D2-5498-451B-BF82-309623706F11}.CMSWebProduction|Itanium.ActiveCfg = Release|Any CPU
		{C504E3D2-5498-451B-BF82-309623706F11}.CMSWebProduction|Mixed Platforms.ActiveCfg = Release|x86
		{C504E3D2-5498-451B-BF82-309623706F11}.CMSWebProduction|Mixed Platforms.Build.0 = Release|x86
		{C504E3D2-5498-451B-BF82-309623706F11}.CMSWebProduction|x86.ActiveCfg = Release|x86
		{C504E3D2-5498-451B-BF82-309623706F11}.CMSWebProduction|x86.Build.0 = Release|x86
		{C504E3D2-5498-451B-BF82-309623706F11}.Debug|Any CPU.ActiveCfg = Debug|Any CPU
		{C504E3D2-5498-451B-BF82-309623706F11}.Debug|Any CPU.Build.0 = Debug|Any CPU
		{C504E3D2-5498-451B-BF82-309623706F11}.Debug|Itanium.ActiveCfg = Debug|x86
		{C504E3D2-5498-451B-BF82-309623706F11}.Debug|Mixed Platforms.ActiveCfg = Debug|Any CPU
		{C504E3D2-5498-451B-BF82-309623706F11}.Debug|Mixed Platforms.Build.0 = Debug|Any CPU
		{C504E3D2-5498-451B-BF82-309623706F11}.Debug|x86.ActiveCfg = Debug|x86
		{C504E3D2-5498-451B-BF82-309623706F11}.Debug|x86.Build.0 = Debug|x86
		{C504E3D2-5498-451B-BF82-309623706F11}.Rackspace|Any CPU.ActiveCfg = Release|Any CPU
		{C504E3D2-5498-451B-BF82-309623706F11}.Rackspace|Any CPU.Build.0 = Release|Any CPU
		{C504E3D2-5498-451B-BF82-309623706F11}.Rackspace|Itanium.ActiveCfg = Release|Any CPU
		{C504E3D2-5498-451B-BF82-309623706F11}.Rackspace|Mixed Platforms.ActiveCfg = Release|x86
		{C504E3D2-5498-451B-BF82-309623706F11}.Rackspace|Mixed Platforms.Build.0 = Release|x86
		{C504E3D2-5498-451B-BF82-309623706F11}.Rackspace|x86.ActiveCfg = Release|x86
		{C504E3D2-5498-451B-BF82-309623706F11}.Rackspace|x86.Build.0 = Release|x86
		{C504E3D2-5498-451B-BF82-309623706F11}.Release|Any CPU.ActiveCfg = Release|Any CPU
		{C504E3D2-5498-451B-BF82-309623706F11}.Release|Any CPU.Build.0 = Release|Any CPU
		{C504E3D2-5498-451B-BF82-309623706F11}.Release|Itanium.ActiveCfg = Release|x86
		{C504E3D2-5498-451B-BF82-309623706F11}.Release|Mixed Platforms.ActiveCfg = Release|x86
		{C504E3D2-5498-451B-BF82-309623706F11}.Release|Mixed Platforms.Build.0 = Release|x86
		{C504E3D2-5498-451B-BF82-309623706F11}.Release|x86.ActiveCfg = Release|x86
		{C504E3D2-5498-451B-BF82-309623706F11}.Release|x86.Build.0 = Release|x86
		{C504E3D2-5498-451B-BF82-309623706F11}.Release2|Any CPU.ActiveCfg = Release|Any CPU
		{C504E3D2-5498-451B-BF82-309623706F11}.Release2|Any CPU.Build.0 = Release|Any CPU
		{C504E3D2-5498-451B-BF82-309623706F11}.Release2|Itanium.ActiveCfg = Release|Any CPU
		{C504E3D2-5498-451B-BF82-309623706F11}.Release2|Mixed Platforms.ActiveCfg = Release|x86
		{C504E3D2-5498-451B-BF82-309623706F11}.Release2|Mixed Platforms.Build.0 = Release|x86
		{C504E3D2-5498-451B-BF82-309623706F11}.Release2|x86.ActiveCfg = Release|x86
		{C504E3D2-5498-451B-BF82-309623706F11}.Release2|x86.Build.0 = Release|x86
		{C504E3D2-5498-451B-BF82-309623706F11}.test|Any CPU.ActiveCfg = Release|Any CPU
		{C504E3D2-5498-451B-BF82-309623706F11}.test|Any CPU.Build.0 = Release|Any CPU
		{C504E3D2-5498-451B-BF82-309623706F11}.test|Itanium.ActiveCfg = Release|Any CPU
		{C504E3D2-5498-451B-BF82-309623706F11}.test|Mixed Platforms.ActiveCfg = Release|x86
		{C504E3D2-5498-451B-BF82-309623706F11}.test|Mixed Platforms.Build.0 = Release|x86
		{C504E3D2-5498-451B-BF82-309623706F11}.test|x86.ActiveCfg = Release|x86
		{C504E3D2-5498-451B-BF82-309623706F11}.test|x86.Build.0 = Release|x86
		{E6957022-E83C-4FE9-94FC-6E9F8ADEB68C}.bellevue|Any CPU.ActiveCfg = Release|Any CPU
		{E6957022-E83C-4FE9-94FC-6E9F8ADEB68C}.bellevue|Any CPU.Build.0 = Release|Any CPU
		{E6957022-E83C-4FE9-94FC-6E9F8ADEB68C}.bellevue|Itanium.ActiveCfg = Release|Any CPU
		{E6957022-E83C-4FE9-94FC-6E9F8ADEB68C}.bellevue|Mixed Platforms.ActiveCfg = Release|x86
		{E6957022-E83C-4FE9-94FC-6E9F8ADEB68C}.bellevue|Mixed Platforms.Build.0 = Release|x86
		{E6957022-E83C-4FE9-94FC-6E9F8ADEB68C}.bellevue|x86.ActiveCfg = Release|x86
		{E6957022-E83C-4FE9-94FC-6E9F8ADEB68C}.bellevue|x86.Build.0 = Release|x86
		{E6957022-E83C-4FE9-94FC-6E9F8ADEB68C}.Bellevue3|Any CPU.ActiveCfg = Release|Any CPU
		{E6957022-E83C-4FE9-94FC-6E9F8ADEB68C}.Bellevue3|Any CPU.Build.0 = Release|Any CPU
		{E6957022-E83C-4FE9-94FC-6E9F8ADEB68C}.Bellevue3|Itanium.ActiveCfg = Release|Any CPU
		{E6957022-E83C-4FE9-94FC-6E9F8ADEB68C}.Bellevue3|Mixed Platforms.ActiveCfg = Release|x86
		{E6957022-E83C-4FE9-94FC-6E9F8ADEB68C}.Bellevue3|Mixed Platforms.Build.0 = Release|x86
		{E6957022-E83C-4FE9-94FC-6E9F8ADEB68C}.Bellevue3|x86.ActiveCfg = Release|x86
		{E6957022-E83C-4FE9-94FC-6E9F8ADEB68C}.Bellevue3|x86.Build.0 = Release|x86
		{E6957022-E83C-4FE9-94FC-6E9F8ADEB68C}.bvcms|Any CPU.ActiveCfg = Release|Any CPU
		{E6957022-E83C-4FE9-94FC-6E9F8ADEB68C}.bvcms|Any CPU.Build.0 = Release|Any CPU
		{E6957022-E83C-4FE9-94FC-6E9F8ADEB68C}.bvcms|Itanium.ActiveCfg = Release|Any CPU
		{E6957022-E83C-4FE9-94FC-6E9F8ADEB68C}.bvcms|Mixed Platforms.ActiveCfg = Release|x86
		{E6957022-E83C-4FE9-94FC-6E9F8ADEB68C}.bvcms|Mixed Platforms.Build.0 = Release|x86
		{E6957022-E83C-4FE9-94FC-6E9F8ADEB68C}.bvcms|x86.ActiveCfg = Release|x86
		{E6957022-E83C-4FE9-94FC-6E9F8ADEB68C}.bvcms|x86.Build.0 = Release|x86
		{E6957022-E83C-4FE9-94FC-6E9F8ADEB68C}.bvcms2|Any CPU.ActiveCfg = Release|Any CPU
		{E6957022-E83C-4FE9-94FC-6E9F8ADEB68C}.bvcms2|Any CPU.Build.0 = Release|Any CPU
		{E6957022-E83C-4FE9-94FC-6E9F8ADEB68C}.bvcms2|Itanium.ActiveCfg = Release|Any CPU
		{E6957022-E83C-4FE9-94FC-6E9F8ADEB68C}.bvcms2|Mixed Platforms.ActiveCfg = Release|x86
		{E6957022-E83C-4FE9-94FC-6E9F8ADEB68C}.bvcms2|Mixed Platforms.Build.0 = Release|x86
		{E6957022-E83C-4FE9-94FC-6E9F8ADEB68C}.bvcms2|x86.ActiveCfg = Release|x86
		{E6957022-E83C-4FE9-94FC-6E9F8ADEB68C}.bvcms2|x86.Build.0 = Release|x86
		{E6957022-E83C-4FE9-94FC-6E9F8ADEB68C}.BVCMSProduction|Any CPU.ActiveCfg = Release|Any CPU
		{E6957022-E83C-4FE9-94FC-6E9F8ADEB68C}.BVCMSProduction|Any CPU.Build.0 = Release|Any CPU
		{E6957022-E83C-4FE9-94FC-6E9F8ADEB68C}.BVCMSProduction|Itanium.ActiveCfg = Release|Any CPU
		{E6957022-E83C-4FE9-94FC-6E9F8ADEB68C}.BVCMSProduction|Mixed Platforms.ActiveCfg = Release|x86
		{E6957022-E83C-4FE9-94FC-6E9F8ADEB68C}.BVCMSProduction|Mixed Platforms.Build.0 = Release|x86
		{E6957022-E83C-4FE9-94FC-6E9F8ADEB68C}.BVCMSProduction|x86.ActiveCfg = Release|x86
		{E6957022-E83C-4FE9-94FC-6E9F8ADEB68C}.BVCMSProduction|x86.Build.0 = Release|x86
		{E6957022-E83C-4FE9-94FC-6E9F8ADEB68C}.CMS2Production|Any CPU.ActiveCfg = Release|Any CPU
		{E6957022-E83C-4FE9-94FC-6E9F8ADEB68C}.CMS2Production|Any CPU.Build.0 = Release|Any CPU
		{E6957022-E83C-4FE9-94FC-6E9F8ADEB68C}.CMS2Production|Itanium.ActiveCfg = Release|Any CPU
		{E6957022-E83C-4FE9-94FC-6E9F8ADEB68C}.CMS2Production|Mixed Platforms.ActiveCfg = Release|x86
		{E6957022-E83C-4FE9-94FC-6E9F8ADEB68C}.CMS2Production|Mixed Platforms.Build.0 = Release|x86
		{E6957022-E83C-4FE9-94FC-6E9F8ADEB68C}.CMS2Production|x86.ActiveCfg = Release|x86
		{E6957022-E83C-4FE9-94FC-6E9F8ADEB68C}.CMS2Production|x86.Build.0 = Release|x86
		{E6957022-E83C-4FE9-94FC-6E9F8ADEB68C}.CMSTest|Any CPU.ActiveCfg = Release|Any CPU
		{E6957022-E83C-4FE9-94FC-6E9F8ADEB68C}.CMSTest|Any CPU.Build.0 = Release|Any CPU
		{E6957022-E83C-4FE9-94FC-6E9F8ADEB68C}.CMSTest|Itanium.ActiveCfg = Release|Any CPU
		{E6957022-E83C-4FE9-94FC-6E9F8ADEB68C}.CMSTest|Mixed Platforms.ActiveCfg = Release|x86
		{E6957022-E83C-4FE9-94FC-6E9F8ADEB68C}.CMSTest|Mixed Platforms.Build.0 = Release|x86
		{E6957022-E83C-4FE9-94FC-6E9F8ADEB68C}.CMSTest|x86.ActiveCfg = Release|x86
		{E6957022-E83C-4FE9-94FC-6E9F8ADEB68C}.CMSTest|x86.Build.0 = Release|x86
		{E6957022-E83C-4FE9-94FC-6E9F8ADEB68C}.CMSWebProduction|Any CPU.ActiveCfg = Release|Any CPU
		{E6957022-E83C-4FE9-94FC-6E9F8ADEB68C}.CMSWebProduction|Any CPU.Build.0 = Release|Any CPU
		{E6957022-E83C-4FE9-94FC-6E9F8ADEB68C}.CMSWebProduction|Itanium.ActiveCfg = Release|Any CPU
		{E6957022-E83C-4FE9-94FC-6E9F8ADEB68C}.CMSWebProduction|Mixed Platforms.ActiveCfg = Release|x86
		{E6957022-E83C-4FE9-94FC-6E9F8ADEB68C}.CMSWebProduction|Mixed Platforms.Build.0 = Release|x86
		{E6957022-E83C-4FE9-94FC-6E9F8ADEB68C}.CMSWebProduction|x86.ActiveCfg = Release|x86
		{E6957022-E83C-4FE9-94FC-6E9F8ADEB68C}.CMSWebProduction|x86.Build.0 = Release|x86
		{E6957022-E83C-4FE9-94FC-6E9F8ADEB68C}.Debug|Any CPU.ActiveCfg = Debug|Any CPU
		{E6957022-E83C-4FE9-94FC-6E9F8ADEB68C}.Debug|Any CPU.Build.0 = Debug|Any CPU
		{E6957022-E83C-4FE9-94FC-6E9F8ADEB68C}.Debug|Itanium.ActiveCfg = Debug|x86
		{E6957022-E83C-4FE9-94FC-6E9F8ADEB68C}.Debug|Mixed Platforms.ActiveCfg = Debug|Any CPU
		{E6957022-E83C-4FE9-94FC-6E9F8ADEB68C}.Debug|Mixed Platforms.Build.0 = Debug|Any CPU
		{E6957022-E83C-4FE9-94FC-6E9F8ADEB68C}.Debug|x86.ActiveCfg = Debug|x86
		{E6957022-E83C-4FE9-94FC-6E9F8ADEB68C}.Debug|x86.Build.0 = Debug|x86
		{E6957022-E83C-4FE9-94FC-6E9F8ADEB68C}.Rackspace|Any CPU.ActiveCfg = Release|Any CPU
		{E6957022-E83C-4FE9-94FC-6E9F8ADEB68C}.Rackspace|Any CPU.Build.0 = Release|Any CPU
		{E6957022-E83C-4FE9-94FC-6E9F8ADEB68C}.Rackspace|Itanium.ActiveCfg = Release|Any CPU
		{E6957022-E83C-4FE9-94FC-6E9F8ADEB68C}.Rackspace|Mixed Platforms.ActiveCfg = Release|x86
		{E6957022-E83C-4FE9-94FC-6E9F8ADEB68C}.Rackspace|Mixed Platforms.Build.0 = Release|x86
		{E6957022-E83C-4FE9-94FC-6E9F8ADEB68C}.Rackspace|x86.ActiveCfg = Release|x86
		{E6957022-E83C-4FE9-94FC-6E9F8ADEB68C}.Rackspace|x86.Build.0 = Release|x86
		{E6957022-E83C-4FE9-94FC-6E9F8ADEB68C}.Release|Any CPU.ActiveCfg = Release|Any CPU
		{E6957022-E83C-4FE9-94FC-6E9F8ADEB68C}.Release|Any CPU.Build.0 = Release|Any CPU
		{E6957022-E83C-4FE9-94FC-6E9F8ADEB68C}.Release|Itanium.ActiveCfg = Release|x86
		{E6957022-E83C-4FE9-94FC-6E9F8ADEB68C}.Release|Mixed Platforms.ActiveCfg = Release|x86
		{E6957022-E83C-4FE9-94FC-6E9F8ADEB68C}.Release|Mixed Platforms.Build.0 = Release|x86
		{E6957022-E83C-4FE9-94FC-6E9F8ADEB68C}.Release|x86.ActiveCfg = Release|x86
		{E6957022-E83C-4FE9-94FC-6E9F8ADEB68C}.Release|x86.Build.0 = Release|x86
		{E6957022-E83C-4FE9-94FC-6E9F8ADEB68C}.Release2|Any CPU.ActiveCfg = Release|Any CPU
		{E6957022-E83C-4FE9-94FC-6E9F8ADEB68C}.Release2|Any CPU.Build.0 = Release|Any CPU
		{E6957022-E83C-4FE9-94FC-6E9F8ADEB68C}.Release2|Itanium.ActiveCfg = Release|Any CPU
		{E6957022-E83C-4FE9-94FC-6E9F8ADEB68C}.Release2|Mixed Platforms.ActiveCfg = Release|x86
		{E6957022-E83C-4FE9-94FC-6E9F8ADEB68C}.Release2|Mixed Platforms.Build.0 = Release|x86
		{E6957022-E83C-4FE9-94FC-6E9F8ADEB68C}.Release2|x86.ActiveCfg = Release|x86
		{E6957022-E83C-4FE9-94FC-6E9F8ADEB68C}.Release2|x86.Build.0 = Release|x86
		{E6957022-E83C-4FE9-94FC-6E9F8ADEB68C}.test|Any CPU.ActiveCfg = Release|Any CPU
		{E6957022-E83C-4FE9-94FC-6E9F8ADEB68C}.test|Any CPU.Build.0 = Release|Any CPU
		{E6957022-E83C-4FE9-94FC-6E9F8ADEB68C}.test|Itanium.ActiveCfg = Release|Any CPU
		{E6957022-E83C-4FE9-94FC-6E9F8ADEB68C}.test|Mixed Platforms.ActiveCfg = Release|x86
		{E6957022-E83C-4FE9-94FC-6E9F8ADEB68C}.test|Mixed Platforms.Build.0 = Release|x86
		{E6957022-E83C-4FE9-94FC-6E9F8ADEB68C}.test|x86.ActiveCfg = Release|x86
		{E6957022-E83C-4FE9-94FC-6E9F8ADEB68C}.test|x86.Build.0 = Release|x86
		{512DA381-E81B-4121-B978-FC850EC88353}.bellevue|Any CPU.ActiveCfg = Release|Any CPU
		{512DA381-E81B-4121-B978-FC850EC88353}.bellevue|Any CPU.Build.0 = Release|Any CPU
		{512DA381-E81B-4121-B978-FC850EC88353}.bellevue|Itanium.ActiveCfg = Release|Any CPU
		{512DA381-E81B-4121-B978-FC850EC88353}.bellevue|Mixed Platforms.ActiveCfg = Release|Any CPU
		{512DA381-E81B-4121-B978-FC850EC88353}.bellevue|Mixed Platforms.Build.0 = Release|Any CPU
		{512DA381-E81B-4121-B978-FC850EC88353}.bellevue|x86.ActiveCfg = Release|Any CPU
		{512DA381-E81B-4121-B978-FC850EC88353}.Bellevue3|Any CPU.ActiveCfg = Release|Any CPU
		{512DA381-E81B-4121-B978-FC850EC88353}.Bellevue3|Any CPU.Build.0 = Release|Any CPU
		{512DA381-E81B-4121-B978-FC850EC88353}.Bellevue3|Itanium.ActiveCfg = Release|Any CPU
		{512DA381-E81B-4121-B978-FC850EC88353}.Bellevue3|Mixed Platforms.ActiveCfg = Release|Any CPU
		{512DA381-E81B-4121-B978-FC850EC88353}.Bellevue3|Mixed Platforms.Build.0 = Release|Any CPU
		{512DA381-E81B-4121-B978-FC850EC88353}.Bellevue3|x86.ActiveCfg = Release|Any CPU
		{512DA381-E81B-4121-B978-FC850EC88353}.bvcms|Any CPU.ActiveCfg = Release|Any CPU
		{512DA381-E81B-4121-B978-FC850EC88353}.bvcms|Any CPU.Build.0 = Release|Any CPU
		{512DA381-E81B-4121-B978-FC850EC88353}.bvcms|Itanium.ActiveCfg = Release|Any CPU
		{512DA381-E81B-4121-B978-FC850EC88353}.bvcms|Mixed Platforms.ActiveCfg = Release|Any CPU
		{512DA381-E81B-4121-B978-FC850EC88353}.bvcms|Mixed Platforms.Build.0 = Release|Any CPU
		{512DA381-E81B-4121-B978-FC850EC88353}.bvcms|x86.ActiveCfg = Release|Any CPU
		{512DA381-E81B-4121-B978-FC850EC88353}.bvcms2|Any CPU.ActiveCfg = Release|Any CPU
		{512DA381-E81B-4121-B978-FC850EC88353}.bvcms2|Any CPU.Build.0 = Release|Any CPU
		{512DA381-E81B-4121-B978-FC850EC88353}.bvcms2|Itanium.ActiveCfg = Release|Any CPU
		{512DA381-E81B-4121-B978-FC850EC88353}.bvcms2|Mixed Platforms.ActiveCfg = Release|Any CPU
		{512DA381-E81B-4121-B978-FC850EC88353}.bvcms2|Mixed Platforms.Build.0 = Release|Any CPU
		{512DA381-E81B-4121-B978-FC850EC88353}.bvcms2|x86.ActiveCfg = Release|Any CPU
		{512DA381-E81B-4121-B978-FC850EC88353}.BVCMSProduction|Any CPU.ActiveCfg = Release|Any CPU
		{512DA381-E81B-4121-B978-FC850EC88353}.BVCMSProduction|Any CPU.Build.0 = Release|Any CPU
		{512DA381-E81B-4121-B978-FC850EC88353}.BVCMSProduction|Itanium.ActiveCfg = Release|Any CPU
		{512DA381-E81B-4121-B978-FC850EC88353}.BVCMSProduction|Mixed Platforms.ActiveCfg = Release|Any CPU
		{512DA381-E81B-4121-B978-FC850EC88353}.BVCMSProduction|Mixed Platforms.Build.0 = Release|Any CPU
		{512DA381-E81B-4121-B978-FC850EC88353}.BVCMSProduction|x86.ActiveCfg = Release|Any CPU
		{512DA381-E81B-4121-B978-FC850EC88353}.CMS2Production|Any CPU.ActiveCfg = Release|Any CPU
		{512DA381-E81B-4121-B978-FC850EC88353}.CMS2Production|Any CPU.Build.0 = Release|Any CPU
		{512DA381-E81B-4121-B978-FC850EC88353}.CMS2Production|Itanium.ActiveCfg = Release|Any CPU
		{512DA381-E81B-4121-B978-FC850EC88353}.CMS2Production|Mixed Platforms.ActiveCfg = Release|Any CPU
		{512DA381-E81B-4121-B978-FC850EC88353}.CMS2Production|Mixed Platforms.Build.0 = Release|Any CPU
		{512DA381-E81B-4121-B978-FC850EC88353}.CMS2Production|x86.ActiveCfg = Release|Any CPU
		{512DA381-E81B-4121-B978-FC850EC88353}.CMSTest|Any CPU.ActiveCfg = Release|Any CPU
		{512DA381-E81B-4121-B978-FC850EC88353}.CMSTest|Any CPU.Build.0 = Release|Any CPU
		{512DA381-E81B-4121-B978-FC850EC88353}.CMSTest|Itanium.ActiveCfg = Release|Any CPU
		{512DA381-E81B-4121-B978-FC850EC88353}.CMSTest|Mixed Platforms.ActiveCfg = Release|Any CPU
		{512DA381-E81B-4121-B978-FC850EC88353}.CMSTest|Mixed Platforms.Build.0 = Release|Any CPU
		{512DA381-E81B-4121-B978-FC850EC88353}.CMSTest|x86.ActiveCfg = Release|Any CPU
		{512DA381-E81B-4121-B978-FC850EC88353}.CMSWebProduction|Any CPU.ActiveCfg = Release|Any CPU
		{512DA381-E81B-4121-B978-FC850EC88353}.CMSWebProduction|Any CPU.Build.0 = Release|Any CPU
		{512DA381-E81B-4121-B978-FC850EC88353}.CMSWebProduction|Itanium.ActiveCfg = Release|Any CPU
		{512DA381-E81B-4121-B978-FC850EC88353}.CMSWebProduction|Mixed Platforms.ActiveCfg = Release|Any CPU
		{512DA381-E81B-4121-B978-FC850EC88353}.CMSWebProduction|Mixed Platforms.Build.0 = Release|Any CPU
		{512DA381-E81B-4121-B978-FC850EC88353}.CMSWebProduction|x86.ActiveCfg = Release|Any CPU
		{512DA381-E81B-4121-B978-FC850EC88353}.Debug|Any CPU.ActiveCfg = Debug|Any CPU
		{512DA381-E81B-4121-B978-FC850EC88353}.Debug|Any CPU.Build.0 = Debug|Any CPU
		{512DA381-E81B-4121-B978-FC850EC88353}.Debug|Itanium.ActiveCfg = Debug|Any CPU
		{512DA381-E81B-4121-B978-FC850EC88353}.Debug|Mixed Platforms.ActiveCfg = Debug|Any CPU
		{512DA381-E81B-4121-B978-FC850EC88353}.Debug|Mixed Platforms.Build.0 = Debug|Any CPU
		{512DA381-E81B-4121-B978-FC850EC88353}.Debug|x86.ActiveCfg = Debug|Any CPU
		{512DA381-E81B-4121-B978-FC850EC88353}.Rackspace|Any CPU.ActiveCfg = Release|Any CPU
		{512DA381-E81B-4121-B978-FC850EC88353}.Rackspace|Any CPU.Build.0 = Release|Any CPU
		{512DA381-E81B-4121-B978-FC850EC88353}.Rackspace|Itanium.ActiveCfg = Release|Any CPU
		{512DA381-E81B-4121-B978-FC850EC88353}.Rackspace|Mixed Platforms.ActiveCfg = Release|Any CPU
		{512DA381-E81B-4121-B978-FC850EC88353}.Rackspace|Mixed Platforms.Build.0 = Release|Any CPU
		{512DA381-E81B-4121-B978-FC850EC88353}.Rackspace|x86.ActiveCfg = Release|Any CPU
		{512DA381-E81B-4121-B978-FC850EC88353}.Release|Any CPU.ActiveCfg = Release|Any CPU
		{512DA381-E81B-4121-B978-FC850EC88353}.Release|Any CPU.Build.0 = Release|Any CPU
		{512DA381-E81B-4121-B978-FC850EC88353}.Release|Itanium.ActiveCfg = Release|Any CPU
		{512DA381-E81B-4121-B978-FC850EC88353}.Release|Mixed Platforms.ActiveCfg = Release|Any CPU
		{512DA381-E81B-4121-B978-FC850EC88353}.Release|Mixed Platforms.Build.0 = Release|Any CPU
		{512DA381-E81B-4121-B978-FC850EC88353}.Release|x86.ActiveCfg = Release|Any CPU
		{512DA381-E81B-4121-B978-FC850EC88353}.Release2|Any CPU.ActiveCfg = Release|Any CPU
		{512DA381-E81B-4121-B978-FC850EC88353}.Release2|Any CPU.Build.0 = Release|Any CPU
		{512DA381-E81B-4121-B978-FC850EC88353}.Release2|Itanium.ActiveCfg = Release|Any CPU
		{512DA381-E81B-4121-B978-FC850EC88353}.Release2|Mixed Platforms.ActiveCfg = Release|Any CPU
		{512DA381-E81B-4121-B978-FC850EC88353}.Release2|Mixed Platforms.Build.0 = Release|Any CPU
		{512DA381-E81B-4121-B978-FC850EC88353}.Release2|x86.ActiveCfg = Release|Any CPU
		{512DA381-E81B-4121-B978-FC850EC88353}.test|Any CPU.ActiveCfg = Release|Any CPU
		{512DA381-E81B-4121-B978-FC850EC88353}.test|Any CPU.Build.0 = Release|Any CPU
		{512DA381-E81B-4121-B978-FC850EC88353}.test|Itanium.ActiveCfg = Release|Any CPU
		{512DA381-E81B-4121-B978-FC850EC88353}.test|Mixed Platforms.ActiveCfg = Release|Any CPU
		{512DA381-E81B-4121-B978-FC850EC88353}.test|Mixed Platforms.Build.0 = Release|Any CPU
		{512DA381-E81B-4121-B978-FC850EC88353}.test|x86.ActiveCfg = Release|Any CPU
		{947CFEF7-2731-493A-8876-C81FACBCF1F4}.bellevue|Any CPU.ActiveCfg = Release|Any CPU
		{947CFEF7-2731-493A-8876-C81FACBCF1F4}.bellevue|Any CPU.Build.0 = Release|Any CPU
		{947CFEF7-2731-493A-8876-C81FACBCF1F4}.bellevue|Itanium.ActiveCfg = Release|Any CPU
		{947CFEF7-2731-493A-8876-C81FACBCF1F4}.bellevue|Mixed Platforms.ActiveCfg = Release|x86
		{947CFEF7-2731-493A-8876-C81FACBCF1F4}.bellevue|Mixed Platforms.Build.0 = Release|x86
		{947CFEF7-2731-493A-8876-C81FACBCF1F4}.bellevue|x86.ActiveCfg = Release|x86
		{947CFEF7-2731-493A-8876-C81FACBCF1F4}.bellevue|x86.Build.0 = Release|x86
		{947CFEF7-2731-493A-8876-C81FACBCF1F4}.Bellevue3|Any CPU.ActiveCfg = Release|Any CPU
		{947CFEF7-2731-493A-8876-C81FACBCF1F4}.Bellevue3|Any CPU.Build.0 = Release|Any CPU
		{947CFEF7-2731-493A-8876-C81FACBCF1F4}.Bellevue3|Itanium.ActiveCfg = Release|Any CPU
		{947CFEF7-2731-493A-8876-C81FACBCF1F4}.Bellevue3|Mixed Platforms.ActiveCfg = Release|x86
		{947CFEF7-2731-493A-8876-C81FACBCF1F4}.Bellevue3|Mixed Platforms.Build.0 = Release|x86
		{947CFEF7-2731-493A-8876-C81FACBCF1F4}.Bellevue3|x86.ActiveCfg = Release|x86
		{947CFEF7-2731-493A-8876-C81FACBCF1F4}.Bellevue3|x86.Build.0 = Release|x86
		{947CFEF7-2731-493A-8876-C81FACBCF1F4}.bvcms|Any CPU.ActiveCfg = Release|Any CPU
		{947CFEF7-2731-493A-8876-C81FACBCF1F4}.bvcms|Any CPU.Build.0 = Release|Any CPU
		{947CFEF7-2731-493A-8876-C81FACBCF1F4}.bvcms|Itanium.ActiveCfg = Release|Any CPU
		{947CFEF7-2731-493A-8876-C81FACBCF1F4}.bvcms|Mixed Platforms.ActiveCfg = Release|x86
		{947CFEF7-2731-493A-8876-C81FACBCF1F4}.bvcms|Mixed Platforms.Build.0 = Release|x86
		{947CFEF7-2731-493A-8876-C81FACBCF1F4}.bvcms|x86.ActiveCfg = Release|x86
		{947CFEF7-2731-493A-8876-C81FACBCF1F4}.bvcms|x86.Build.0 = Release|x86
		{947CFEF7-2731-493A-8876-C81FACBCF1F4}.bvcms2|Any CPU.ActiveCfg = Release|Any CPU
		{947CFEF7-2731-493A-8876-C81FACBCF1F4}.bvcms2|Any CPU.Build.0 = Release|Any CPU
		{947CFEF7-2731-493A-8876-C81FACBCF1F4}.bvcms2|Itanium.ActiveCfg = Release|Any CPU
		{947CFEF7-2731-493A-8876-C81FACBCF1F4}.bvcms2|Mixed Platforms.ActiveCfg = Release|x86
		{947CFEF7-2731-493A-8876-C81FACBCF1F4}.bvcms2|Mixed Platforms.Build.0 = Release|x86
		{947CFEF7-2731-493A-8876-C81FACBCF1F4}.bvcms2|x86.ActiveCfg = Release|x86
		{947CFEF7-2731-493A-8876-C81FACBCF1F4}.bvcms2|x86.Build.0 = Release|x86
		{947CFEF7-2731-493A-8876-C81FACBCF1F4}.BVCMSProduction|Any CPU.ActiveCfg = Release|Any CPU
		{947CFEF7-2731-493A-8876-C81FACBCF1F4}.BVCMSProduction|Any CPU.Build.0 = Release|Any CPU
		{947CFEF7-2731-493A-8876-C81FACBCF1F4}.BVCMSProduction|Itanium.ActiveCfg = Release|Any CPU
		{947CFEF7-2731-493A-8876-C81FACBCF1F4}.BVCMSProduction|Mixed Platforms.ActiveCfg = Release|x86
		{947CFEF7-2731-493A-8876-C81FACBCF1F4}.BVCMSProduction|Mixed Platforms.Build.0 = Release|x86
		{947CFEF7-2731-493A-8876-C81FACBCF1F4}.BVCMSProduction|x86.ActiveCfg = Release|x86
		{947CFEF7-2731-493A-8876-C81FACBCF1F4}.BVCMSProduction|x86.Build.0 = Release|x86
		{947CFEF7-2731-493A-8876-C81FACBCF1F4}.CMS2Production|Any CPU.ActiveCfg = Release|Any CPU
		{947CFEF7-2731-493A-8876-C81FACBCF1F4}.CMS2Production|Any CPU.Build.0 = Release|Any CPU
		{947CFEF7-2731-493A-8876-C81FACBCF1F4}.CMS2Production|Itanium.ActiveCfg = Release|Any CPU
		{947CFEF7-2731-493A-8876-C81FACBCF1F4}.CMS2Production|Mixed Platforms.ActiveCfg = Release|x86
		{947CFEF7-2731-493A-8876-C81FACBCF1F4}.CMS2Production|Mixed Platforms.Build.0 = Release|x86
		{947CFEF7-2731-493A-8876-C81FACBCF1F4}.CMS2Production|x86.ActiveCfg = Release|x86
		{947CFEF7-2731-493A-8876-C81FACBCF1F4}.CMS2Production|x86.Build.0 = Release|x86
		{947CFEF7-2731-493A-8876-C81FACBCF1F4}.CMSTest|Any CPU.ActiveCfg = Release|Any CPU
		{947CFEF7-2731-493A-8876-C81FACBCF1F4}.CMSTest|Any CPU.Build.0 = Release|Any CPU
		{947CFEF7-2731-493A-8876-C81FACBCF1F4}.CMSTest|Itanium.ActiveCfg = Release|Any CPU
		{947CFEF7-2731-493A-8876-C81FACBCF1F4}.CMSTest|Mixed Platforms.ActiveCfg = Release|x86
		{947CFEF7-2731-493A-8876-C81FACBCF1F4}.CMSTest|Mixed Platforms.Build.0 = Release|x86
		{947CFEF7-2731-493A-8876-C81FACBCF1F4}.CMSTest|x86.ActiveCfg = Release|x86
		{947CFEF7-2731-493A-8876-C81FACBCF1F4}.CMSTest|x86.Build.0 = Release|x86
		{947CFEF7-2731-493A-8876-C81FACBCF1F4}.CMSWebProduction|Any CPU.ActiveCfg = Release|Any CPU
		{947CFEF7-2731-493A-8876-C81FACBCF1F4}.CMSWebProduction|Any CPU.Build.0 = Release|Any CPU
		{947CFEF7-2731-493A-8876-C81FACBCF1F4}.CMSWebProduction|Itanium.ActiveCfg = Release|Any CPU
		{947CFEF7-2731-493A-8876-C81FACBCF1F4}.CMSWebProduction|Mixed Platforms.ActiveCfg = Release|x86
		{947CFEF7-2731-493A-8876-C81FACBCF1F4}.CMSWebProduction|Mixed Platforms.Build.0 = Release|x86
		{947CFEF7-2731-493A-8876-C81FACBCF1F4}.CMSWebProduction|x86.ActiveCfg = Release|x86
		{947CFEF7-2731-493A-8876-C81FACBCF1F4}.CMSWebProduction|x86.Build.0 = Release|x86
		{947CFEF7-2731-493A-8876-C81FACBCF1F4}.Debug|Any CPU.ActiveCfg = Debug|Any CPU
		{947CFEF7-2731-493A-8876-C81FACBCF1F4}.Debug|Any CPU.Build.0 = Debug|Any CPU
		{947CFEF7-2731-493A-8876-C81FACBCF1F4}.Debug|Itanium.ActiveCfg = Debug|x86
		{947CFEF7-2731-493A-8876-C81FACBCF1F4}.Debug|Mixed Platforms.ActiveCfg = Debug|Any CPU
		{947CFEF7-2731-493A-8876-C81FACBCF1F4}.Debug|Mixed Platforms.Build.0 = Debug|Any CPU
		{947CFEF7-2731-493A-8876-C81FACBCF1F4}.Debug|x86.ActiveCfg = Debug|x86
		{947CFEF7-2731-493A-8876-C81FACBCF1F4}.Debug|x86.Build.0 = Debug|x86
		{947CFEF7-2731-493A-8876-C81FACBCF1F4}.Rackspace|Any CPU.ActiveCfg = Release|Any CPU
		{947CFEF7-2731-493A-8876-C81FACBCF1F4}.Rackspace|Any CPU.Build.0 = Release|Any CPU
		{947CFEF7-2731-493A-8876-C81FACBCF1F4}.Rackspace|Itanium.ActiveCfg = Release|Any CPU
		{947CFEF7-2731-493A-8876-C81FACBCF1F4}.Rackspace|Mixed Platforms.ActiveCfg = Release|x86
		{947CFEF7-2731-493A-8876-C81FACBCF1F4}.Rackspace|Mixed Platforms.Build.0 = Release|x86
		{947CFEF7-2731-493A-8876-C81FACBCF1F4}.Rackspace|x86.ActiveCfg = Release|x86
		{947CFEF7-2731-493A-8876-C81FACBCF1F4}.Rackspace|x86.Build.0 = Release|x86
		{947CFEF7-2731-493A-8876-C81FACBCF1F4}.Release|Any CPU.ActiveCfg = Release|Any CPU
		{947CFEF7-2731-493A-8876-C81FACBCF1F4}.Release|Any CPU.Build.0 = Release|Any CPU
		{947CFEF7-2731-493A-8876-C81FACBCF1F4}.Release|Itanium.ActiveCfg = Release|x86
		{947CFEF7-2731-493A-8876-C81FACBCF1F4}.Release|Mixed Platforms.ActiveCfg = Release|x86
		{947CFEF7-2731-493A-8876-C81FACBCF1F4}.Release|Mixed Platforms.Build.0 = Release|x86
		{947CFEF7-2731-493A-8876-C81FACBCF1F4}.Release|x86.ActiveCfg = Release|x86
		{947CFEF7-2731-493A-8876-C81FACBCF1F4}.Release|x86.Build.0 = Release|x86
		{947CFEF7-2731-493A-8876-C81FACBCF1F4}.Release2|Any CPU.ActiveCfg = Release|Any CPU
		{947CFEF7-2731-493A-8876-C81FACBCF1F4}.Release2|Any CPU.Build.0 = Release|Any CPU
		{947CFEF7-2731-493A-8876-C81FACBCF1F4}.Release2|Itanium.ActiveCfg = Release|Any CPU
		{947CFEF7-2731-493A-8876-C81FACBCF1F4}.Release2|Mixed Platforms.ActiveCfg = Release|x86
		{947CFEF7-2731-493A-8876-C81FACBCF1F4}.Release2|Mixed Platforms.Build.0 = Release|x86
		{947CFEF7-2731-493A-8876-C81FACBCF1F4}.Release2|x86.ActiveCfg = Release|x86
		{947CFEF7-2731-493A-8876-C81FACBCF1F4}.Release2|x86.Build.0 = Release|x86
		{947CFEF7-2731-493A-8876-C81FACBCF1F4}.test|Any CPU.ActiveCfg = Release|Any CPU
		{947CFEF7-2731-493A-8876-C81FACBCF1F4}.test|Any CPU.Build.0 = Release|Any CPU
		{947CFEF7-2731-493A-8876-C81FACBCF1F4}.test|Itanium.ActiveCfg = Release|Any CPU
		{947CFEF7-2731-493A-8876-C81FACBCF1F4}.test|Mixed Platforms.ActiveCfg = Release|x86
		{947CFEF7-2731-493A-8876-C81FACBCF1F4}.test|Mixed Platforms.Build.0 = Release|x86
		{947CFEF7-2731-493A-8876-C81FACBCF1F4}.test|x86.ActiveCfg = Release|x86
		{947CFEF7-2731-493A-8876-C81FACBCF1F4}.test|x86.Build.0 = Release|x86
		{6F00AEE1-5D32-4ACF-9B58-D3B3D12A3D04}.bellevue|Any CPU.ActiveCfg = Release|Any CPU
		{6F00AEE1-5D32-4ACF-9B58-D3B3D12A3D04}.bellevue|Any CPU.Build.0 = Release|Any CPU
		{6F00AEE1-5D32-4ACF-9B58-D3B3D12A3D04}.bellevue|Itanium.ActiveCfg = Release|Any CPU
		{6F00AEE1-5D32-4ACF-9B58-D3B3D12A3D04}.bellevue|Mixed Platforms.ActiveCfg = Release|Any CPU
		{6F00AEE1-5D32-4ACF-9B58-D3B3D12A3D04}.bellevue|Mixed Platforms.Build.0 = Release|Any CPU
		{6F00AEE1-5D32-4ACF-9B58-D3B3D12A3D04}.bellevue|x86.ActiveCfg = Release|Any CPU
		{6F00AEE1-5D32-4ACF-9B58-D3B3D12A3D04}.Bellevue3|Any CPU.ActiveCfg = Release|Any CPU
		{6F00AEE1-5D32-4ACF-9B58-D3B3D12A3D04}.Bellevue3|Any CPU.Build.0 = Release|Any CPU
		{6F00AEE1-5D32-4ACF-9B58-D3B3D12A3D04}.Bellevue3|Itanium.ActiveCfg = Release|Any CPU
		{6F00AEE1-5D32-4ACF-9B58-D3B3D12A3D04}.Bellevue3|Mixed Platforms.ActiveCfg = Release|Any CPU
		{6F00AEE1-5D32-4ACF-9B58-D3B3D12A3D04}.Bellevue3|Mixed Platforms.Build.0 = Release|Any CPU
		{6F00AEE1-5D32-4ACF-9B58-D3B3D12A3D04}.Bellevue3|x86.ActiveCfg = Release|Any CPU
		{6F00AEE1-5D32-4ACF-9B58-D3B3D12A3D04}.bvcms|Any CPU.ActiveCfg = Release|Any CPU
		{6F00AEE1-5D32-4ACF-9B58-D3B3D12A3D04}.bvcms|Any CPU.Build.0 = Release|Any CPU
		{6F00AEE1-5D32-4ACF-9B58-D3B3D12A3D04}.bvcms|Itanium.ActiveCfg = Release|Any CPU
		{6F00AEE1-5D32-4ACF-9B58-D3B3D12A3D04}.bvcms|Mixed Platforms.ActiveCfg = Release|Any CPU
		{6F00AEE1-5D32-4ACF-9B58-D3B3D12A3D04}.bvcms|Mixed Platforms.Build.0 = Release|Any CPU
		{6F00AEE1-5D32-4ACF-9B58-D3B3D12A3D04}.bvcms|x86.ActiveCfg = Release|Any CPU
		{6F00AEE1-5D32-4ACF-9B58-D3B3D12A3D04}.bvcms2|Any CPU.ActiveCfg = Release|Any CPU
		{6F00AEE1-5D32-4ACF-9B58-D3B3D12A3D04}.bvcms2|Any CPU.Build.0 = Release|Any CPU
		{6F00AEE1-5D32-4ACF-9B58-D3B3D12A3D04}.bvcms2|Itanium.ActiveCfg = Release|Any CPU
		{6F00AEE1-5D32-4ACF-9B58-D3B3D12A3D04}.bvcms2|Mixed Platforms.ActiveCfg = Release|Any CPU
		{6F00AEE1-5D32-4ACF-9B58-D3B3D12A3D04}.bvcms2|Mixed Platforms.Build.0 = Release|Any CPU
		{6F00AEE1-5D32-4ACF-9B58-D3B3D12A3D04}.bvcms2|x86.ActiveCfg = Release|Any CPU
		{6F00AEE1-5D32-4ACF-9B58-D3B3D12A3D04}.BVCMSProduction|Any CPU.ActiveCfg = Release|Any CPU
		{6F00AEE1-5D32-4ACF-9B58-D3B3D12A3D04}.BVCMSProduction|Any CPU.Build.0 = Release|Any CPU
		{6F00AEE1-5D32-4ACF-9B58-D3B3D12A3D04}.BVCMSProduction|Itanium.ActiveCfg = Release|Any CPU
		{6F00AEE1-5D32-4ACF-9B58-D3B3D12A3D04}.BVCMSProduction|Mixed Platforms.ActiveCfg = Release|Any CPU
		{6F00AEE1-5D32-4ACF-9B58-D3B3D12A3D04}.BVCMSProduction|Mixed Platforms.Build.0 = Release|Any CPU
		{6F00AEE1-5D32-4ACF-9B58-D3B3D12A3D04}.BVCMSProduction|x86.ActiveCfg = Release|Any CPU
		{6F00AEE1-5D32-4ACF-9B58-D3B3D12A3D04}.CMS2Production|Any CPU.ActiveCfg = Release|Any CPU
		{6F00AEE1-5D32-4ACF-9B58-D3B3D12A3D04}.CMS2Production|Any CPU.Build.0 = Release|Any CPU
		{6F00AEE1-5D32-4ACF-9B58-D3B3D12A3D04}.CMS2Production|Itanium.ActiveCfg = Release|Any CPU
		{6F00AEE1-5D32-4ACF-9B58-D3B3D12A3D04}.CMS2Production|Mixed Platforms.ActiveCfg = Release|Any CPU
		{6F00AEE1-5D32-4ACF-9B58-D3B3D12A3D04}.CMS2Production|Mixed Platforms.Build.0 = Release|Any CPU
		{6F00AEE1-5D32-4ACF-9B58-D3B3D12A3D04}.CMS2Production|x86.ActiveCfg = Release|Any CPU
		{6F00AEE1-5D32-4ACF-9B58-D3B3D12A3D04}.CMSTest|Any CPU.ActiveCfg = Release|Any CPU
		{6F00AEE1-5D32-4ACF-9B58-D3B3D12A3D04}.CMSTest|Any CPU.Build.0 = Release|Any CPU
		{6F00AEE1-5D32-4ACF-9B58-D3B3D12A3D04}.CMSTest|Itanium.ActiveCfg = Release|Any CPU
		{6F00AEE1-5D32-4ACF-9B58-D3B3D12A3D04}.CMSTest|Mixed Platforms.ActiveCfg = Release|Any CPU
		{6F00AEE1-5D32-4ACF-9B58-D3B3D12A3D04}.CMSTest|Mixed Platforms.Build.0 = Release|Any CPU
		{6F00AEE1-5D32-4ACF-9B58-D3B3D12A3D04}.CMSTest|x86.ActiveCfg = Release|Any CPU
		{6F00AEE1-5D32-4ACF-9B58-D3B3D12A3D04}.CMSWebProduction|Any CPU.ActiveCfg = Release|Any CPU
		{6F00AEE1-5D32-4ACF-9B58-D3B3D12A3D04}.CMSWebProduction|Any CPU.Build.0 = Release|Any CPU
		{6F00AEE1-5D32-4ACF-9B58-D3B3D12A3D04}.CMSWebProduction|Itanium.ActiveCfg = Release|Any CPU
		{6F00AEE1-5D32-4ACF-9B58-D3B3D12A3D04}.CMSWebProduction|Mixed Platforms.ActiveCfg = Release|Any CPU
		{6F00AEE1-5D32-4ACF-9B58-D3B3D12A3D04}.CMSWebProduction|Mixed Platforms.Build.0 = Release|Any CPU
		{6F00AEE1-5D32-4ACF-9B58-D3B3D12A3D04}.CMSWebProduction|x86.ActiveCfg = Release|Any CPU
		{6F00AEE1-5D32-4ACF-9B58-D3B3D12A3D04}.Debug|Any CPU.ActiveCfg = Debug|Any CPU
		{6F00AEE1-5D32-4ACF-9B58-D3B3D12A3D04}.Debug|Any CPU.Build.0 = Debug|Any CPU
		{6F00AEE1-5D32-4ACF-9B58-D3B3D12A3D04}.Debug|Itanium.ActiveCfg = Debug|Any CPU
		{6F00AEE1-5D32-4ACF-9B58-D3B3D12A3D04}.Debug|Mixed Platforms.ActiveCfg = Debug|Any CPU
		{6F00AEE1-5D32-4ACF-9B58-D3B3D12A3D04}.Debug|Mixed Platforms.Build.0 = Debug|Any CPU
		{6F00AEE1-5D32-4ACF-9B58-D3B3D12A3D04}.Debug|x86.ActiveCfg = Debug|Any CPU
		{6F00AEE1-5D32-4ACF-9B58-D3B3D12A3D04}.Rackspace|Any CPU.ActiveCfg = Release|Any CPU
		{6F00AEE1-5D32-4ACF-9B58-D3B3D12A3D04}.Rackspace|Any CPU.Build.0 = Release|Any CPU
		{6F00AEE1-5D32-4ACF-9B58-D3B3D12A3D04}.Rackspace|Itanium.ActiveCfg = Release|Any CPU
		{6F00AEE1-5D32-4ACF-9B58-D3B3D12A3D04}.Rackspace|Mixed Platforms.ActiveCfg = Release|Any CPU
		{6F00AEE1-5D32-4ACF-9B58-D3B3D12A3D04}.Rackspace|Mixed Platforms.Build.0 = Release|Any CPU
		{6F00AEE1-5D32-4ACF-9B58-D3B3D12A3D04}.Rackspace|x86.ActiveCfg = Release|Any CPU
		{6F00AEE1-5D32-4ACF-9B58-D3B3D12A3D04}.Release|Any CPU.ActiveCfg = Release|Any CPU
		{6F00AEE1-5D32-4ACF-9B58-D3B3D12A3D04}.Release|Any CPU.Build.0 = Release|Any CPU
		{6F00AEE1-5D32-4ACF-9B58-D3B3D12A3D04}.Release|Itanium.ActiveCfg = Release|Any CPU
		{6F00AEE1-5D32-4ACF-9B58-D3B3D12A3D04}.Release|Mixed Platforms.ActiveCfg = Release|Any CPU
		{6F00AEE1-5D32-4ACF-9B58-D3B3D12A3D04}.Release|Mixed Platforms.Build.0 = Release|Any CPU
		{6F00AEE1-5D32-4ACF-9B58-D3B3D12A3D04}.Release|x86.ActiveCfg = Release|Any CPU
		{6F00AEE1-5D32-4ACF-9B58-D3B3D12A3D04}.Release2|Any CPU.ActiveCfg = Release|Any CPU
		{6F00AEE1-5D32-4ACF-9B58-D3B3D12A3D04}.Release2|Any CPU.Build.0 = Release|Any CPU
		{6F00AEE1-5D32-4ACF-9B58-D3B3D12A3D04}.Release2|Itanium.ActiveCfg = Release|Any CPU
		{6F00AEE1-5D32-4ACF-9B58-D3B3D12A3D04}.Release2|Mixed Platforms.ActiveCfg = Release|Any CPU
		{6F00AEE1-5D32-4ACF-9B58-D3B3D12A3D04}.Release2|Mixed Platforms.Build.0 = Release|Any CPU
		{6F00AEE1-5D32-4ACF-9B58-D3B3D12A3D04}.Release2|x86.ActiveCfg = Release|Any CPU
		{6F00AEE1-5D32-4ACF-9B58-D3B3D12A3D04}.test|Any CPU.ActiveCfg = Release|Any CPU
		{6F00AEE1-5D32-4ACF-9B58-D3B3D12A3D04}.test|Any CPU.Build.0 = Release|Any CPU
		{6F00AEE1-5D32-4ACF-9B58-D3B3D12A3D04}.test|Itanium.ActiveCfg = Release|Any CPU
		{6F00AEE1-5D32-4ACF-9B58-D3B3D12A3D04}.test|Mixed Platforms.ActiveCfg = Release|Any CPU
		{6F00AEE1-5D32-4ACF-9B58-D3B3D12A3D04}.test|Mixed Platforms.Build.0 = Release|Any CPU
		{6F00AEE1-5D32-4ACF-9B58-D3B3D12A3D04}.test|x86.ActiveCfg = Release|Any CPU
	EndGlobalSection
	GlobalSection(SolutionProperties) = preSolution
		HideSolutionNode = FALSE
	EndGlobalSection
	GlobalSection(NestedProjects) = preSolution
		{C504E3D2-5498-451B-BF82-309623706F11} = {2F5AFEE8-D44F-4D81-BC89-4E17A3180C58}
		{E6957022-E83C-4FE9-94FC-6E9F8ADEB68C} = {2F5AFEE8-D44F-4D81-BC89-4E17A3180C58}
		{512DA381-E81B-4121-B978-FC850EC88353} = {2F5AFEE8-D44F-4D81-BC89-4E17A3180C58}
		{947CFEF7-2731-493A-8876-C81FACBCF1F4} = {2F5AFEE8-D44F-4D81-BC89-4E17A3180C58}
		{98AEE43C-4226-49E7-BD46-C1A85467ECED} = {2F5AFEE8-D44F-4D81-BC89-4E17A3180C58}
	EndGlobalSection
EndGlobal
