
Microsoft Visual Studio Solution File, Format Version 11.00
# Visual Studio 2010
Project("{2150E333-8FDC-42A3-9474-1A3956D46DE8}") = "Solution Items", "Solution Items", "{A3E8168A-FB2E-412F-931F-464CD1BC0AA1}"
EndProject
Project("{FAE04EC0-301F-11D3-BF4B-00C04F79EFBC}") = "CustomControls", "WebControls\CustomControls.csproj", "{E6957022-E83C-4FE9-94FC-6E9F8ADEB68C}"
EndProject
Project("{FAE04EC0-301F-11D3-BF4B-00C04F79EFBC}") = "UtilityExtensions", "UtilityExtensions\UtilityExtensions.csproj", "{C504E3D2-5498-451B-BF82-309623706F11}"
EndProject
Project("{FAE04EC0-301F-11D3-BF4B-00C04F79EFBC}") = "CmsPresenter", "CmsPresenter\CmsPresenter.csproj", "{947CFEF7-2731-493A-8876-C81FACBCF1F4}"
EndProject
Project("{FAE04EC0-301F-11D3-BF4B-00C04F79EFBC}") = "ImageData", "ImageData\ImageData.csproj", "{512DA381-E81B-4121-B978-FC850EC88353}"
EndProject
Project("{FAE04EC0-301F-11D3-BF4B-00C04F79EFBC}") = "CmsData", "CmsData\CmsData.csproj", "{98AEE43C-4226-49E7-BD46-C1A85467ECED}"
EndProject
Project("{FAE04EC0-301F-11D3-BF4B-00C04F79EFBC}") = "CMSWeb", "CMSWeb\CMSWeb.csproj", "{FC942D51-94B5-456B-9683-0BA000A1EAF4}"
EndProject
Project("{FAE04EC0-301F-11D3-BF4B-00C04F79EFBC}") = "CmsCheckin", "CmsCheckin\CmsCheckin.csproj", "{6F00AEE1-5D32-4ACF-9B58-D3B3D12A3D04}"
EndProject
Global
	GlobalSection(SolutionConfigurationPlatforms) = preSolution
		BVCMSProduction|Any CPU = BVCMSProduction|Any CPU
		BVCMSProduction|Itanium = BVCMSProduction|Itanium
		BVCMSProduction|Mixed Platforms = BVCMSProduction|Mixed Platforms
		BVCMSProduction|x86 = BVCMSProduction|x86
		Cms2Production|Any CPU = Cms2Production|Any CPU
		Cms2Production|Itanium = Cms2Production|Itanium
		Cms2Production|Mixed Platforms = Cms2Production|Mixed Platforms
		Cms2Production|x86 = Cms2Production|x86
		CmsTest|Any CPU = CmsTest|Any CPU
		CmsTest|Itanium = CmsTest|Itanium
		CmsTest|Mixed Platforms = CmsTest|Mixed Platforms
		CmsTest|x86 = CmsTest|x86
		CmsWebProduction|Any CPU = CmsWebProduction|Any CPU
		CmsWebProduction|Itanium = CmsWebProduction|Itanium
		CmsWebProduction|Mixed Platforms = CmsWebProduction|Mixed Platforms
		CmsWebProduction|x86 = CmsWebProduction|x86
		Debug|Any CPU = Debug|Any CPU
		Debug|Itanium = Debug|Itanium
		Debug|Mixed Platforms = Debug|Mixed Platforms
		Debug|x86 = Debug|x86
		Default|Any CPU = Default|Any CPU
		Default|Itanium = Default|Itanium
		Default|Mixed Platforms = Default|Mixed Platforms
		Default|x86 = Default|x86
		Release|Any CPU = Release|Any CPU
		Release|Itanium = Release|Itanium
		Release|Mixed Platforms = Release|Mixed Platforms
		Release|x86 = Release|x86
	EndGlobalSection
	GlobalSection(ProjectConfigurationPlatforms) = postSolution
		{E6957022-E83C-4FE9-94FC-6E9F8ADEB68C}.BVCMSProduction|Any CPU.ActiveCfg = BVCMSProduction|Any CPU
		{E6957022-E83C-4FE9-94FC-6E9F8ADEB68C}.BVCMSProduction|Any CPU.Build.0 = BVCMSProduction|Any CPU
		{E6957022-E83C-4FE9-94FC-6E9F8ADEB68C}.BVCMSProduction|Itanium.ActiveCfg = BVCMSProduction|x86
		{E6957022-E83C-4FE9-94FC-6E9F8ADEB68C}.BVCMSProduction|Mixed Platforms.ActiveCfg = BVCMSProduction|x86
		{E6957022-E83C-4FE9-94FC-6E9F8ADEB68C}.BVCMSProduction|Mixed Platforms.Build.0 = BVCMSProduction|x86
		{E6957022-E83C-4FE9-94FC-6E9F8ADEB68C}.BVCMSProduction|x86.ActiveCfg = BVCMSProduction|x86
		{E6957022-E83C-4FE9-94FC-6E9F8ADEB68C}.BVCMSProduction|x86.Build.0 = BVCMSProduction|x86
		{E6957022-E83C-4FE9-94FC-6E9F8ADEB68C}.Cms2Production|Any CPU.ActiveCfg = Cms2Production|Any CPU
		{E6957022-E83C-4FE9-94FC-6E9F8ADEB68C}.Cms2Production|Any CPU.Build.0 = Cms2Production|Any CPU
		{E6957022-E83C-4FE9-94FC-6E9F8ADEB68C}.Cms2Production|Itanium.ActiveCfg = Cms2Production|x86
		{E6957022-E83C-4FE9-94FC-6E9F8ADEB68C}.Cms2Production|Mixed Platforms.ActiveCfg = Cms2Production|x86
		{E6957022-E83C-4FE9-94FC-6E9F8ADEB68C}.Cms2Production|Mixed Platforms.Build.0 = Cms2Production|x86
		{E6957022-E83C-4FE9-94FC-6E9F8ADEB68C}.Cms2Production|x86.ActiveCfg = Cms2Production|x86
		{E6957022-E83C-4FE9-94FC-6E9F8ADEB68C}.Cms2Production|x86.Build.0 = Cms2Production|x86
		{E6957022-E83C-4FE9-94FC-6E9F8ADEB68C}.CmsTest|Any CPU.ActiveCfg = CmsTest|Any CPU
		{E6957022-E83C-4FE9-94FC-6E9F8ADEB68C}.CmsTest|Any CPU.Build.0 = CmsTest|Any CPU
		{E6957022-E83C-4FE9-94FC-6E9F8ADEB68C}.CmsTest|Itanium.ActiveCfg = CmsTest|x86
		{E6957022-E83C-4FE9-94FC-6E9F8ADEB68C}.CmsTest|Mixed Platforms.ActiveCfg = CmsTest|x86
		{E6957022-E83C-4FE9-94FC-6E9F8ADEB68C}.CmsTest|Mixed Platforms.Build.0 = CmsTest|x86
		{E6957022-E83C-4FE9-94FC-6E9F8ADEB68C}.CmsTest|x86.ActiveCfg = CmsTest|x86
		{E6957022-E83C-4FE9-94FC-6E9F8ADEB68C}.CmsTest|x86.Build.0 = CmsTest|x86
		{E6957022-E83C-4FE9-94FC-6E9F8ADEB68C}.CmsWebProduction|Any CPU.ActiveCfg = CmsWebProduction|Any CPU
		{E6957022-E83C-4FE9-94FC-6E9F8ADEB68C}.CmsWebProduction|Any CPU.Build.0 = CmsWebProduction|Any CPU
		{E6957022-E83C-4FE9-94FC-6E9F8ADEB68C}.CmsWebProduction|Itanium.ActiveCfg = CmsWebProduction|x86
		{E6957022-E83C-4FE9-94FC-6E9F8ADEB68C}.CmsWebProduction|Mixed Platforms.ActiveCfg = CmsWebProduction|x86
		{E6957022-E83C-4FE9-94FC-6E9F8ADEB68C}.CmsWebProduction|Mixed Platforms.Build.0 = CmsWebProduction|x86
		{E6957022-E83C-4FE9-94FC-6E9F8ADEB68C}.CmsWebProduction|x86.ActiveCfg = CmsWebProduction|x86
		{E6957022-E83C-4FE9-94FC-6E9F8ADEB68C}.CmsWebProduction|x86.Build.0 = CmsWebProduction|x86
		{E6957022-E83C-4FE9-94FC-6E9F8ADEB68C}.Debug|Any CPU.ActiveCfg = Debug|Any CPU
		{E6957022-E83C-4FE9-94FC-6E9F8ADEB68C}.Debug|Any CPU.Build.0 = Debug|Any CPU
		{E6957022-E83C-4FE9-94FC-6E9F8ADEB68C}.Debug|Itanium.ActiveCfg = Debug|x86
		{E6957022-E83C-4FE9-94FC-6E9F8ADEB68C}.Debug|Mixed Platforms.ActiveCfg = Debug|x86
		{E6957022-E83C-4FE9-94FC-6E9F8ADEB68C}.Debug|Mixed Platforms.Build.0 = Debug|x86
		{E6957022-E83C-4FE9-94FC-6E9F8ADEB68C}.Debug|x86.ActiveCfg = Debug|Any CPU
		{E6957022-E83C-4FE9-94FC-6E9F8ADEB68C}.Debug|x86.Build.0 = Debug|Any CPU
		{E6957022-E83C-4FE9-94FC-6E9F8ADEB68C}.Default|Any CPU.ActiveCfg = Debug|x86
		{E6957022-E83C-4FE9-94FC-6E9F8ADEB68C}.Default|Itanium.ActiveCfg = Debug|x86
		{E6957022-E83C-4FE9-94FC-6E9F8ADEB68C}.Default|Mixed Platforms.ActiveCfg = Debug|x86
		{E6957022-E83C-4FE9-94FC-6E9F8ADEB68C}.Default|Mixed Platforms.Build.0 = Debug|x86
		{E6957022-E83C-4FE9-94FC-6E9F8ADEB68C}.Default|x86.ActiveCfg = Debug|x86
		{E6957022-E83C-4FE9-94FC-6E9F8ADEB68C}.Default|x86.Build.0 = Debug|x86
		{E6957022-E83C-4FE9-94FC-6E9F8ADEB68C}.Release|Any CPU.ActiveCfg = Release|Any CPU
		{E6957022-E83C-4FE9-94FC-6E9F8ADEB68C}.Release|Any CPU.Build.0 = Release|Any CPU
		{E6957022-E83C-4FE9-94FC-6E9F8ADEB68C}.Release|Itanium.ActiveCfg = Release|x86
		{E6957022-E83C-4FE9-94FC-6E9F8ADEB68C}.Release|Mixed Platforms.ActiveCfg = Release|x86
		{E6957022-E83C-4FE9-94FC-6E9F8ADEB68C}.Release|Mixed Platforms.Build.0 = Release|x86
		{E6957022-E83C-4FE9-94FC-6E9F8ADEB68C}.Release|x86.ActiveCfg = Release|x86
		{E6957022-E83C-4FE9-94FC-6E9F8ADEB68C}.Release|x86.Build.0 = Release|x86
		{C504E3D2-5498-451B-BF82-309623706F11}.BVCMSProduction|Any CPU.ActiveCfg = BVCMSProduction|Any CPU
		{C504E3D2-5498-451B-BF82-309623706F11}.BVCMSProduction|Any CPU.Build.0 = BVCMSProduction|Any CPU
		{C504E3D2-5498-451B-BF82-309623706F11}.BVCMSProduction|Itanium.ActiveCfg = BVCMSProduction|x86
		{C504E3D2-5498-451B-BF82-309623706F11}.BVCMSProduction|Mixed Platforms.ActiveCfg = BVCMSProduction|x86
		{C504E3D2-5498-451B-BF82-309623706F11}.BVCMSProduction|Mixed Platforms.Build.0 = BVCMSProduction|x86
		{C504E3D2-5498-451B-BF82-309623706F11}.BVCMSProduction|x86.ActiveCfg = BVCMSProduction|x86
		{C504E3D2-5498-451B-BF82-309623706F11}.BVCMSProduction|x86.Build.0 = BVCMSProduction|x86
		{C504E3D2-5498-451B-BF82-309623706F11}.Cms2Production|Any CPU.ActiveCfg = Cms2Production|Any CPU
		{C504E3D2-5498-451B-BF82-309623706F11}.Cms2Production|Any CPU.Build.0 = Cms2Production|Any CPU
		{C504E3D2-5498-451B-BF82-309623706F11}.Cms2Production|Itanium.ActiveCfg = Cms2Production|x86
		{C504E3D2-5498-451B-BF82-309623706F11}.Cms2Production|Mixed Platforms.ActiveCfg = Cms2Production|x86
		{C504E3D2-5498-451B-BF82-309623706F11}.Cms2Production|Mixed Platforms.Build.0 = Cms2Production|x86
		{C504E3D2-5498-451B-BF82-309623706F11}.Cms2Production|x86.ActiveCfg = Cms2Production|x86
		{C504E3D2-5498-451B-BF82-309623706F11}.Cms2Production|x86.Build.0 = Cms2Production|x86
		{C504E3D2-5498-451B-BF82-309623706F11}.CmsTest|Any CPU.ActiveCfg = CmsTest|Any CPU
		{C504E3D2-5498-451B-BF82-309623706F11}.CmsTest|Any CPU.Build.0 = CmsTest|Any CPU
		{C504E3D2-5498-451B-BF82-309623706F11}.CmsTest|Itanium.ActiveCfg = CmsTest|x86
		{C504E3D2-5498-451B-BF82-309623706F11}.CmsTest|Mixed Platforms.ActiveCfg = CmsTest|x86
		{C504E3D2-5498-451B-BF82-309623706F11}.CmsTest|Mixed Platforms.Build.0 = CmsTest|x86
		{C504E3D2-5498-451B-BF82-309623706F11}.CmsTest|x86.ActiveCfg = CmsTest|x86
		{C504E3D2-5498-451B-BF82-309623706F11}.CmsTest|x86.Build.0 = CmsTest|x86
		{C504E3D2-5498-451B-BF82-309623706F11}.CmsWebProduction|Any CPU.ActiveCfg = CmsWebProduction|Any CPU
		{C504E3D2-5498-451B-BF82-309623706F11}.CmsWebProduction|Any CPU.Build.0 = CmsWebProduction|Any CPU
		{C504E3D2-5498-451B-BF82-309623706F11}.CmsWebProduction|Itanium.ActiveCfg = CmsWebProduction|x86
		{C504E3D2-5498-451B-BF82-309623706F11}.CmsWebProduction|Mixed Platforms.ActiveCfg = CmsWebProduction|x86
		{C504E3D2-5498-451B-BF82-309623706F11}.CmsWebProduction|Mixed Platforms.Build.0 = CmsWebProduction|x86
		{C504E3D2-5498-451B-BF82-309623706F11}.CmsWebProduction|x86.ActiveCfg = CmsWebProduction|x86
		{C504E3D2-5498-451B-BF82-309623706F11}.CmsWebProduction|x86.Build.0 = CmsWebProduction|x86
		{C504E3D2-5498-451B-BF82-309623706F11}.Debug|Any CPU.ActiveCfg = Debug|Any CPU
		{C504E3D2-5498-451B-BF82-309623706F11}.Debug|Any CPU.Build.0 = Debug|Any CPU
		{C504E3D2-5498-451B-BF82-309623706F11}.Debug|Itanium.ActiveCfg = Debug|x86
		{C504E3D2-5498-451B-BF82-309623706F11}.Debug|Mixed Platforms.ActiveCfg = Debug|x86
		{C504E3D2-5498-451B-BF82-309623706F11}.Debug|Mixed Platforms.Build.0 = Debug|x86
		{C504E3D2-5498-451B-BF82-309623706F11}.Debug|x86.ActiveCfg = Debug|Any CPU
		{C504E3D2-5498-451B-BF82-309623706F11}.Debug|x86.Build.0 = Debug|Any CPU
		{C504E3D2-5498-451B-BF82-309623706F11}.Default|Any CPU.ActiveCfg = Debug|x86
		{C504E3D2-5498-451B-BF82-309623706F11}.Default|Itanium.ActiveCfg = Debug|x86
		{C504E3D2-5498-451B-BF82-309623706F11}.Default|Mixed Platforms.ActiveCfg = Debug|x86
		{C504E3D2-5498-451B-BF82-309623706F11}.Default|Mixed Platforms.Build.0 = Debug|x86
		{C504E3D2-5498-451B-BF82-309623706F11}.Default|x86.ActiveCfg = Debug|x86
		{C504E3D2-5498-451B-BF82-309623706F11}.Default|x86.Build.0 = Debug|x86
		{C504E3D2-5498-451B-BF82-309623706F11}.Release|Any CPU.ActiveCfg = Release|Any CPU
		{C504E3D2-5498-451B-BF82-309623706F11}.Release|Any CPU.Build.0 = Release|Any CPU
		{C504E3D2-5498-451B-BF82-309623706F11}.Release|Itanium.ActiveCfg = Release|x86
		{C504E3D2-5498-451B-BF82-309623706F11}.Release|Mixed Platforms.ActiveCfg = Release|x86
		{C504E3D2-5498-451B-BF82-309623706F11}.Release|Mixed Platforms.Build.0 = Release|x86
		{C504E3D2-5498-451B-BF82-309623706F11}.Release|x86.ActiveCfg = Release|x86
		{C504E3D2-5498-451B-BF82-309623706F11}.Release|x86.Build.0 = Release|x86
		{947CFEF7-2731-493A-8876-C81FACBCF1F4}.BVCMSProduction|Any CPU.ActiveCfg = BVCMSProduction|Any CPU
		{947CFEF7-2731-493A-8876-C81FACBCF1F4}.BVCMSProduction|Any CPU.Build.0 = BVCMSProduction|Any CPU
		{947CFEF7-2731-493A-8876-C81FACBCF1F4}.BVCMSProduction|Itanium.ActiveCfg = BVCMSProduction|x86
		{947CFEF7-2731-493A-8876-C81FACBCF1F4}.BVCMSProduction|Mixed Platforms.ActiveCfg = BVCMSProduction|x86
		{947CFEF7-2731-493A-8876-C81FACBCF1F4}.BVCMSProduction|Mixed Platforms.Build.0 = BVCMSProduction|x86
		{947CFEF7-2731-493A-8876-C81FACBCF1F4}.BVCMSProduction|x86.ActiveCfg = BVCMSProduction|x86
		{947CFEF7-2731-493A-8876-C81FACBCF1F4}.BVCMSProduction|x86.Build.0 = BVCMSProduction|x86
		{947CFEF7-2731-493A-8876-C81FACBCF1F4}.Cms2Production|Any CPU.ActiveCfg = Cms2Production|Any CPU
		{947CFEF7-2731-493A-8876-C81FACBCF1F4}.Cms2Production|Any CPU.Build.0 = Cms2Production|Any CPU
		{947CFEF7-2731-493A-8876-C81FACBCF1F4}.Cms2Production|Itanium.ActiveCfg = Cms2Production|x86
		{947CFEF7-2731-493A-8876-C81FACBCF1F4}.Cms2Production|Mixed Platforms.ActiveCfg = Cms2Production|x86
		{947CFEF7-2731-493A-8876-C81FACBCF1F4}.Cms2Production|Mixed Platforms.Build.0 = Cms2Production|x86
		{947CFEF7-2731-493A-8876-C81FACBCF1F4}.Cms2Production|x86.ActiveCfg = Cms2Production|x86
		{947CFEF7-2731-493A-8876-C81FACBCF1F4}.Cms2Production|x86.Build.0 = Cms2Production|x86
		{947CFEF7-2731-493A-8876-C81FACBCF1F4}.CmsTest|Any CPU.ActiveCfg = CmsTest|Any CPU
		{947CFEF7-2731-493A-8876-C81FACBCF1F4}.CmsTest|Any CPU.Build.0 = CmsTest|Any CPU
		{947CFEF7-2731-493A-8876-C81FACBCF1F4}.CmsTest|Itanium.ActiveCfg = CmsTest|x86
		{947CFEF7-2731-493A-8876-C81FACBCF1F4}.CmsTest|Mixed Platforms.ActiveCfg = CmsTest|x86
		{947CFEF7-2731-493A-8876-C81FACBCF1F4}.CmsTest|Mixed Platforms.Build.0 = CmsTest|x86
		{947CFEF7-2731-493A-8876-C81FACBCF1F4}.CmsTest|x86.ActiveCfg = CmsTest|x86
		{947CFEF7-2731-493A-8876-C81FACBCF1F4}.CmsTest|x86.Build.0 = CmsTest|x86
		{947CFEF7-2731-493A-8876-C81FACBCF1F4}.CmsWebProduction|Any CPU.ActiveCfg = CmsWebProduction|Any CPU
		{947CFEF7-2731-493A-8876-C81FACBCF1F4}.CmsWebProduction|Any CPU.Build.0 = CmsWebProduction|Any CPU
		{947CFEF7-2731-493A-8876-C81FACBCF1F4}.CmsWebProduction|Itanium.ActiveCfg = CmsWebProduction|x86
		{947CFEF7-2731-493A-8876-C81FACBCF1F4}.CmsWebProduction|Mixed Platforms.ActiveCfg = CmsWebProduction|x86
		{947CFEF7-2731-493A-8876-C81FACBCF1F4}.CmsWebProduction|Mixed Platforms.Build.0 = CmsWebProduction|x86
		{947CFEF7-2731-493A-8876-C81FACBCF1F4}.CmsWebProduction|x86.ActiveCfg = CmsWebProduction|x86
		{947CFEF7-2731-493A-8876-C81FACBCF1F4}.CmsWebProduction|x86.Build.0 = CmsWebProduction|x86
		{947CFEF7-2731-493A-8876-C81FACBCF1F4}.Debug|Any CPU.ActiveCfg = Debug|Any CPU
		{947CFEF7-2731-493A-8876-C81FACBCF1F4}.Debug|Any CPU.Build.0 = Debug|Any CPU
		{947CFEF7-2731-493A-8876-C81FACBCF1F4}.Debug|Itanium.ActiveCfg = Debug|x86
		{947CFEF7-2731-493A-8876-C81FACBCF1F4}.Debug|Mixed Platforms.ActiveCfg = Debug|x86
		{947CFEF7-2731-493A-8876-C81FACBCF1F4}.Debug|Mixed Platforms.Build.0 = Debug|x86
		{947CFEF7-2731-493A-8876-C81FACBCF1F4}.Debug|x86.ActiveCfg = Debug|Any CPU
		{947CFEF7-2731-493A-8876-C81FACBCF1F4}.Debug|x86.Build.0 = Debug|Any CPU
		{947CFEF7-2731-493A-8876-C81FACBCF1F4}.Default|Any CPU.ActiveCfg = Debug|x86
		{947CFEF7-2731-493A-8876-C81FACBCF1F4}.Default|Itanium.ActiveCfg = Debug|x86
		{947CFEF7-2731-493A-8876-C81FACBCF1F4}.Default|Mixed Platforms.ActiveCfg = Debug|x86
		{947CFEF7-2731-493A-8876-C81FACBCF1F4}.Default|Mixed Platforms.Build.0 = Debug|x86
		{947CFEF7-2731-493A-8876-C81FACBCF1F4}.Default|x86.ActiveCfg = Debug|x86
		{947CFEF7-2731-493A-8876-C81FACBCF1F4}.Default|x86.Build.0 = Debug|x86
		{947CFEF7-2731-493A-8876-C81FACBCF1F4}.Release|Any CPU.ActiveCfg = Release|Any CPU
		{947CFEF7-2731-493A-8876-C81FACBCF1F4}.Release|Any CPU.Build.0 = Release|Any CPU
		{947CFEF7-2731-493A-8876-C81FACBCF1F4}.Release|Itanium.ActiveCfg = Release|x86
		{947CFEF7-2731-493A-8876-C81FACBCF1F4}.Release|Mixed Platforms.ActiveCfg = Release|x86
		{947CFEF7-2731-493A-8876-C81FACBCF1F4}.Release|Mixed Platforms.Build.0 = Release|x86
		{947CFEF7-2731-493A-8876-C81FACBCF1F4}.Release|x86.ActiveCfg = Release|x86
		{947CFEF7-2731-493A-8876-C81FACBCF1F4}.Release|x86.Build.0 = Release|x86
		{512DA381-E81B-4121-B978-FC850EC88353}.BVCMSProduction|Any CPU.ActiveCfg = BVCMSProduction|Any CPU
		{512DA381-E81B-4121-B978-FC850EC88353}.BVCMSProduction|Any CPU.Build.0 = BVCMSProduction|Any CPU
		{512DA381-E81B-4121-B978-FC850EC88353}.BVCMSProduction|Itanium.ActiveCfg = BVCMSProduction|Any CPU
		{512DA381-E81B-4121-B978-FC850EC88353}.BVCMSProduction|Mixed Platforms.ActiveCfg = BVCMSProduction|Any CPU
		{512DA381-E81B-4121-B978-FC850EC88353}.BVCMSProduction|Mixed Platforms.Build.0 = BVCMSProduction|Any CPU
		{512DA381-E81B-4121-B978-FC850EC88353}.BVCMSProduction|x86.ActiveCfg = BVCMSProduction|Any CPU
		{512DA381-E81B-4121-B978-FC850EC88353}.Cms2Production|Any CPU.ActiveCfg = Cms2Production|Any CPU
		{512DA381-E81B-4121-B978-FC850EC88353}.Cms2Production|Any CPU.Build.0 = Cms2Production|Any CPU
		{512DA381-E81B-4121-B978-FC850EC88353}.Cms2Production|Itanium.ActiveCfg = Cms2Production|Any CPU
		{512DA381-E81B-4121-B978-FC850EC88353}.Cms2Production|Mixed Platforms.ActiveCfg = Cms2Production|Any CPU
		{512DA381-E81B-4121-B978-FC850EC88353}.Cms2Production|Mixed Platforms.Build.0 = Cms2Production|Any CPU
		{512DA381-E81B-4121-B978-FC850EC88353}.Cms2Production|x86.ActiveCfg = Cms2Production|Any CPU
		{512DA381-E81B-4121-B978-FC850EC88353}.CmsTest|Any CPU.ActiveCfg = CmsTest|Any CPU
		{512DA381-E81B-4121-B978-FC850EC88353}.CmsTest|Any CPU.Build.0 = CmsTest|Any CPU
		{512DA381-E81B-4121-B978-FC850EC88353}.CmsTest|Itanium.ActiveCfg = CmsTest|Any CPU
		{512DA381-E81B-4121-B978-FC850EC88353}.CmsTest|Mixed Platforms.ActiveCfg = CmsTest|Any CPU
		{512DA381-E81B-4121-B978-FC850EC88353}.CmsTest|Mixed Platforms.Build.0 = CmsTest|Any CPU
		{512DA381-E81B-4121-B978-FC850EC88353}.CmsTest|x86.ActiveCfg = CmsTest|Any CPU
		{512DA381-E81B-4121-B978-FC850EC88353}.CmsWebProduction|Any CPU.ActiveCfg = CmsWebProduction|Any CPU
		{512DA381-E81B-4121-B978-FC850EC88353}.CmsWebProduction|Any CPU.Build.0 = CmsWebProduction|Any CPU
		{512DA381-E81B-4121-B978-FC850EC88353}.CmsWebProduction|Itanium.ActiveCfg = CmsWebProduction|Any CPU
		{512DA381-E81B-4121-B978-FC850EC88353}.CmsWebProduction|Mixed Platforms.ActiveCfg = CmsWebProduction|Any CPU
		{512DA381-E81B-4121-B978-FC850EC88353}.CmsWebProduction|Mixed Platforms.Build.0 = CmsWebProduction|Any CPU
		{512DA381-E81B-4121-B978-FC850EC88353}.CmsWebProduction|x86.ActiveCfg = CmsWebProduction|Any CPU
		{512DA381-E81B-4121-B978-FC850EC88353}.Debug|Any CPU.ActiveCfg = Debug|Any CPU
		{512DA381-E81B-4121-B978-FC850EC88353}.Debug|Any CPU.Build.0 = Debug|Any CPU
		{512DA381-E81B-4121-B978-FC850EC88353}.Debug|Itanium.ActiveCfg = Debug|Any CPU
		{512DA381-E81B-4121-B978-FC850EC88353}.Debug|Mixed Platforms.ActiveCfg = Debug|Any CPU
		{512DA381-E81B-4121-B978-FC850EC88353}.Debug|Mixed Platforms.Build.0 = Debug|Any CPU
		{512DA381-E81B-4121-B978-FC850EC88353}.Debug|x86.ActiveCfg = Debug|Any CPU
		{512DA381-E81B-4121-B978-FC850EC88353}.Default|Any CPU.ActiveCfg = Debug|Any CPU
		{512DA381-E81B-4121-B978-FC850EC88353}.Default|Any CPU.Build.0 = Debug|Any CPU
		{512DA381-E81B-4121-B978-FC850EC88353}.Default|Itanium.ActiveCfg = Debug|Any CPU
		{512DA381-E81B-4121-B978-FC850EC88353}.Default|Mixed Platforms.ActiveCfg = Debug|Any CPU
		{512DA381-E81B-4121-B978-FC850EC88353}.Default|Mixed Platforms.Build.0 = Debug|Any CPU
		{512DA381-E81B-4121-B978-FC850EC88353}.Default|x86.ActiveCfg = Debug|Any CPU
		{512DA381-E81B-4121-B978-FC850EC88353}.Release|Any CPU.ActiveCfg = Release|Any CPU
		{512DA381-E81B-4121-B978-FC850EC88353}.Release|Any CPU.Build.0 = Release|Any CPU
		{512DA381-E81B-4121-B978-FC850EC88353}.Release|Itanium.ActiveCfg = Release|Any CPU
		{512DA381-E81B-4121-B978-FC850EC88353}.Release|Mixed Platforms.ActiveCfg = Release|Any CPU
		{512DA381-E81B-4121-B978-FC850EC88353}.Release|Mixed Platforms.Build.0 = Release|Any CPU
		{512DA381-E81B-4121-B978-FC850EC88353}.Release|x86.ActiveCfg = Release|Any CPU
		{98AEE43C-4226-49E7-BD46-C1A85467ECED}.BVCMSProduction|Any CPU.ActiveCfg = BVCMSProduction|Any CPU
		{98AEE43C-4226-49E7-BD46-C1A85467ECED}.BVCMSProduction|Any CPU.Build.0 = BVCMSProduction|Any CPU
		{98AEE43C-4226-49E7-BD46-C1A85467ECED}.BVCMSProduction|Itanium.ActiveCfg = BVCMSProduction|x86
		{98AEE43C-4226-49E7-BD46-C1A85467ECED}.BVCMSProduction|Mixed Platforms.ActiveCfg = BVCMSProduction|x86
		{98AEE43C-4226-49E7-BD46-C1A85467ECED}.BVCMSProduction|Mixed Platforms.Build.0 = BVCMSProduction|x86
		{98AEE43C-4226-49E7-BD46-C1A85467ECED}.BVCMSProduction|x86.ActiveCfg = BVCMSProduction|x86
		{98AEE43C-4226-49E7-BD46-C1A85467ECED}.BVCMSProduction|x86.Build.0 = BVCMSProduction|x86
		{98AEE43C-4226-49E7-BD46-C1A85467ECED}.Cms2Production|Any CPU.ActiveCfg = Cms2Production|Any CPU
		{98AEE43C-4226-49E7-BD46-C1A85467ECED}.Cms2Production|Any CPU.Build.0 = Cms2Production|Any CPU
		{98AEE43C-4226-49E7-BD46-C1A85467ECED}.Cms2Production|Itanium.ActiveCfg = BVCMSProduction|x86
		{98AEE43C-4226-49E7-BD46-C1A85467ECED}.Cms2Production|Mixed Platforms.ActiveCfg = Cms2Production|x86
		{98AEE43C-4226-49E7-BD46-C1A85467ECED}.Cms2Production|Mixed Platforms.Build.0 = Cms2Production|x86
		{98AEE43C-4226-49E7-BD46-C1A85467ECED}.Cms2Production|x86.ActiveCfg = BVCMSProduction|x86
		{98AEE43C-4226-49E7-BD46-C1A85467ECED}.Cms2Production|x86.Build.0 = BVCMSProduction|x86
		{98AEE43C-4226-49E7-BD46-C1A85467ECED}.CmsTest|Any CPU.ActiveCfg = CmsTest|Any CPU
		{98AEE43C-4226-49E7-BD46-C1A85467ECED}.CmsTest|Any CPU.Build.0 = CmsTest|Any CPU
		{98AEE43C-4226-49E7-BD46-C1A85467ECED}.CmsTest|Itanium.ActiveCfg = BVCMSProduction|x86
		{98AEE43C-4226-49E7-BD46-C1A85467ECED}.CmsTest|Mixed Platforms.ActiveCfg = CmsTest|x86
		{98AEE43C-4226-49E7-BD46-C1A85467ECED}.CmsTest|Mixed Platforms.Build.0 = CmsTest|x86
		{98AEE43C-4226-49E7-BD46-C1A85467ECED}.CmsTest|x86.ActiveCfg = BVCMSProduction|x86
		{98AEE43C-4226-49E7-BD46-C1A85467ECED}.CmsTest|x86.Build.0 = BVCMSProduction|x86
		{98AEE43C-4226-49E7-BD46-C1A85467ECED}.CmsWebProduction|Any CPU.ActiveCfg = CmsWebProduction|Any CPU
		{98AEE43C-4226-49E7-BD46-C1A85467ECED}.CmsWebProduction|Itanium.ActiveCfg = BVCMSProduction|x86
		{98AEE43C-4226-49E7-BD46-C1A85467ECED}.CmsWebProduction|Mixed Platforms.ActiveCfg = CmsWebProduction|x86
		{98AEE43C-4226-49E7-BD46-C1A85467ECED}.CmsWebProduction|Mixed Platforms.Build.0 = CmsWebProduction|x86
		{98AEE43C-4226-49E7-BD46-C1A85467ECED}.CmsWebProduction|x86.ActiveCfg = BVCMSProduction|x86
		{98AEE43C-4226-49E7-BD46-C1A85467ECED}.CmsWebProduction|x86.Build.0 = BVCMSProduction|x86
		{98AEE43C-4226-49E7-BD46-C1A85467ECED}.Debug|Any CPU.ActiveCfg = Debug|Any CPU
		{98AEE43C-4226-49E7-BD46-C1A85467ECED}.Debug|Any CPU.Build.0 = Debug|Any CPU
		{98AEE43C-4226-49E7-BD46-C1A85467ECED}.Debug|Itanium.ActiveCfg = Debug|x86
		{98AEE43C-4226-49E7-BD46-C1A85467ECED}.Debug|Mixed Platforms.ActiveCfg = Debug|x86
		{98AEE43C-4226-49E7-BD46-C1A85467ECED}.Debug|Mixed Platforms.Build.0 = Debug|x86
		{98AEE43C-4226-49E7-BD46-C1A85467ECED}.Debug|x86.ActiveCfg = Debug|Any CPU
		{98AEE43C-4226-49E7-BD46-C1A85467ECED}.Debug|x86.Build.0 = Debug|Any CPU
		{98AEE43C-4226-49E7-BD46-C1A85467ECED}.Default|Any CPU.ActiveCfg = Debug|x86
		{98AEE43C-4226-49E7-BD46-C1A85467ECED}.Default|Itanium.ActiveCfg = Debug|x86
		{98AEE43C-4226-49E7-BD46-C1A85467ECED}.Default|Mixed Platforms.ActiveCfg = Debug|x86
		{98AEE43C-4226-49E7-BD46-C1A85467ECED}.Default|Mixed Platforms.Build.0 = Debug|x86
		{98AEE43C-4226-49E7-BD46-C1A85467ECED}.Default|x86.ActiveCfg = Debug|x86
		{98AEE43C-4226-49E7-BD46-C1A85467ECED}.Default|x86.Build.0 = Debug|x86
		{98AEE43C-4226-49E7-BD46-C1A85467ECED}.Release|Any CPU.ActiveCfg = Release|Any CPU
		{98AEE43C-4226-49E7-BD46-C1A85467ECED}.Release|Any CPU.Build.0 = Release|Any CPU
		{98AEE43C-4226-49E7-BD46-C1A85467ECED}.Release|Itanium.ActiveCfg = Release|x86
		{98AEE43C-4226-49E7-BD46-C1A85467ECED}.Release|Mixed Platforms.ActiveCfg = Release|x86
		{98AEE43C-4226-49E7-BD46-C1A85467ECED}.Release|Mixed Platforms.Build.0 = Release|x86
		{98AEE43C-4226-49E7-BD46-C1A85467ECED}.Release|x86.ActiveCfg = Release|x86
		{98AEE43C-4226-49E7-BD46-C1A85467ECED}.Release|x86.Build.0 = Release|x86
		{FC942D51-94B5-456B-9683-0BA000A1EAF4}.BVCMSProduction|Any CPU.ActiveCfg = BVCMSProduction|Any CPU
		{FC942D51-94B5-456B-9683-0BA000A1EAF4}.BVCMSProduction|Any CPU.Build.0 = BVCMSProduction|Any CPU
		{FC942D51-94B5-456B-9683-0BA000A1EAF4}.BVCMSProduction|Itanium.ActiveCfg = BVCMSProduction|Any CPU
		{FC942D51-94B5-456B-9683-0BA000A1EAF4}.BVCMSProduction|Mixed Platforms.ActiveCfg = BVCMSProduction|Any CPU
		{FC942D51-94B5-456B-9683-0BA000A1EAF4}.BVCMSProduction|Mixed Platforms.Build.0 = BVCMSProduction|Any CPU
		{FC942D51-94B5-456B-9683-0BA000A1EAF4}.BVCMSProduction|x86.ActiveCfg = BVCMSProduction|Any CPU
		{FC942D51-94B5-456B-9683-0BA000A1EAF4}.Cms2Production|Any CPU.ActiveCfg = Cms2Production|Any CPU
		{FC942D51-94B5-456B-9683-0BA000A1EAF4}.Cms2Production|Any CPU.Build.0 = Cms2Production|Any CPU
		{FC942D51-94B5-456B-9683-0BA000A1EAF4}.Cms2Production|Itanium.ActiveCfg = Cms2Production|Any CPU
		{FC942D51-94B5-456B-9683-0BA000A1EAF4}.Cms2Production|Mixed Platforms.ActiveCfg = Cms2Production|Any CPU
		{FC942D51-94B5-456B-9683-0BA000A1EAF4}.Cms2Production|Mixed Platforms.Build.0 = Cms2Production|Any CPU
		{FC942D51-94B5-456B-9683-0BA000A1EAF4}.Cms2Production|x86.ActiveCfg = Cms2Production|Any CPU
		{FC942D51-94B5-456B-9683-0BA000A1EAF4}.CmsTest|Any CPU.ActiveCfg = CmsTest|Any CPU
		{FC942D51-94B5-456B-9683-0BA000A1EAF4}.CmsTest|Any CPU.Build.0 = CmsTest|Any CPU
		{FC942D51-94B5-456B-9683-0BA000A1EAF4}.CmsTest|Itanium.ActiveCfg = CmsTest|Any CPU
		{FC942D51-94B5-456B-9683-0BA000A1EAF4}.CmsTest|Mixed Platforms.ActiveCfg = CmsTest|Any CPU
		{FC942D51-94B5-456B-9683-0BA000A1EAF4}.CmsTest|Mixed Platforms.Build.0 = CmsTest|Any CPU
		{FC942D51-94B5-456B-9683-0BA000A1EAF4}.CmsTest|x86.ActiveCfg = CmsTest|Any CPU
		{FC942D51-94B5-456B-9683-0BA000A1EAF4}.CmsWebProduction|Any CPU.ActiveCfg = CmsWebProduction|Any CPU
		{FC942D51-94B5-456B-9683-0BA000A1EAF4}.CmsWebProduction|Any CPU.Build.0 = CmsWebProduction|Any CPU
		{FC942D51-94B5-456B-9683-0BA000A1EAF4}.CmsWebProduction|Itanium.ActiveCfg = CmsWebProduction|Any CPU
		{FC942D51-94B5-456B-9683-0BA000A1EAF4}.CmsWebProduction|Mixed Platforms.ActiveCfg = CmsWebProduction|Any CPU
		{FC942D51-94B5-456B-9683-0BA000A1EAF4}.CmsWebProduction|Mixed Platforms.Build.0 = CmsWebProduction|Any CPU
		{FC942D51-94B5-456B-9683-0BA000A1EAF4}.CmsWebProduction|x86.ActiveCfg = CmsWebProduction|Any CPU
		{FC942D51-94B5-456B-9683-0BA000A1EAF4}.Debug|Any CPU.ActiveCfg = Debug|Any CPU
		{FC942D51-94B5-456B-9683-0BA000A1EAF4}.Debug|Any CPU.Build.0 = Debug|Any CPU
		{FC942D51-94B5-456B-9683-0BA000A1EAF4}.Debug|Itanium.ActiveCfg = Debug|Any CPU
		{FC942D51-94B5-456B-9683-0BA000A1EAF4}.Debug|Mixed Platforms.ActiveCfg = Debug|Any CPU
		{FC942D51-94B5-456B-9683-0BA000A1EAF4}.Debug|Mixed Platforms.Build.0 = Debug|Any CPU
		{FC942D51-94B5-456B-9683-0BA000A1EAF4}.Debug|x86.ActiveCfg = Debug|Any CPU
		{FC942D51-94B5-456B-9683-0BA000A1EAF4}.Default|Any CPU.ActiveCfg = Debug|Any CPU
		{FC942D51-94B5-456B-9683-0BA000A1EAF4}.Default|Any CPU.Build.0 = Debug|Any CPU
		{FC942D51-94B5-456B-9683-0BA000A1EAF4}.Default|Itanium.ActiveCfg = Debug|Any CPU
		{FC942D51-94B5-456B-9683-0BA000A1EAF4}.Default|Mixed Platforms.ActiveCfg = Debug|Any CPU
		{FC942D51-94B5-456B-9683-0BA000A1EAF4}.Default|Mixed Platforms.Build.0 = Debug|Any CPU
		{FC942D51-94B5-456B-9683-0BA000A1EAF4}.Default|x86.ActiveCfg = Debug|Any CPU
		{FC942D51-94B5-456B-9683-0BA000A1EAF4}.Release|Any CPU.ActiveCfg = Release|Any CPU
		{FC942D51-94B5-456B-9683-0BA000A1EAF4}.Release|Any CPU.Build.0 = Release|Any CPU
		{FC942D51-94B5-456B-9683-0BA000A1EAF4}.Release|Itanium.ActiveCfg = Release|Any CPU
		{FC942D51-94B5-456B-9683-0BA000A1EAF4}.Release|Mixed Platforms.ActiveCfg = Release|Any CPU
		{FC942D51-94B5-456B-9683-0BA000A1EAF4}.Release|Mixed Platforms.Build.0 = Release|Any CPU
		{FC942D51-94B5-456B-9683-0BA000A1EAF4}.Release|x86.ActiveCfg = Release|Any CPU
		{6F00AEE1-5D32-4ACF-9B58-D3B3D12A3D04}.BVCMSProduction|Any CPU.ActiveCfg = BVCMSProduction|Any CPU
		{6F00AEE1-5D32-4ACF-9B58-D3B3D12A3D04}.BVCMSProduction|Any CPU.Build.0 = BVCMSProduction|Any CPU
		{6F00AEE1-5D32-4ACF-9B58-D3B3D12A3D04}.BVCMSProduction|Itanium.ActiveCfg = BVCMSProduction|Any CPU
		{6F00AEE1-5D32-4ACF-9B58-D3B3D12A3D04}.BVCMSProduction|Mixed Platforms.ActiveCfg = BVCMSProduction|Any CPU
		{6F00AEE1-5D32-4ACF-9B58-D3B3D12A3D04}.BVCMSProduction|Mixed Platforms.Build.0 = BVCMSProduction|Any CPU
		{6F00AEE1-5D32-4ACF-9B58-D3B3D12A3D04}.BVCMSProduction|x86.ActiveCfg = BVCMSProduction|Any CPU
		{6F00AEE1-5D32-4ACF-9B58-D3B3D12A3D04}.Cms2Production|Any CPU.ActiveCfg = Cms2Production|Any CPU
		{6F00AEE1-5D32-4ACF-9B58-D3B3D12A3D04}.Cms2Production|Any CPU.Build.0 = Cms2Production|Any CPU
		{6F00AEE1-5D32-4ACF-9B58-D3B3D12A3D04}.Cms2Production|Itanium.ActiveCfg = Cms2Production|Any CPU
		{6F00AEE1-5D32-4ACF-9B58-D3B3D12A3D04}.Cms2Production|Mixed Platforms.ActiveCfg = Cms2Production|Any CPU
		{6F00AEE1-5D32-4ACF-9B58-D3B3D12A3D04}.Cms2Production|Mixed Platforms.Build.0 = Cms2Production|Any CPU
		{6F00AEE1-5D32-4ACF-9B58-D3B3D12A3D04}.Cms2Production|x86.ActiveCfg = Cms2Production|Any CPU
		{6F00AEE1-5D32-4ACF-9B58-D3B3D12A3D04}.CmsTest|Any CPU.ActiveCfg = CmsTest|Any CPU
		{6F00AEE1-5D32-4ACF-9B58-D3B3D12A3D04}.CmsTest|Any CPU.Build.0 = CmsTest|Any CPU
		{6F00AEE1-5D32-4ACF-9B58-D3B3D12A3D04}.CmsTest|Itanium.ActiveCfg = CmsTest|Any CPU
		{6F00AEE1-5D32-4ACF-9B58-D3B3D12A3D04}.CmsTest|Mixed Platforms.ActiveCfg = CmsTest|Any CPU
		{6F00AEE1-5D32-4ACF-9B58-D3B3D12A3D04}.CmsTest|Mixed Platforms.Build.0 = CmsTest|Any CPU
		{6F00AEE1-5D32-4ACF-9B58-D3B3D12A3D04}.CmsTest|x86.ActiveCfg = CmsTest|Any CPU
		{6F00AEE1-5D32-4ACF-9B58-D3B3D12A3D04}.CmsWebProduction|Any CPU.ActiveCfg = CmsWebProduction|Any CPU
		{6F00AEE1-5D32-4ACF-9B58-D3B3D12A3D04}.CmsWebProduction|Any CPU.Build.0 = CmsWebProduction|Any CPU
		{6F00AEE1-5D32-4ACF-9B58-D3B3D12A3D04}.CmsWebProduction|Itanium.ActiveCfg = CmsWebProduction|Any CPU
		{6F00AEE1-5D32-4ACF-9B58-D3B3D12A3D04}.CmsWebProduction|Mixed Platforms.ActiveCfg = CmsWebProduction|Any CPU
		{6F00AEE1-5D32-4ACF-9B58-D3B3D12A3D04}.CmsWebProduction|Mixed Platforms.Build.0 = CmsWebProduction|Any CPU
		{6F00AEE1-5D32-4ACF-9B58-D3B3D12A3D04}.CmsWebProduction|x86.ActiveCfg = CmsWebProduction|Any CPU
		{6F00AEE1-5D32-4ACF-9B58-D3B3D12A3D04}.Debug|Any CPU.ActiveCfg = Debug|Any CPU
		{6F00AEE1-5D32-4ACF-9B58-D3B3D12A3D04}.Debug|Any CPU.Build.0 = Debug|Any CPU
		{6F00AEE1-5D32-4ACF-9B58-D3B3D12A3D04}.Debug|Itanium.ActiveCfg = Debug|Any CPU
		{6F00AEE1-5D32-4ACF-9B58-D3B3D12A3D04}.Debug|Mixed Platforms.ActiveCfg = Debug|Any CPU
		{6F00AEE1-5D32-4ACF-9B58-D3B3D12A3D04}.Debug|Mixed Platforms.Build.0 = Debug|Any CPU
		{6F00AEE1-5D32-4ACF-9B58-D3B3D12A3D04}.Debug|x86.ActiveCfg = Debug|Any CPU
		{6F00AEE1-5D32-4ACF-9B58-D3B3D12A3D04}.Default|Any CPU.ActiveCfg = Debug|Any CPU
		{6F00AEE1-5D32-4ACF-9B58-D3B3D12A3D04}.Default|Any CPU.Build.0 = Debug|Any CPU
		{6F00AEE1-5D32-4ACF-9B58-D3B3D12A3D04}.Default|Itanium.ActiveCfg = Debug|Any CPU
		{6F00AEE1-5D32-4ACF-9B58-D3B3D12A3D04}.Default|Mixed Platforms.ActiveCfg = Debug|Any CPU
		{6F00AEE1-5D32-4ACF-9B58-D3B3D12A3D04}.Default|Mixed Platforms.Build.0 = Debug|Any CPU
		{6F00AEE1-5D32-4ACF-9B58-D3B3D12A3D04}.Default|x86.ActiveCfg = Debug|Any CPU
		{6F00AEE1-5D32-4ACF-9B58-D3B3D12A3D04}.Release|Any CPU.ActiveCfg = Release|Any CPU
		{6F00AEE1-5D32-4ACF-9B58-D3B3D12A3D04}.Release|Any CPU.Build.0 = Release|Any CPU
		{6F00AEE1-5D32-4ACF-9B58-D3B3D12A3D04}.Release|Itanium.ActiveCfg = Release|Any CPU
		{6F00AEE1-5D32-4ACF-9B58-D3B3D12A3D04}.Release|Mixed Platforms.ActiveCfg = Release|Any CPU
		{6F00AEE1-5D32-4ACF-9B58-D3B3D12A3D04}.Release|Mixed Platforms.Build.0 = Release|Any CPU
		{6F00AEE1-5D32-4ACF-9B58-D3B3D12A3D04}.Release|x86.ActiveCfg = Release|Any CPU
	EndGlobalSection
	GlobalSection(SolutionProperties) = preSolution
		HideSolutionNode = FALSE
	EndGlobalSection
EndGlobal
