
Microsoft Visual Studio Solution File, Format Version 12.00
# Visual Studio 2010
Project("{FAE04EC0-301F-11D3-BF4B-00C04F79EFBC}") = "CMSWeb", "CmsWeb\CMSWeb.csproj", "{FC942D51-94B5-456B-9683-0BA000A1EAF4}"
EndProject
Project("{FAE04EC0-301F-11D3-BF4B-00C04F79EFBC}") = "CmsCheckin", "CmsCheckin\CmsCheckin.csproj", "{6F00AEE1-5D32-4ACF-9B58-D3B3D12A3D04}"
EndProject
Project("{FAE04EC0-301F-11D3-BF4B-00C04F79EFBC}") = "CmsData", "CmsData\CmsData.csproj", "{98AEE43C-4226-49E7-BD46-C1A85467ECED}"
EndProject
Project("{FAE04EC0-301F-11D3-BF4B-00C04F79EFBC}") = "UtilityExtensions", "UtilityExtensions\UtilityExtensions.csproj", "{C504E3D2-5498-451B-BF82-309623706F11}"
EndProject
Project("{FAE04EC0-301F-11D3-BF4B-00C04F79EFBC}") = "CustomControls", "WebControls\CustomControls.csproj", "{E6957022-E83C-4FE9-94FC-6E9F8ADEB68C}"
EndProject
Project("{FAE04EC0-301F-11D3-BF4B-00C04F79EFBC}") = "ImageData", "ImageData\ImageData.csproj", "{512DA381-E81B-4121-B978-FC850EC88353}"
EndProject
Project("{FAE04EC0-301F-11D3-BF4B-00C04F79EFBC}") = "CmsPresenter", "CmsPresenter\CmsPresenter.csproj", "{947CFEF7-2731-493A-8876-C81FACBCF1F4}"
EndProject
Project("{54435603-DBB4-11D2-8724-00A0C9A8B90C}") = "CmsCheckinSetup", "CmsCheckinSetup\CmsCheckinSetup.vdproj", "{44D4B51D-427B-468E-B7AE-522E45CC53CC}"
EndProject
Project("{FAE04EC0-301F-11D3-BF4B-00C04F79EFBC}") = "CmsDataSqlClr", "CmsDataSqlClr\CmsDataSqlClr.csproj", "{354A293B-48FC-4383-A86E-07C1B0AE8906}"
EndProject
Global
	GlobalSection(SolutionConfigurationPlatforms) = preSolution
		bvcms|Any CPU = bvcms|Any CPU
		bvcms|Itanium = bvcms|Itanium
		bvcms|Mixed Platforms = bvcms|Mixed Platforms
		bvcms|x86 = bvcms|x86
		bvcms2|Any CPU = bvcms2|Any CPU
		bvcms2|Itanium = bvcms2|Itanium
		bvcms2|Mixed Platforms = bvcms2|Mixed Platforms
		bvcms2|x86 = bvcms2|x86
		Debug|Any CPU = Debug|Any CPU
		Debug|Itanium = Debug|Itanium
		Debug|Mixed Platforms = Debug|Mixed Platforms
		Debug|x86 = Debug|x86
		Default|Any CPU = Default|Any CPU
		Default|Itanium = Default|Itanium
		Default|Mixed Platforms = Default|Mixed Platforms
		Default|x86 = Default|x86
		Release|Any CPU = Release|Any CPU
		Release|Itanium = Release|Itanium
		Release|Mixed Platforms = Release|Mixed Platforms
		Release|x86 = Release|x86
		test|Any CPU = test|Any CPU
		test|Itanium = test|Itanium
		test|Mixed Platforms = test|Mixed Platforms
		test|x86 = test|x86
	EndGlobalSection
	GlobalSection(ProjectConfigurationPlatforms) = postSolution
		{FC942D51-94B5-456B-9683-0BA000A1EAF4}.bvcms|Any CPU.ActiveCfg = bvcms|Any CPU
		{FC942D51-94B5-456B-9683-0BA000A1EAF4}.bvcms|Any CPU.Build.0 = bvcms|Any CPU
		{FC942D51-94B5-456B-9683-0BA000A1EAF4}.bvcms|Itanium.ActiveCfg = bvcms|Any CPU
		{FC942D51-94B5-456B-9683-0BA000A1EAF4}.bvcms|Mixed Platforms.ActiveCfg = bvcms|Any CPU
		{FC942D51-94B5-456B-9683-0BA000A1EAF4}.bvcms|Mixed Platforms.Build.0 = bvcms|Any CPU
		{FC942D51-94B5-456B-9683-0BA000A1EAF4}.bvcms|x86.ActiveCfg = bvcms|Any CPU
		{FC942D51-94B5-456B-9683-0BA000A1EAF4}.bvcms2|Any CPU.ActiveCfg = bvcms2|Any CPU
		{FC942D51-94B5-456B-9683-0BA000A1EAF4}.bvcms2|Any CPU.Build.0 = bvcms2|Any CPU
		{FC942D51-94B5-456B-9683-0BA000A1EAF4}.bvcms2|Itanium.ActiveCfg = bvcms2|Any CPU
		{FC942D51-94B5-456B-9683-0BA000A1EAF4}.bvcms2|Mixed Platforms.ActiveCfg = bvcms2|Any CPU
		{FC942D51-94B5-456B-9683-0BA000A1EAF4}.bvcms2|Mixed Platforms.Build.0 = bvcms2|Any CPU
		{FC942D51-94B5-456B-9683-0BA000A1EAF4}.bvcms2|x86.ActiveCfg = bvcms2|Any CPU
		{FC942D51-94B5-456B-9683-0BA000A1EAF4}.Debug|Any CPU.ActiveCfg = Debug|Any CPU
		{FC942D51-94B5-456B-9683-0BA000A1EAF4}.Debug|Any CPU.Build.0 = Debug|Any CPU
		{FC942D51-94B5-456B-9683-0BA000A1EAF4}.Debug|Itanium.ActiveCfg = Debug|Any CPU
		{FC942D51-94B5-456B-9683-0BA000A1EAF4}.Debug|Mixed Platforms.ActiveCfg = Debug|Any CPU
		{FC942D51-94B5-456B-9683-0BA000A1EAF4}.Debug|Mixed Platforms.Build.0 = Debug|Any CPU
		{FC942D51-94B5-456B-9683-0BA000A1EAF4}.Debug|x86.ActiveCfg = Debug|Any CPU
		{FC942D51-94B5-456B-9683-0BA000A1EAF4}.Default|Any CPU.ActiveCfg = Debug|Any CPU
		{FC942D51-94B5-456B-9683-0BA000A1EAF4}.Default|Any CPU.Build.0 = Debug|Any CPU
		{FC942D51-94B5-456B-9683-0BA000A1EAF4}.Default|Itanium.ActiveCfg = Debug|Any CPU
		{FC942D51-94B5-456B-9683-0BA000A1EAF4}.Default|Mixed Platforms.ActiveCfg = Debug|Any CPU
		{FC942D51-94B5-456B-9683-0BA000A1EAF4}.Default|Mixed Platforms.Build.0 = Debug|Any CPU
		{FC942D51-94B5-456B-9683-0BA000A1EAF4}.Default|x86.ActiveCfg = Debug|Any CPU
		{FC942D51-94B5-456B-9683-0BA000A1EAF4}.Release|Any CPU.ActiveCfg = Release|Any CPU
		{FC942D51-94B5-456B-9683-0BA000A1EAF4}.Release|Any CPU.Build.0 = Release|Any CPU
		{FC942D51-94B5-456B-9683-0BA000A1EAF4}.Release|Itanium.ActiveCfg = Release|Any CPU
		{FC942D51-94B5-456B-9683-0BA000A1EAF4}.Release|Mixed Platforms.ActiveCfg = Release|Any CPU
		{FC942D51-94B5-456B-9683-0BA000A1EAF4}.Release|Mixed Platforms.Build.0 = Release|Any CPU
		{FC942D51-94B5-456B-9683-0BA000A1EAF4}.Release|x86.ActiveCfg = Release|Any CPU
		{FC942D51-94B5-456B-9683-0BA000A1EAF4}.test|Any CPU.ActiveCfg = test|Any CPU
		{FC942D51-94B5-456B-9683-0BA000A1EAF4}.test|Any CPU.Build.0 = test|Any CPU
		{FC942D51-94B5-456B-9683-0BA000A1EAF4}.test|Itanium.ActiveCfg = test|Any CPU
		{FC942D51-94B5-456B-9683-0BA000A1EAF4}.test|Mixed Platforms.ActiveCfg = test|Any CPU
		{FC942D51-94B5-456B-9683-0BA000A1EAF4}.test|Mixed Platforms.Build.0 = test|Any CPU
		{FC942D51-94B5-456B-9683-0BA000A1EAF4}.test|x86.ActiveCfg = test|Any CPU
		{6F00AEE1-5D32-4ACF-9B58-D3B3D12A3D04}.bvcms|Any CPU.ActiveCfg = bvcms|Any CPU
		{6F00AEE1-5D32-4ACF-9B58-D3B3D12A3D04}.bvcms|Any CPU.Build.0 = bvcms|Any CPU
		{6F00AEE1-5D32-4ACF-9B58-D3B3D12A3D04}.bvcms|Itanium.ActiveCfg = bvcms|Any CPU
		{6F00AEE1-5D32-4ACF-9B58-D3B3D12A3D04}.bvcms|Mixed Platforms.ActiveCfg = bvcms|Any CPU
		{6F00AEE1-5D32-4ACF-9B58-D3B3D12A3D04}.bvcms|Mixed Platforms.Build.0 = bvcms|Any CPU
		{6F00AEE1-5D32-4ACF-9B58-D3B3D12A3D04}.bvcms|x86.ActiveCfg = bvcms|Any CPU
		{6F00AEE1-5D32-4ACF-9B58-D3B3D12A3D04}.bvcms2|Any CPU.ActiveCfg = bvcms2|Any CPU
		{6F00AEE1-5D32-4ACF-9B58-D3B3D12A3D04}.bvcms2|Any CPU.Build.0 = bvcms2|Any CPU
		{6F00AEE1-5D32-4ACF-9B58-D3B3D12A3D04}.bvcms2|Itanium.ActiveCfg = bvcms2|Any CPU
		{6F00AEE1-5D32-4ACF-9B58-D3B3D12A3D04}.bvcms2|Mixed Platforms.ActiveCfg = bvcms2|Any CPU
		{6F00AEE1-5D32-4ACF-9B58-D3B3D12A3D04}.bvcms2|Mixed Platforms.Build.0 = bvcms2|Any CPU
		{6F00AEE1-5D32-4ACF-9B58-D3B3D12A3D04}.bvcms2|x86.ActiveCfg = bvcms2|Any CPU
		{6F00AEE1-5D32-4ACF-9B58-D3B3D12A3D04}.Debug|Any CPU.ActiveCfg = Debug|Any CPU
		{6F00AEE1-5D32-4ACF-9B58-D3B3D12A3D04}.Debug|Any CPU.Build.0 = Debug|Any CPU
		{6F00AEE1-5D32-4ACF-9B58-D3B3D12A3D04}.Debug|Itanium.ActiveCfg = Debug|Any CPU
		{6F00AEE1-5D32-4ACF-9B58-D3B3D12A3D04}.Debug|Mixed Platforms.ActiveCfg = Debug|Any CPU
		{6F00AEE1-5D32-4ACF-9B58-D3B3D12A3D04}.Debug|x86.ActiveCfg = Debug|Any CPU
		{6F00AEE1-5D32-4ACF-9B58-D3B3D12A3D04}.Default|Any CPU.ActiveCfg = Debug|Any CPU
		{6F00AEE1-5D32-4ACF-9B58-D3B3D12A3D04}.Default|Any CPU.Build.0 = Debug|Any CPU
		{6F00AEE1-5D32-4ACF-9B58-D3B3D12A3D04}.Default|Itanium.ActiveCfg = Debug|Any CPU
		{6F00AEE1-5D32-4ACF-9B58-D3B3D12A3D04}.Default|Mixed Platforms.ActiveCfg = Debug|Any CPU
		{6F00AEE1-5D32-4ACF-9B58-D3B3D12A3D04}.Default|Mixed Platforms.Build.0 = Debug|Any CPU
		{6F00AEE1-5D32-4ACF-9B58-D3B3D12A3D04}.Default|x86.ActiveCfg = Debug|Any CPU
		{6F00AEE1-5D32-4ACF-9B58-D3B3D12A3D04}.Release|Any CPU.ActiveCfg = Release|Any CPU
		{6F00AEE1-5D32-4ACF-9B58-D3B3D12A3D04}.Release|Any CPU.Build.0 = Release|Any CPU
		{6F00AEE1-5D32-4ACF-9B58-D3B3D12A3D04}.Release|Itanium.ActiveCfg = Release|Any CPU
		{6F00AEE1-5D32-4ACF-9B58-D3B3D12A3D04}.Release|Mixed Platforms.ActiveCfg = Release|Any CPU
		{6F00AEE1-5D32-4ACF-9B58-D3B3D12A3D04}.Release|Mixed Platforms.Build.0 = Release|Any CPU
		{6F00AEE1-5D32-4ACF-9B58-D3B3D12A3D04}.Release|x86.ActiveCfg = Release|Any CPU
		{6F00AEE1-5D32-4ACF-9B58-D3B3D12A3D04}.test|Any CPU.ActiveCfg = test|Any CPU
		{6F00AEE1-5D32-4ACF-9B58-D3B3D12A3D04}.test|Any CPU.Build.0 = test|Any CPU
		{6F00AEE1-5D32-4ACF-9B58-D3B3D12A3D04}.test|Itanium.ActiveCfg = test|Any CPU
		{6F00AEE1-5D32-4ACF-9B58-D3B3D12A3D04}.test|Mixed Platforms.ActiveCfg = test|Any CPU
		{6F00AEE1-5D32-4ACF-9B58-D3B3D12A3D04}.test|Mixed Platforms.Build.0 = test|Any CPU
		{6F00AEE1-5D32-4ACF-9B58-D3B3D12A3D04}.test|x86.ActiveCfg = test|Any CPU
		{98AEE43C-4226-49E7-BD46-C1A85467ECED}.bvcms|Any CPU.ActiveCfg = bvcms|Any CPU
		{98AEE43C-4226-49E7-BD46-C1A85467ECED}.bvcms|Any CPU.Build.0 = bvcms|Any CPU
		{98AEE43C-4226-49E7-BD46-C1A85467ECED}.bvcms|Itanium.ActiveCfg = bvcms|x86
		{98AEE43C-4226-49E7-BD46-C1A85467ECED}.bvcms|Mixed Platforms.ActiveCfg = bvcms|x86
		{98AEE43C-4226-49E7-BD46-C1A85467ECED}.bvcms|Mixed Platforms.Build.0 = bvcms|x86
		{98AEE43C-4226-49E7-BD46-C1A85467ECED}.bvcms|x86.ActiveCfg = bvcms|x86
		{98AEE43C-4226-49E7-BD46-C1A85467ECED}.bvcms|x86.Build.0 = bvcms|x86
		{98AEE43C-4226-49E7-BD46-C1A85467ECED}.bvcms2|Any CPU.ActiveCfg = bvcms2|Any CPU
		{98AEE43C-4226-49E7-BD46-C1A85467ECED}.bvcms2|Any CPU.Build.0 = bvcms2|Any CPU
		{98AEE43C-4226-49E7-BD46-C1A85467ECED}.bvcms2|Itanium.ActiveCfg = bvcms2|x86
		{98AEE43C-4226-49E7-BD46-C1A85467ECED}.bvcms2|Mixed Platforms.ActiveCfg = bvcms2|Any CPU
		{98AEE43C-4226-49E7-BD46-C1A85467ECED}.bvcms2|Mixed Platforms.Build.0 = bvcms2|Any CPU
		{98AEE43C-4226-49E7-BD46-C1A85467ECED}.bvcms2|x86.ActiveCfg = bvcms2|x86
		{98AEE43C-4226-49E7-BD46-C1A85467ECED}.bvcms2|x86.Build.0 = bvcms2|x86
		{98AEE43C-4226-49E7-BD46-C1A85467ECED}.Debug|Any CPU.ActiveCfg = Debug|Any CPU
		{98AEE43C-4226-49E7-BD46-C1A85467ECED}.Debug|Any CPU.Build.0 = Debug|Any CPU
		{98AEE43C-4226-49E7-BD46-C1A85467ECED}.Debug|Itanium.ActiveCfg = Debug|x86
		{98AEE43C-4226-49E7-BD46-C1A85467ECED}.Debug|Mixed Platforms.ActiveCfg = Debug|Any CPU
		{98AEE43C-4226-49E7-BD46-C1A85467ECED}.Debug|Mixed Platforms.Build.0 = Debug|Any CPU
		{98AEE43C-4226-49E7-BD46-C1A85467ECED}.Debug|x86.ActiveCfg = Debug|x86
		{98AEE43C-4226-49E7-BD46-C1A85467ECED}.Debug|x86.Build.0 = Debug|x86
		{98AEE43C-4226-49E7-BD46-C1A85467ECED}.Default|Any CPU.ActiveCfg = Debug|x86
		{98AEE43C-4226-49E7-BD46-C1A85467ECED}.Default|Itanium.ActiveCfg = Debug|x86
		{98AEE43C-4226-49E7-BD46-C1A85467ECED}.Default|Mixed Platforms.ActiveCfg = Debug|x86
		{98AEE43C-4226-49E7-BD46-C1A85467ECED}.Default|Mixed Platforms.Build.0 = Debug|x86
		{98AEE43C-4226-49E7-BD46-C1A85467ECED}.Default|x86.ActiveCfg = Debug|x86
		{98AEE43C-4226-49E7-BD46-C1A85467ECED}.Default|x86.Build.0 = Debug|x86
		{98AEE43C-4226-49E7-BD46-C1A85467ECED}.Release|Any CPU.ActiveCfg = Release|Any CPU
		{98AEE43C-4226-49E7-BD46-C1A85467ECED}.Release|Any CPU.Build.0 = Release|Any CPU
		{98AEE43C-4226-49E7-BD46-C1A85467ECED}.Release|Itanium.ActiveCfg = Release|x86
		{98AEE43C-4226-49E7-BD46-C1A85467ECED}.Release|Mixed Platforms.ActiveCfg = Release|x86
		{98AEE43C-4226-49E7-BD46-C1A85467ECED}.Release|Mixed Platforms.Build.0 = Release|x86
		{98AEE43C-4226-49E7-BD46-C1A85467ECED}.Release|x86.ActiveCfg = Release|x86
		{98AEE43C-4226-49E7-BD46-C1A85467ECED}.Release|x86.Build.0 = Release|x86
		{98AEE43C-4226-49E7-BD46-C1A85467ECED}.test|Any CPU.ActiveCfg = test|Any CPU
		{98AEE43C-4226-49E7-BD46-C1A85467ECED}.test|Any CPU.Build.0 = test|Any CPU
		{98AEE43C-4226-49E7-BD46-C1A85467ECED}.test|Itanium.ActiveCfg = test|x86
		{98AEE43C-4226-49E7-BD46-C1A85467ECED}.test|Mixed Platforms.ActiveCfg = test|x86
		{98AEE43C-4226-49E7-BD46-C1A85467ECED}.test|Mixed Platforms.Build.0 = test|x86
		{98AEE43C-4226-49E7-BD46-C1A85467ECED}.test|x86.ActiveCfg = test|x86
		{98AEE43C-4226-49E7-BD46-C1A85467ECED}.test|x86.Build.0 = test|x86
		{C504E3D2-5498-451B-BF82-309623706F11}.bvcms|Any CPU.ActiveCfg = bvcms|Any CPU
		{C504E3D2-5498-451B-BF82-309623706F11}.bvcms|Any CPU.Build.0 = bvcms|Any CPU
		{C504E3D2-5498-451B-BF82-309623706F11}.bvcms|Itanium.ActiveCfg = bvcms|x86
		{C504E3D2-5498-451B-BF82-309623706F11}.bvcms|Mixed Platforms.ActiveCfg = bvcms|x86
		{C504E3D2-5498-451B-BF82-309623706F11}.bvcms|Mixed Platforms.Build.0 = bvcms|x86
		{C504E3D2-5498-451B-BF82-309623706F11}.bvcms|x86.ActiveCfg = bvcms|x86
		{C504E3D2-5498-451B-BF82-309623706F11}.bvcms|x86.Build.0 = bvcms|x86
		{C504E3D2-5498-451B-BF82-309623706F11}.bvcms2|Any CPU.ActiveCfg = bvcms2|Any CPU
		{C504E3D2-5498-451B-BF82-309623706F11}.bvcms2|Any CPU.Build.0 = bvcms2|Any CPU
		{C504E3D2-5498-451B-BF82-309623706F11}.bvcms2|Itanium.ActiveCfg = bvcms2|x86
		{C504E3D2-5498-451B-BF82-309623706F11}.bvcms2|Mixed Platforms.ActiveCfg = bvcms2|Any CPU
		{C504E3D2-5498-451B-BF82-309623706F11}.bvcms2|Mixed Platforms.Build.0 = bvcms2|Any CPU
		{C504E3D2-5498-451B-BF82-309623706F11}.bvcms2|x86.ActiveCfg = bvcms2|x86
		{C504E3D2-5498-451B-BF82-309623706F11}.bvcms2|x86.Build.0 = bvcms2|x86
		{C504E3D2-5498-451B-BF82-309623706F11}.Debug|Any CPU.ActiveCfg = Debug|Any CPU
		{C504E3D2-5498-451B-BF82-309623706F11}.Debug|Any CPU.Build.0 = Debug|Any CPU
		{C504E3D2-5498-451B-BF82-309623706F11}.Debug|Itanium.ActiveCfg = Debug|x86
		{C504E3D2-5498-451B-BF82-309623706F11}.Debug|Mixed Platforms.ActiveCfg = Debug|Any CPU
		{C504E3D2-5498-451B-BF82-309623706F11}.Debug|Mixed Platforms.Build.0 = Debug|Any CPU
		{C504E3D2-5498-451B-BF82-309623706F11}.Debug|x86.ActiveCfg = Debug|x86
		{C504E3D2-5498-451B-BF82-309623706F11}.Debug|x86.Build.0 = Debug|x86
		{C504E3D2-5498-451B-BF82-309623706F11}.Default|Any CPU.ActiveCfg = Debug|x86
		{C504E3D2-5498-451B-BF82-309623706F11}.Default|Itanium.ActiveCfg = Debug|x86
		{C504E3D2-5498-451B-BF82-309623706F11}.Default|Mixed Platforms.ActiveCfg = Debug|x86
		{C504E3D2-5498-451B-BF82-309623706F11}.Default|Mixed Platforms.Build.0 = Debug|x86
		{C504E3D2-5498-451B-BF82-309623706F11}.Default|x86.ActiveCfg = Debug|x86
		{C504E3D2-5498-451B-BF82-309623706F11}.Default|x86.Build.0 = Debug|x86
		{C504E3D2-5498-451B-BF82-309623706F11}.Release|Any CPU.ActiveCfg = Release|Any CPU
		{C504E3D2-5498-451B-BF82-309623706F11}.Release|Any CPU.Build.0 = Release|Any CPU
		{C504E3D2-5498-451B-BF82-309623706F11}.Release|Itanium.ActiveCfg = Release|x86
		{C504E3D2-5498-451B-BF82-309623706F11}.Release|Mixed Platforms.ActiveCfg = Release|x86
		{C504E3D2-5498-451B-BF82-309623706F11}.Release|Mixed Platforms.Build.0 = Release|x86
		{C504E3D2-5498-451B-BF82-309623706F11}.Release|x86.ActiveCfg = Release|x86
		{C504E3D2-5498-451B-BF82-309623706F11}.Release|x86.Build.0 = Release|x86
		{C504E3D2-5498-451B-BF82-309623706F11}.test|Any CPU.ActiveCfg = test|Any CPU
		{C504E3D2-5498-451B-BF82-309623706F11}.test|Any CPU.Build.0 = test|Any CPU
		{C504E3D2-5498-451B-BF82-309623706F11}.test|Itanium.ActiveCfg = test|x86
		{C504E3D2-5498-451B-BF82-309623706F11}.test|Mixed Platforms.ActiveCfg = test|x86
		{C504E3D2-5498-451B-BF82-309623706F11}.test|Mixed Platforms.Build.0 = test|x86
		{C504E3D2-5498-451B-BF82-309623706F11}.test|x86.ActiveCfg = test|x86
		{C504E3D2-5498-451B-BF82-309623706F11}.test|x86.Build.0 = test|x86
		{E6957022-E83C-4FE9-94FC-6E9F8ADEB68C}.bvcms|Any CPU.ActiveCfg = bvcms|Any CPU
		{E6957022-E83C-4FE9-94FC-6E9F8ADEB68C}.bvcms|Any CPU.Build.0 = bvcms|Any CPU
		{E6957022-E83C-4FE9-94FC-6E9F8ADEB68C}.bvcms|Itanium.ActiveCfg = bvcms|x86
		{E6957022-E83C-4FE9-94FC-6E9F8ADEB68C}.bvcms|Mixed Platforms.ActiveCfg = bvcms|x86
		{E6957022-E83C-4FE9-94FC-6E9F8ADEB68C}.bvcms|Mixed Platforms.Build.0 = bvcms|x86
		{E6957022-E83C-4FE9-94FC-6E9F8ADEB68C}.bvcms|x86.ActiveCfg = bvcms|x86
		{E6957022-E83C-4FE9-94FC-6E9F8ADEB68C}.bvcms|x86.Build.0 = bvcms|x86
		{E6957022-E83C-4FE9-94FC-6E9F8ADEB68C}.bvcms2|Any CPU.ActiveCfg = bvcms2|Any CPU
		{E6957022-E83C-4FE9-94FC-6E9F8ADEB68C}.bvcms2|Any CPU.Build.0 = bvcms2|Any CPU
		{E6957022-E83C-4FE9-94FC-6E9F8ADEB68C}.bvcms2|Itanium.ActiveCfg = bvcms2|x86
		{E6957022-E83C-4FE9-94FC-6E9F8ADEB68C}.bvcms2|Mixed Platforms.ActiveCfg = bvcms2|Any CPU
		{E6957022-E83C-4FE9-94FC-6E9F8ADEB68C}.bvcms2|Mixed Platforms.Build.0 = bvcms2|Any CPU
		{E6957022-E83C-4FE9-94FC-6E9F8ADEB68C}.bvcms2|x86.ActiveCfg = bvcms2|x86
		{E6957022-E83C-4FE9-94FC-6E9F8ADEB68C}.bvcms2|x86.Build.0 = bvcms2|x86
		{E6957022-E83C-4FE9-94FC-6E9F8ADEB68C}.Debug|Any CPU.ActiveCfg = Debug|Any CPU
		{E6957022-E83C-4FE9-94FC-6E9F8ADEB68C}.Debug|Any CPU.Build.0 = Debug|Any CPU
		{E6957022-E83C-4FE9-94FC-6E9F8ADEB68C}.Debug|Itanium.ActiveCfg = Debug|x86
		{E6957022-E83C-4FE9-94FC-6E9F8ADEB68C}.Debug|Mixed Platforms.ActiveCfg = Debug|Any CPU
		{E6957022-E83C-4FE9-94FC-6E9F8ADEB68C}.Debug|Mixed Platforms.Build.0 = Debug|Any CPU
		{E6957022-E83C-4FE9-94FC-6E9F8ADEB68C}.Debug|x86.ActiveCfg = Debug|x86
		{E6957022-E83C-4FE9-94FC-6E9F8ADEB68C}.Debug|x86.Build.0 = Debug|x86
		{E6957022-E83C-4FE9-94FC-6E9F8ADEB68C}.Default|Any CPU.ActiveCfg = Debug|x86
		{E6957022-E83C-4FE9-94FC-6E9F8ADEB68C}.Default|Itanium.ActiveCfg = Debug|x86
		{E6957022-E83C-4FE9-94FC-6E9F8ADEB68C}.Default|Mixed Platforms.ActiveCfg = Debug|x86
		{E6957022-E83C-4FE9-94FC-6E9F8ADEB68C}.Default|Mixed Platforms.Build.0 = Debug|x86
		{E6957022-E83C-4FE9-94FC-6E9F8ADEB68C}.Default|x86.ActiveCfg = Debug|x86
		{E6957022-E83C-4FE9-94FC-6E9F8ADEB68C}.Default|x86.Build.0 = Debug|x86
		{E6957022-E83C-4FE9-94FC-6E9F8ADEB68C}.Release|Any CPU.ActiveCfg = Release|Any CPU
		{E6957022-E83C-4FE9-94FC-6E9F8ADEB68C}.Release|Any CPU.Build.0 = Release|Any CPU
		{E6957022-E83C-4FE9-94FC-6E9F8ADEB68C}.Release|Itanium.ActiveCfg = Release|x86
		{E6957022-E83C-4FE9-94FC-6E9F8ADEB68C}.Release|Mixed Platforms.ActiveCfg = Release|x86
		{E6957022-E83C-4FE9-94FC-6E9F8ADEB68C}.Release|Mixed Platforms.Build.0 = Release|x86
		{E6957022-E83C-4FE9-94FC-6E9F8ADEB68C}.Release|x86.ActiveCfg = Release|x86
		{E6957022-E83C-4FE9-94FC-6E9F8ADEB68C}.Release|x86.Build.0 = Release|x86
		{E6957022-E83C-4FE9-94FC-6E9F8ADEB68C}.test|Any CPU.ActiveCfg = test|Any CPU
		{E6957022-E83C-4FE9-94FC-6E9F8ADEB68C}.test|Any CPU.Build.0 = test|Any CPU
		{E6957022-E83C-4FE9-94FC-6E9F8ADEB68C}.test|Itanium.ActiveCfg = test|x86
		{E6957022-E83C-4FE9-94FC-6E9F8ADEB68C}.test|Mixed Platforms.ActiveCfg = test|x86
		{E6957022-E83C-4FE9-94FC-6E9F8ADEB68C}.test|Mixed Platforms.Build.0 = test|x86
		{E6957022-E83C-4FE9-94FC-6E9F8ADEB68C}.test|x86.ActiveCfg = test|x86
		{E6957022-E83C-4FE9-94FC-6E9F8ADEB68C}.test|x86.Build.0 = test|x86
		{512DA381-E81B-4121-B978-FC850EC88353}.bvcms|Any CPU.ActiveCfg = bvcms|Any CPU
		{512DA381-E81B-4121-B978-FC850EC88353}.bvcms|Any CPU.Build.0 = bvcms|Any CPU
		{512DA381-E81B-4121-B978-FC850EC88353}.bvcms|Itanium.ActiveCfg = bvcms|Any CPU
		{512DA381-E81B-4121-B978-FC850EC88353}.bvcms|Mixed Platforms.ActiveCfg = bvcms|Any CPU
		{512DA381-E81B-4121-B978-FC850EC88353}.bvcms|Mixed Platforms.Build.0 = bvcms|Any CPU
		{512DA381-E81B-4121-B978-FC850EC88353}.bvcms|x86.ActiveCfg = bvcms|Any CPU
		{512DA381-E81B-4121-B978-FC850EC88353}.bvcms2|Any CPU.ActiveCfg = bvcms2|Any CPU
		{512DA381-E81B-4121-B978-FC850EC88353}.bvcms2|Any CPU.Build.0 = bvcms2|Any CPU
		{512DA381-E81B-4121-B978-FC850EC88353}.bvcms2|Itanium.ActiveCfg = bvcms2|Any CPU
		{512DA381-E81B-4121-B978-FC850EC88353}.bvcms2|Mixed Platforms.ActiveCfg = bvcms2|Any CPU
		{512DA381-E81B-4121-B978-FC850EC88353}.bvcms2|Mixed Platforms.Build.0 = bvcms2|Any CPU
		{512DA381-E81B-4121-B978-FC850EC88353}.bvcms2|x86.ActiveCfg = bvcms2|Any CPU
		{512DA381-E81B-4121-B978-FC850EC88353}.Debug|Any CPU.ActiveCfg = Debug|Any CPU
		{512DA381-E81B-4121-B978-FC850EC88353}.Debug|Any CPU.Build.0 = Debug|Any CPU
		{512DA381-E81B-4121-B978-FC850EC88353}.Debug|Itanium.ActiveCfg = Debug|Any CPU
		{512DA381-E81B-4121-B978-FC850EC88353}.Debug|Mixed Platforms.ActiveCfg = Debug|Any CPU
		{512DA381-E81B-4121-B978-FC850EC88353}.Debug|Mixed Platforms.Build.0 = Debug|Any CPU
		{512DA381-E81B-4121-B978-FC850EC88353}.Debug|x86.ActiveCfg = Debug|Any CPU
		{512DA381-E81B-4121-B978-FC850EC88353}.Default|Any CPU.ActiveCfg = Debug|Any CPU
		{512DA381-E81B-4121-B978-FC850EC88353}.Default|Any CPU.Build.0 = Debug|Any CPU
		{512DA381-E81B-4121-B978-FC850EC88353}.Default|Itanium.ActiveCfg = Debug|Any CPU
		{512DA381-E81B-4121-B978-FC850EC88353}.Default|Mixed Platforms.ActiveCfg = Debug|Any CPU
		{512DA381-E81B-4121-B978-FC850EC88353}.Default|Mixed Platforms.Build.0 = Debug|Any CPU
		{512DA381-E81B-4121-B978-FC850EC88353}.Default|x86.ActiveCfg = Debug|Any CPU
		{512DA381-E81B-4121-B978-FC850EC88353}.Release|Any CPU.ActiveCfg = Release|Any CPU
		{512DA381-E81B-4121-B978-FC850EC88353}.Release|Any CPU.Build.0 = Release|Any CPU
		{512DA381-E81B-4121-B978-FC850EC88353}.Release|Itanium.ActiveCfg = Release|Any CPU
		{512DA381-E81B-4121-B978-FC850EC88353}.Release|Mixed Platforms.ActiveCfg = Release|Any CPU
		{512DA381-E81B-4121-B978-FC850EC88353}.Release|Mixed Platforms.Build.0 = Release|Any CPU
		{512DA381-E81B-4121-B978-FC850EC88353}.Release|x86.ActiveCfg = Release|Any CPU
		{512DA381-E81B-4121-B978-FC850EC88353}.test|Any CPU.ActiveCfg = test|Any CPU
		{512DA381-E81B-4121-B978-FC850EC88353}.test|Any CPU.Build.0 = test|Any CPU
		{512DA381-E81B-4121-B978-FC850EC88353}.test|Itanium.ActiveCfg = test|Any CPU
		{512DA381-E81B-4121-B978-FC850EC88353}.test|Mixed Platforms.ActiveCfg = test|Any CPU
		{512DA381-E81B-4121-B978-FC850EC88353}.test|Mixed Platforms.Build.0 = test|Any CPU
		{512DA381-E81B-4121-B978-FC850EC88353}.test|x86.ActiveCfg = test|Any CPU
		{947CFEF7-2731-493A-8876-C81FACBCF1F4}.bvcms|Any CPU.ActiveCfg = bvcms|Any CPU
		{947CFEF7-2731-493A-8876-C81FACBCF1F4}.bvcms|Any CPU.Build.0 = bvcms|Any CPU
		{947CFEF7-2731-493A-8876-C81FACBCF1F4}.bvcms|Itanium.ActiveCfg = bvcms|x86
		{947CFEF7-2731-493A-8876-C81FACBCF1F4}.bvcms|Mixed Platforms.ActiveCfg = bvcms|x86
		{947CFEF7-2731-493A-8876-C81FACBCF1F4}.bvcms|Mixed Platforms.Build.0 = bvcms|x86
		{947CFEF7-2731-493A-8876-C81FACBCF1F4}.bvcms|x86.ActiveCfg = bvcms|x86
		{947CFEF7-2731-493A-8876-C81FACBCF1F4}.bvcms|x86.Build.0 = bvcms|x86
		{947CFEF7-2731-493A-8876-C81FACBCF1F4}.bvcms2|Any CPU.ActiveCfg = bvcms2|Any CPU
		{947CFEF7-2731-493A-8876-C81FACBCF1F4}.bvcms2|Any CPU.Build.0 = bvcms2|Any CPU
		{947CFEF7-2731-493A-8876-C81FACBCF1F4}.bvcms2|Itanium.ActiveCfg = bvcms2|x86
		{947CFEF7-2731-493A-8876-C81FACBCF1F4}.bvcms2|Mixed Platforms.ActiveCfg = bvcms2|Any CPU
		{947CFEF7-2731-493A-8876-C81FACBCF1F4}.bvcms2|Mixed Platforms.Build.0 = bvcms2|Any CPU
		{947CFEF7-2731-493A-8876-C81FACBCF1F4}.bvcms2|x86.ActiveCfg = bvcms2|x86
		{947CFEF7-2731-493A-8876-C81FACBCF1F4}.bvcms2|x86.Build.0 = bvcms2|x86
		{947CFEF7-2731-493A-8876-C81FACBCF1F4}.Debug|Any CPU.ActiveCfg = Debug|Any CPU
		{947CFEF7-2731-493A-8876-C81FACBCF1F4}.Debug|Any CPU.Build.0 = Debug|Any CPU
		{947CFEF7-2731-493A-8876-C81FACBCF1F4}.Debug|Itanium.ActiveCfg = Debug|x86
		{947CFEF7-2731-493A-8876-C81FACBCF1F4}.Debug|Mixed Platforms.ActiveCfg = Debug|Any CPU
		{947CFEF7-2731-493A-8876-C81FACBCF1F4}.Debug|Mixed Platforms.Build.0 = Debug|Any CPU
		{947CFEF7-2731-493A-8876-C81FACBCF1F4}.Debug|x86.ActiveCfg = Debug|x86
		{947CFEF7-2731-493A-8876-C81FACBCF1F4}.Debug|x86.Build.0 = Debug|x86
		{947CFEF7-2731-493A-8876-C81FACBCF1F4}.Default|Any CPU.ActiveCfg = Debug|x86
		{947CFEF7-2731-493A-8876-C81FACBCF1F4}.Default|Itanium.ActiveCfg = Debug|x86
		{947CFEF7-2731-493A-8876-C81FACBCF1F4}.Default|Mixed Platforms.ActiveCfg = Debug|x86
		{947CFEF7-2731-493A-8876-C81FACBCF1F4}.Default|Mixed Platforms.Build.0 = Debug|x86
		{947CFEF7-2731-493A-8876-C81FACBCF1F4}.Default|x86.ActiveCfg = Debug|x86
		{947CFEF7-2731-493A-8876-C81FACBCF1F4}.Default|x86.Build.0 = Debug|x86
		{947CFEF7-2731-493A-8876-C81FACBCF1F4}.Release|Any CPU.ActiveCfg = Release|Any CPU
		{947CFEF7-2731-493A-8876-C81FACBCF1F4}.Release|Any CPU.Build.0 = Release|Any CPU
		{947CFEF7-2731-493A-8876-C81FACBCF1F4}.Release|Itanium.ActiveCfg = Release|x86
		{947CFEF7-2731-493A-8876-C81FACBCF1F4}.Release|Mixed Platforms.ActiveCfg = Release|x86
		{947CFEF7-2731-493A-8876-C81FACBCF1F4}.Release|Mixed Platforms.Build.0 = Release|x86
		{947CFEF7-2731-493A-8876-C81FACBCF1F4}.Release|x86.ActiveCfg = Release|x86
		{947CFEF7-2731-493A-8876-C81FACBCF1F4}.Release|x86.Build.0 = Release|x86
		{947CFEF7-2731-493A-8876-C81FACBCF1F4}.test|Any CPU.ActiveCfg = test|Any CPU
		{947CFEF7-2731-493A-8876-C81FACBCF1F4}.test|Any CPU.Build.0 = test|Any CPU
		{947CFEF7-2731-493A-8876-C81FACBCF1F4}.test|Itanium.ActiveCfg = test|x86
		{947CFEF7-2731-493A-8876-C81FACBCF1F4}.test|Mixed Platforms.ActiveCfg = test|x86
		{947CFEF7-2731-493A-8876-C81FACBCF1F4}.test|Mixed Platforms.Build.0 = test|x86
		{947CFEF7-2731-493A-8876-C81FACBCF1F4}.test|x86.ActiveCfg = test|x86
		{947CFEF7-2731-493A-8876-C81FACBCF1F4}.test|x86.Build.0 = test|x86
		{44D4B51D-427B-468E-B7AE-522E45CC53CC}.bvcms|Any CPU.ActiveCfg = bvcms
		{44D4B51D-427B-468E-B7AE-522E45CC53CC}.bvcms|Any CPU.Build.0 = bvcms
		{44D4B51D-427B-468E-B7AE-522E45CC53CC}.bvcms|Itanium.ActiveCfg = bvcms
		{44D4B51D-427B-468E-B7AE-522E45CC53CC}.bvcms|Itanium.Build.0 = bvcms
		{44D4B51D-427B-468E-B7AE-522E45CC53CC}.bvcms|Mixed Platforms.ActiveCfg = bvcms
		{44D4B51D-427B-468E-B7AE-522E45CC53CC}.bvcms|Mixed Platforms.Build.0 = bvcms
		{44D4B51D-427B-468E-B7AE-522E45CC53CC}.bvcms|x86.ActiveCfg = bvcms
		{44D4B51D-427B-468E-B7AE-522E45CC53CC}.bvcms|x86.Build.0 = bvcms
		{44D4B51D-427B-468E-B7AE-522E45CC53CC}.bvcms2|Any CPU.ActiveCfg = bvcms2
		{44D4B51D-427B-468E-B7AE-522E45CC53CC}.bvcms2|Any CPU.Build.0 = bvcms2
		{44D4B51D-427B-468E-B7AE-522E45CC53CC}.bvcms2|Itanium.ActiveCfg = bvcms2
		{44D4B51D-427B-468E-B7AE-522E45CC53CC}.bvcms2|Itanium.Build.0 = bvcms2
		{44D4B51D-427B-468E-B7AE-522E45CC53CC}.bvcms2|Mixed Platforms.ActiveCfg = bvcms2
		{44D4B51D-427B-468E-B7AE-522E45CC53CC}.bvcms2|Mixed Platforms.Build.0 = bvcms2
		{44D4B51D-427B-468E-B7AE-522E45CC53CC}.bvcms2|x86.ActiveCfg = bvcms2
		{44D4B51D-427B-468E-B7AE-522E45CC53CC}.bvcms2|x86.Build.0 = bvcms2
		{44D4B51D-427B-468E-B7AE-522E45CC53CC}.Debug|Any CPU.ActiveCfg = Debug
		{44D4B51D-427B-468E-B7AE-522E45CC53CC}.Debug|Itanium.ActiveCfg = Debug
		{44D4B51D-427B-468E-B7AE-522E45CC53CC}.Debug|Itanium.Build.0 = Debug
		{44D4B51D-427B-468E-B7AE-522E45CC53CC}.Debug|Mixed Platforms.ActiveCfg = Debug
		{44D4B51D-427B-468E-B7AE-522E45CC53CC}.Debug|x86.ActiveCfg = Debug
		{44D4B51D-427B-468E-B7AE-522E45CC53CC}.Debug|x86.Build.0 = Debug
		{44D4B51D-427B-468E-B7AE-522E45CC53CC}.Default|Any CPU.ActiveCfg = Debug
		{44D4B51D-427B-468E-B7AE-522E45CC53CC}.Default|Any CPU.Build.0 = Debug
		{44D4B51D-427B-468E-B7AE-522E45CC53CC}.Default|Itanium.ActiveCfg = Debug
		{44D4B51D-427B-468E-B7AE-522E45CC53CC}.Default|Itanium.Build.0 = Debug
		{44D4B51D-427B-468E-B7AE-522E45CC53CC}.Default|Mixed Platforms.ActiveCfg = Debug
		{44D4B51D-427B-468E-B7AE-522E45CC53CC}.Default|Mixed Platforms.Build.0 = Debug
		{44D4B51D-427B-468E-B7AE-522E45CC53CC}.Default|x86.ActiveCfg = Debug
		{44D4B51D-427B-468E-B7AE-522E45CC53CC}.Default|x86.Build.0 = Debug
		{44D4B51D-427B-468E-B7AE-522E45CC53CC}.Release|Any CPU.ActiveCfg = Release
		{44D4B51D-427B-468E-B7AE-522E45CC53CC}.Release|Any CPU.Build.0 = Release
		{44D4B51D-427B-468E-B7AE-522E45CC53CC}.Release|Itanium.ActiveCfg = Release
		{44D4B51D-427B-468E-B7AE-522E45CC53CC}.Release|Itanium.Build.0 = Release
		{44D4B51D-427B-468E-B7AE-522E45CC53CC}.Release|Mixed Platforms.ActiveCfg = Release
		{44D4B51D-427B-468E-B7AE-522E45CC53CC}.Release|Mixed Platforms.Build.0 = Release
		{44D4B51D-427B-468E-B7AE-522E45CC53CC}.Release|x86.ActiveCfg = Release
		{44D4B51D-427B-468E-B7AE-522E45CC53CC}.Release|x86.Build.0 = Release
		{44D4B51D-427B-468E-B7AE-522E45CC53CC}.test|Any CPU.ActiveCfg = test
		{44D4B51D-427B-468E-B7AE-522E45CC53CC}.test|Any CPU.Build.0 = test
		{44D4B51D-427B-468E-B7AE-522E45CC53CC}.test|Itanium.ActiveCfg = test
		{44D4B51D-427B-468E-B7AE-522E45CC53CC}.test|Itanium.Build.0 = test
		{44D4B51D-427B-468E-B7AE-522E45CC53CC}.test|Mixed Platforms.ActiveCfg = test
		{44D4B51D-427B-468E-B7AE-522E45CC53CC}.test|Mixed Platforms.Build.0 = test
		{44D4B51D-427B-468E-B7AE-522E45CC53CC}.test|x86.ActiveCfg = test
		{44D4B51D-427B-468E-B7AE-522E45CC53CC}.test|x86.Build.0 = test
		{354A293B-48FC-4383-A86E-07C1B0AE8906}.bvcms|Any CPU.ActiveCfg = Release|Any CPU
		{354A293B-48FC-4383-A86E-07C1B0AE8906}.bvcms|Any CPU.Build.0 = Release|Any CPU
		{354A293B-48FC-4383-A86E-07C1B0AE8906}.bvcms|Any CPU.Deploy.0 = Release|Any CPU
		{354A293B-48FC-4383-A86E-07C1B0AE8906}.bvcms|Itanium.ActiveCfg = Release|Any CPU
		{354A293B-48FC-4383-A86E-07C1B0AE8906}.bvcms|Mixed Platforms.ActiveCfg = Release|Any CPU
		{354A293B-48FC-4383-A86E-07C1B0AE8906}.bvcms|Mixed Platforms.Build.0 = Release|Any CPU
		{354A293B-48FC-4383-A86E-07C1B0AE8906}.bvcms|Mixed Platforms.Deploy.0 = Release|Any CPU
		{354A293B-48FC-4383-A86E-07C1B0AE8906}.bvcms|x86.ActiveCfg = Release|Any CPU
		{354A293B-48FC-4383-A86E-07C1B0AE8906}.bvcms2|Any CPU.ActiveCfg = Release|Any CPU
		{354A293B-48FC-4383-A86E-07C1B0AE8906}.bvcms2|Any CPU.Build.0 = Release|Any CPU
		{354A293B-48FC-4383-A86E-07C1B0AE8906}.bvcms2|Any CPU.Deploy.0 = Release|Any CPU
		{354A293B-48FC-4383-A86E-07C1B0AE8906}.bvcms2|Itanium.ActiveCfg = Release|Any CPU
		{354A293B-48FC-4383-A86E-07C1B0AE8906}.bvcms2|Mixed Platforms.ActiveCfg = Release|Any CPU
		{354A293B-48FC-4383-A86E-07C1B0AE8906}.bvcms2|x86.ActiveCfg = Release|Any CPU
		{354A293B-48FC-4383-A86E-07C1B0AE8906}.Debug|Any CPU.ActiveCfg = Debug|Any CPU
		{354A293B-48FC-4383-A86E-07C1B0AE8906}.Debug|Any CPU.Build.0 = Debug|Any CPU
		{354A293B-48FC-4383-A86E-07C1B0AE8906}.Debug|Any CPU.Deploy.0 = Debug|Any CPU
		{354A293B-48FC-4383-A86E-07C1B0AE8906}.Debug|Itanium.ActiveCfg = Debug|Any CPU
		{354A293B-48FC-4383-A86E-07C1B0AE8906}.Debug|Mixed Platforms.ActiveCfg = Debug|Any CPU
		{354A293B-48FC-4383-A86E-07C1B0AE8906}.Debug|x86.ActiveCfg = Debug|Any CPU
		{354A293B-48FC-4383-A86E-07C1B0AE8906}.Default|Any CPU.ActiveCfg = Debug|Any CPU
		{354A293B-48FC-4383-A86E-07C1B0AE8906}.Default|Any CPU.Build.0 = Debug|Any CPU
		{354A293B-48FC-4383-A86E-07C1B0AE8906}.Default|Any CPU.Deploy.0 = Debug|Any CPU
		{354A293B-48FC-4383-A86E-07C1B0AE8906}.Default|Itanium.ActiveCfg = Debug|Any CPU
		{354A293B-48FC-4383-A86E-07C1B0AE8906}.Default|Mixed Platforms.ActiveCfg = Debug|Any CPU
		{354A293B-48FC-4383-A86E-07C1B0AE8906}.Default|Mixed Platforms.Build.0 = Debug|Any CPU
		{354A293B-48FC-4383-A86E-07C1B0AE8906}.Default|Mixed Platforms.Deploy.0 = Debug|Any CPU
		{354A293B-48FC-4383-A86E-07C1B0AE8906}.Default|x86.ActiveCfg = Debug|Any CPU
		{354A293B-48FC-4383-A86E-07C1B0AE8906}.Release|Any CPU.ActiveCfg = Release|Any CPU
		{354A293B-48FC-4383-A86E-07C1B0AE8906}.Release|Any CPU.Build.0 = Release|Any CPU
		{354A293B-48FC-4383-A86E-07C1B0AE8906}.Release|Any CPU.Deploy.0 = Release|Any CPU
		{354A293B-48FC-4383-A86E-07C1B0AE8906}.Release|Itanium.ActiveCfg = Release|Any CPU
		{354A293B-48FC-4383-A86E-07C1B0AE8906}.Release|Mixed Platforms.ActiveCfg = Release|Any CPU
		{354A293B-48FC-4383-A86E-07C1B0AE8906}.Release|Mixed Platforms.Build.0 = Release|Any CPU
		{354A293B-48FC-4383-A86E-07C1B0AE8906}.Release|Mixed Platforms.Deploy.0 = Release|Any CPU
		{354A293B-48FC-4383-A86E-07C1B0AE8906}.Release|x86.ActiveCfg = Release|Any CPU
		{354A293B-48FC-4383-A86E-07C1B0AE8906}.test|Any CPU.ActiveCfg = Release|Any CPU
		{354A293B-48FC-4383-A86E-07C1B0AE8906}.test|Any CPU.Build.0 = Release|Any CPU
		{354A293B-48FC-4383-A86E-07C1B0AE8906}.test|Any CPU.Deploy.0 = Release|Any CPU
		{354A293B-48FC-4383-A86E-07C1B0AE8906}.test|Itanium.ActiveCfg = Release|Any CPU
		{354A293B-48FC-4383-A86E-07C1B0AE8906}.test|Mixed Platforms.ActiveCfg = Release|Any CPU
		{354A293B-48FC-4383-A86E-07C1B0AE8906}.test|Mixed Platforms.Build.0 = Release|Any CPU
		{354A293B-48FC-4383-A86E-07C1B0AE8906}.test|Mixed Platforms.Deploy.0 = Release|Any CPU
		{354A293B-48FC-4383-A86E-07C1B0AE8906}.test|x86.ActiveCfg = Release|Any CPU
	EndGlobalSection
	GlobalSection(SolutionProperties) = preSolution
		HideSolutionNode = FALSE
	EndGlobalSection
EndGlobal
