
Microsoft Visual Studio Solution File, Format Version 11.00
# Visual Studio 2010
Project("{FAE04EC0-301F-11D3-BF4B-00C04F79EFBC}") = "CustomControls", "Disciples\WebControls\CustomControls.csproj", "{E6957022-E83C-4FE9-94FC-6E9F8ADEB68C}"
EndProject
Project("{FAE04EC0-301F-11D3-BF4B-00C04F79EFBC}") = "PostPodcast", "Disciples\PostPodcast\PostPodcast.csproj", "{443DDC08-3523-4CD5-B3F5-2B492CF16F08}"
EndProject
Project("{FAE04EC0-301F-11D3-BF4B-00C04F79EFBC}") = "UtilityExtensions", "UtilityExtensions\UtilityExtensions.csproj", "{C504E3D2-5498-451B-BF82-309623706F11}"
EndProject
Project("{FAE04EC0-301F-11D3-BF4B-00C04F79EFBC}") = "Disciples", "Disciples\Disciples\Disciples.csproj", "{0E5939D1-AB17-4262-9559-71FC63401B66}"
EndProject
Project("{FAE04EC0-301F-11D3-BF4B-00C04F79EFBC}") = "CmsData", "CmsData\CmsData.csproj", "{98AEE43C-4226-49E7-BD46-C1A85467ECED}"
EndProject
Global
	GlobalSection(SolutionConfigurationPlatforms) = preSolution
		BVCMSProduction|.NET = BVCMSProduction|.NET
		BVCMSProduction|Any CPU = BVCMSProduction|Any CPU
		BVCMSProduction|Mixed Platforms = BVCMSProduction|Mixed Platforms
		BVCMSProduction|x86 = BVCMSProduction|x86
		CMSTest|.NET = CMSTest|.NET
		CMSTest|Any CPU = CMSTest|Any CPU
		CMSTest|Mixed Platforms = CMSTest|Mixed Platforms
		CMSTest|x86 = CMSTest|x86
		CMSWebProduction|.NET = CMSWebProduction|.NET
		CMSWebProduction|Any CPU = CMSWebProduction|Any CPU
		CMSWebProduction|Mixed Platforms = CMSWebProduction|Mixed Platforms
		CMSWebProduction|x86 = CMSWebProduction|x86
		Debug|.NET = Debug|.NET
		Debug|Any CPU = Debug|Any CPU
		Debug|Mixed Platforms = Debug|Mixed Platforms
		Debug|x86 = Debug|x86
		Release|.NET = Release|.NET
		Release|Any CPU = Release|Any CPU
		Release|Mixed Platforms = Release|Mixed Platforms
		Release|x86 = Release|x86
	EndGlobalSection
	GlobalSection(ProjectConfigurationPlatforms) = postSolution
		{E6957022-E83C-4FE9-94FC-6E9F8ADEB68C}.BVCMSProduction|.NET.ActiveCfg = BVCMSProduction|Any CPU
		{E6957022-E83C-4FE9-94FC-6E9F8ADEB68C}.BVCMSProduction|.NET.Build.0 = BVCMSProduction|Any CPU
		{E6957022-E83C-4FE9-94FC-6E9F8ADEB68C}.BVCMSProduction|Any CPU.ActiveCfg = BVCMSProduction|Any CPU
		{E6957022-E83C-4FE9-94FC-6E9F8ADEB68C}.BVCMSProduction|Any CPU.Build.0 = BVCMSProduction|Any CPU
		{E6957022-E83C-4FE9-94FC-6E9F8ADEB68C}.BVCMSProduction|Mixed Platforms.ActiveCfg = BVCMSProduction|Any CPU
		{E6957022-E83C-4FE9-94FC-6E9F8ADEB68C}.BVCMSProduction|Mixed Platforms.Build.0 = BVCMSProduction|Any CPU
		{E6957022-E83C-4FE9-94FC-6E9F8ADEB68C}.BVCMSProduction|x86.ActiveCfg = BVCMSProduction|Any CPU
		{E6957022-E83C-4FE9-94FC-6E9F8ADEB68C}.CMSTest|.NET.ActiveCfg = CMSTest|Any CPU
		{E6957022-E83C-4FE9-94FC-6E9F8ADEB68C}.CMSTest|Any CPU.ActiveCfg = CMSTest|Any CPU
		{E6957022-E83C-4FE9-94FC-6E9F8ADEB68C}.CMSTest|Any CPU.Build.0 = CMSTest|Any CPU
		{E6957022-E83C-4FE9-94FC-6E9F8ADEB68C}.CMSTest|Mixed Platforms.ActiveCfg = CMSTest|Any CPU
		{E6957022-E83C-4FE9-94FC-6E9F8ADEB68C}.CMSTest|Mixed Platforms.Build.0 = CMSTest|Any CPU
		{E6957022-E83C-4FE9-94FC-6E9F8ADEB68C}.CMSTest|x86.ActiveCfg = CMSTest|Any CPU
		{E6957022-E83C-4FE9-94FC-6E9F8ADEB68C}.CMSWebProduction|.NET.ActiveCfg = CMSWebProduction|Any CPU
		{E6957022-E83C-4FE9-94FC-6E9F8ADEB68C}.CMSWebProduction|Any CPU.ActiveCfg = CMSWebProduction|Any CPU
		{E6957022-E83C-4FE9-94FC-6E9F8ADEB68C}.CMSWebProduction|Any CPU.Build.0 = CMSWebProduction|Any CPU
		{E6957022-E83C-4FE9-94FC-6E9F8ADEB68C}.CMSWebProduction|Mixed Platforms.ActiveCfg = CMSWebProduction|Any CPU
		{E6957022-E83C-4FE9-94FC-6E9F8ADEB68C}.CMSWebProduction|Mixed Platforms.Build.0 = CMSWebProduction|Any CPU
		{E6957022-E83C-4FE9-94FC-6E9F8ADEB68C}.CMSWebProduction|x86.ActiveCfg = CMSWebProduction|Any CPU
		{E6957022-E83C-4FE9-94FC-6E9F8ADEB68C}.Debug|.NET.ActiveCfg = Debug|Any CPU
		{E6957022-E83C-4FE9-94FC-6E9F8ADEB68C}.Debug|.NET.Build.0 = Debug|Any CPU
		{E6957022-E83C-4FE9-94FC-6E9F8ADEB68C}.Debug|Any CPU.ActiveCfg = Debug|Any CPU
		{E6957022-E83C-4FE9-94FC-6E9F8ADEB68C}.Debug|Any CPU.Build.0 = Debug|Any CPU
		{E6957022-E83C-4FE9-94FC-6E9F8ADEB68C}.Debug|Mixed Platforms.ActiveCfg = Debug|Any CPU
		{E6957022-E83C-4FE9-94FC-6E9F8ADEB68C}.Debug|Mixed Platforms.Build.0 = Debug|Any CPU
		{E6957022-E83C-4FE9-94FC-6E9F8ADEB68C}.Debug|x86.ActiveCfg = Debug|Any CPU
		{E6957022-E83C-4FE9-94FC-6E9F8ADEB68C}.Release|.NET.ActiveCfg = Release|Any CPU
		{E6957022-E83C-4FE9-94FC-6E9F8ADEB68C}.Release|Any CPU.ActiveCfg = Release|Any CPU
		{E6957022-E83C-4FE9-94FC-6E9F8ADEB68C}.Release|Any CPU.Build.0 = Release|Any CPU
		{E6957022-E83C-4FE9-94FC-6E9F8ADEB68C}.Release|Mixed Platforms.ActiveCfg = Release|Any CPU
		{E6957022-E83C-4FE9-94FC-6E9F8ADEB68C}.Release|Mixed Platforms.Build.0 = Release|Any CPU
		{E6957022-E83C-4FE9-94FC-6E9F8ADEB68C}.Release|x86.ActiveCfg = Release|Any CPU
		{443DDC08-3523-4CD5-B3F5-2B492CF16F08}.BVCMSProduction|.NET.ActiveCfg = BVCMSProduction|Any CPU
		{443DDC08-3523-4CD5-B3F5-2B492CF16F08}.BVCMSProduction|.NET.Build.0 = BVCMSProduction|Any CPU
		{443DDC08-3523-4CD5-B3F5-2B492CF16F08}.BVCMSProduction|Any CPU.ActiveCfg = BVCMSProduction|Any CPU
		{443DDC08-3523-4CD5-B3F5-2B492CF16F08}.BVCMSProduction|Any CPU.Build.0 = BVCMSProduction|Any CPU
		{443DDC08-3523-4CD5-B3F5-2B492CF16F08}.BVCMSProduction|Mixed Platforms.ActiveCfg = BVCMSProduction|Any CPU
		{443DDC08-3523-4CD5-B3F5-2B492CF16F08}.BVCMSProduction|x86.ActiveCfg = BVCMSProduction|Any CPU
		{443DDC08-3523-4CD5-B3F5-2B492CF16F08}.CMSTest|.NET.ActiveCfg = CMSTest|Any CPU
		{443DDC08-3523-4CD5-B3F5-2B492CF16F08}.CMSTest|Any CPU.ActiveCfg = CMSTest|Any CPU
		{443DDC08-3523-4CD5-B3F5-2B492CF16F08}.CMSTest|Any CPU.Build.0 = CMSTest|Any CPU
		{443DDC08-3523-4CD5-B3F5-2B492CF16F08}.CMSTest|Mixed Platforms.ActiveCfg = CMSTest|Any CPU
		{443DDC08-3523-4CD5-B3F5-2B492CF16F08}.CMSTest|Mixed Platforms.Build.0 = CMSTest|Any CPU
		{443DDC08-3523-4CD5-B3F5-2B492CF16F08}.CMSTest|x86.ActiveCfg = CMSTest|Any CPU
		{443DDC08-3523-4CD5-B3F5-2B492CF16F08}.CMSWebProduction|.NET.ActiveCfg = CMSWebProduction|Any CPU
		{443DDC08-3523-4CD5-B3F5-2B492CF16F08}.CMSWebProduction|Any CPU.ActiveCfg = CMSWebProduction|Any CPU
		{443DDC08-3523-4CD5-B3F5-2B492CF16F08}.CMSWebProduction|Any CPU.Build.0 = CMSWebProduction|Any CPU
		{443DDC08-3523-4CD5-B3F5-2B492CF16F08}.CMSWebProduction|Mixed Platforms.ActiveCfg = CMSWebProduction|Any CPU
		{443DDC08-3523-4CD5-B3F5-2B492CF16F08}.CMSWebProduction|x86.ActiveCfg = CMSWebProduction|Any CPU
		{443DDC08-3523-4CD5-B3F5-2B492CF16F08}.Debug|.NET.ActiveCfg = Debug|Any CPU
		{443DDC08-3523-4CD5-B3F5-2B492CF16F08}.Debug|Any CPU.ActiveCfg = Debug|Any CPU
		{443DDC08-3523-4CD5-B3F5-2B492CF16F08}.Debug|Mixed Platforms.ActiveCfg = Debug|Any CPU
		{443DDC08-3523-4CD5-B3F5-2B492CF16F08}.Debug|x86.ActiveCfg = Debug|Any CPU
		{443DDC08-3523-4CD5-B3F5-2B492CF16F08}.Release|.NET.ActiveCfg = Release|Any CPU
		{443DDC08-3523-4CD5-B3F5-2B492CF16F08}.Release|Any CPU.ActiveCfg = Release|Any CPU
		{443DDC08-3523-4CD5-B3F5-2B492CF16F08}.Release|Mixed Platforms.ActiveCfg = Release|Any CPU
		{443DDC08-3523-4CD5-B3F5-2B492CF16F08}.Release|Mixed Platforms.Build.0 = Release|Any CPU
		{443DDC08-3523-4CD5-B3F5-2B492CF16F08}.Release|x86.ActiveCfg = Release|Any CPU
		{C504E3D2-5498-451B-BF82-309623706F11}.BVCMSProduction|.NET.ActiveCfg = BVCMSProduction|Any CPU
		{C504E3D2-5498-451B-BF82-309623706F11}.BVCMSProduction|.NET.Build.0 = BVCMSProduction|Any CPU
		{C504E3D2-5498-451B-BF82-309623706F11}.BVCMSProduction|Any CPU.ActiveCfg = BVCMSProduction|Any CPU
		{C504E3D2-5498-451B-BF82-309623706F11}.BVCMSProduction|Any CPU.Build.0 = BVCMSProduction|Any CPU
		{C504E3D2-5498-451B-BF82-309623706F11}.BVCMSProduction|Mixed Platforms.ActiveCfg = BVCMSProduction|x86
		{C504E3D2-5498-451B-BF82-309623706F11}.BVCMSProduction|Mixed Platforms.Build.0 = BVCMSProduction|x86
		{C504E3D2-5498-451B-BF82-309623706F11}.BVCMSProduction|x86.ActiveCfg = BVCMSProduction|x86
		{C504E3D2-5498-451B-BF82-309623706F11}.BVCMSProduction|x86.Build.0 = BVCMSProduction|x86
		{C504E3D2-5498-451B-BF82-309623706F11}.CMSTest|.NET.ActiveCfg = CMSTest|Any CPU
		{C504E3D2-5498-451B-BF82-309623706F11}.CMSTest|Any CPU.ActiveCfg = CMSTest|Any CPU
		{C504E3D2-5498-451B-BF82-309623706F11}.CMSTest|Any CPU.Build.0 = CMSTest|Any CPU
		{C504E3D2-5498-451B-BF82-309623706F11}.CMSTest|Mixed Platforms.ActiveCfg = CMSTest|x86
		{C504E3D2-5498-451B-BF82-309623706F11}.CMSTest|Mixed Platforms.Build.0 = CMSTest|x86
		{C504E3D2-5498-451B-BF82-309623706F11}.CMSTest|x86.ActiveCfg = CMSTest|x86
		{C504E3D2-5498-451B-BF82-309623706F11}.CMSTest|x86.Build.0 = CMSTest|x86
		{C504E3D2-5498-451B-BF82-309623706F11}.CMSWebProduction|.NET.ActiveCfg = CMSWebProduction|Any CPU
		{C504E3D2-5498-451B-BF82-309623706F11}.CMSWebProduction|Any CPU.ActiveCfg = CMSWebProduction|Any CPU
		{C504E3D2-5498-451B-BF82-309623706F11}.CMSWebProduction|Any CPU.Build.0 = CMSWebProduction|Any CPU
		{C504E3D2-5498-451B-BF82-309623706F11}.CMSWebProduction|Mixed Platforms.ActiveCfg = CMSWebProduction|x86
		{C504E3D2-5498-451B-BF82-309623706F11}.CMSWebProduction|Mixed Platforms.Build.0 = CMSWebProduction|x86
		{C504E3D2-5498-451B-BF82-309623706F11}.CMSWebProduction|x86.ActiveCfg = CMSWebProduction|x86
		{C504E3D2-5498-451B-BF82-309623706F11}.CMSWebProduction|x86.Build.0 = CMSWebProduction|x86
		{C504E3D2-5498-451B-BF82-309623706F11}.Debug|.NET.ActiveCfg = Debug|Any CPU
		{C504E3D2-5498-451B-BF82-309623706F11}.Debug|.NET.Build.0 = Debug|Any CPU
		{C504E3D2-5498-451B-BF82-309623706F11}.Debug|Any CPU.ActiveCfg = Debug|Any CPU
		{C504E3D2-5498-451B-BF82-309623706F11}.Debug|Any CPU.Build.0 = Debug|Any CPU
		{C504E3D2-5498-451B-BF82-309623706F11}.Debug|Mixed Platforms.ActiveCfg = Debug|Any CPU
		{C504E3D2-5498-451B-BF82-309623706F11}.Debug|Mixed Platforms.Build.0 = Debug|Any CPU
		{C504E3D2-5498-451B-BF82-309623706F11}.Debug|x86.ActiveCfg = Debug|x86
		{C504E3D2-5498-451B-BF82-309623706F11}.Debug|x86.Build.0 = Debug|x86
		{C504E3D2-5498-451B-BF82-309623706F11}.Release|.NET.ActiveCfg = Release|x86
		{C504E3D2-5498-451B-BF82-309623706F11}.Release|Any CPU.ActiveCfg = Release|Any CPU
		{C504E3D2-5498-451B-BF82-309623706F11}.Release|Any CPU.Build.0 = Release|Any CPU
		{C504E3D2-5498-451B-BF82-309623706F11}.Release|Mixed Platforms.ActiveCfg = Release|x86
		{C504E3D2-5498-451B-BF82-309623706F11}.Release|Mixed Platforms.Build.0 = Release|x86
		{C504E3D2-5498-451B-BF82-309623706F11}.Release|x86.ActiveCfg = Release|x86
		{C504E3D2-5498-451B-BF82-309623706F11}.Release|x86.Build.0 = Release|x86
		{0E5939D1-AB17-4262-9559-71FC63401B66}.BVCMSProduction|.NET.ActiveCfg = BVCMSProduction|Any CPU
		{0E5939D1-AB17-4262-9559-71FC63401B66}.BVCMSProduction|.NET.Build.0 = BVCMSProduction|Any CPU
		{0E5939D1-AB17-4262-9559-71FC63401B66}.BVCMSProduction|Any CPU.ActiveCfg = BVCMSProduction|Any CPU
		{0E5939D1-AB17-4262-9559-71FC63401B66}.BVCMSProduction|Any CPU.Build.0 = BVCMSProduction|Any CPU
		{0E5939D1-AB17-4262-9559-71FC63401B66}.BVCMSProduction|Mixed Platforms.ActiveCfg = BVCMSProduction|Any CPU
		{0E5939D1-AB17-4262-9559-71FC63401B66}.BVCMSProduction|Mixed Platforms.Build.0 = BVCMSProduction|Any CPU
		{0E5939D1-AB17-4262-9559-71FC63401B66}.BVCMSProduction|x86.ActiveCfg = BVCMSProduction|Any CPU
		{0E5939D1-AB17-4262-9559-71FC63401B66}.CMSTest|.NET.ActiveCfg = CMSTest|Any CPU
		{0E5939D1-AB17-4262-9559-71FC63401B66}.CMSTest|Any CPU.ActiveCfg = CMSTest|Any CPU
		{0E5939D1-AB17-4262-9559-71FC63401B66}.CMSTest|Any CPU.Build.0 = CMSTest|Any CPU
		{0E5939D1-AB17-4262-9559-71FC63401B66}.CMSTest|Mixed Platforms.ActiveCfg = CMSTest|Any CPU
		{0E5939D1-AB17-4262-9559-71FC63401B66}.CMSTest|Mixed Platforms.Build.0 = CMSTest|Any CPU
		{0E5939D1-AB17-4262-9559-71FC63401B66}.CMSTest|x86.ActiveCfg = CMSTest|Any CPU
		{0E5939D1-AB17-4262-9559-71FC63401B66}.CMSWebProduction|.NET.ActiveCfg = CMSWebProduction|Any CPU
		{0E5939D1-AB17-4262-9559-71FC63401B66}.CMSWebProduction|Any CPU.ActiveCfg = CMSWebProduction|Any CPU
		{0E5939D1-AB17-4262-9559-71FC63401B66}.CMSWebProduction|Any CPU.Build.0 = CMSWebProduction|Any CPU
		{0E5939D1-AB17-4262-9559-71FC63401B66}.CMSWebProduction|Mixed Platforms.ActiveCfg = CMSWebProduction|Any CPU
		{0E5939D1-AB17-4262-9559-71FC63401B66}.CMSWebProduction|Mixed Platforms.Build.0 = CMSWebProduction|Any CPU
		{0E5939D1-AB17-4262-9559-71FC63401B66}.CMSWebProduction|x86.ActiveCfg = CMSWebProduction|Any CPU
		{0E5939D1-AB17-4262-9559-71FC63401B66}.Debug|.NET.ActiveCfg = Debug|Any CPU
		{0E5939D1-AB17-4262-9559-71FC63401B66}.Debug|.NET.Build.0 = Debug|Any CPU
		{0E5939D1-AB17-4262-9559-71FC63401B66}.Debug|Any CPU.ActiveCfg = Debug|Any CPU
		{0E5939D1-AB17-4262-9559-71FC63401B66}.Debug|Any CPU.Build.0 = Debug|Any CPU
		{0E5939D1-AB17-4262-9559-71FC63401B66}.Debug|Mixed Platforms.ActiveCfg = Debug|Any CPU
		{0E5939D1-AB17-4262-9559-71FC63401B66}.Debug|Mixed Platforms.Build.0 = Debug|Any CPU
		{0E5939D1-AB17-4262-9559-71FC63401B66}.Debug|x86.ActiveCfg = Debug|Any CPU
		{0E5939D1-AB17-4262-9559-71FC63401B66}.Release|.NET.ActiveCfg = Release|Any CPU
		{0E5939D1-AB17-4262-9559-71FC63401B66}.Release|Any CPU.ActiveCfg = Release|Any CPU
		{0E5939D1-AB17-4262-9559-71FC63401B66}.Release|Any CPU.Build.0 = Release|Any CPU
		{0E5939D1-AB17-4262-9559-71FC63401B66}.Release|Mixed Platforms.ActiveCfg = Release|Any CPU
		{0E5939D1-AB17-4262-9559-71FC63401B66}.Release|Mixed Platforms.Build.0 = Release|Any CPU
		{0E5939D1-AB17-4262-9559-71FC63401B66}.Release|x86.ActiveCfg = Release|Any CPU
		{98AEE43C-4226-49E7-BD46-C1A85467ECED}.BVCMSProduction|.NET.ActiveCfg = BVCMSProduction|Any CPU
		{98AEE43C-4226-49E7-BD46-C1A85467ECED}.BVCMSProduction|.NET.Build.0 = BVCMSProduction|Any CPU
		{98AEE43C-4226-49E7-BD46-C1A85467ECED}.BVCMSProduction|Any CPU.ActiveCfg = BVCMSProduction|Any CPU
		{98AEE43C-4226-49E7-BD46-C1A85467ECED}.BVCMSProduction|Any CPU.Build.0 = BVCMSProduction|Any CPU
		{98AEE43C-4226-49E7-BD46-C1A85467ECED}.BVCMSProduction|Mixed Platforms.ActiveCfg = BVCMSProduction|x86
		{98AEE43C-4226-49E7-BD46-C1A85467ECED}.BVCMSProduction|Mixed Platforms.Build.0 = BVCMSProduction|x86
		{98AEE43C-4226-49E7-BD46-C1A85467ECED}.BVCMSProduction|x86.ActiveCfg = BVCMSProduction|x86
		{98AEE43C-4226-49E7-BD46-C1A85467ECED}.BVCMSProduction|x86.Build.0 = BVCMSProduction|x86
		{98AEE43C-4226-49E7-BD46-C1A85467ECED}.CMSTest|.NET.ActiveCfg = CMSTest|Any CPU
		{98AEE43C-4226-49E7-BD46-C1A85467ECED}.CMSTest|Any CPU.ActiveCfg = CMSTest|Any CPU
		{98AEE43C-4226-49E7-BD46-C1A85467ECED}.CMSTest|Any CPU.Build.0 = CMSTest|Any CPU
		{98AEE43C-4226-49E7-BD46-C1A85467ECED}.CMSTest|Mixed Platforms.ActiveCfg = CMSTest|x86
		{98AEE43C-4226-49E7-BD46-C1A85467ECED}.CMSTest|Mixed Platforms.Build.0 = CMSTest|x86
		{98AEE43C-4226-49E7-BD46-C1A85467ECED}.CMSTest|x86.ActiveCfg = CMSTest|x86
		{98AEE43C-4226-49E7-BD46-C1A85467ECED}.CMSTest|x86.Build.0 = CMSTest|x86
		{98AEE43C-4226-49E7-BD46-C1A85467ECED}.CMSWebProduction|.NET.ActiveCfg = CMSWebProduction|Any CPU
		{98AEE43C-4226-49E7-BD46-C1A85467ECED}.CMSWebProduction|Any CPU.ActiveCfg = CMSWebProduction|Any CPU
		{98AEE43C-4226-49E7-BD46-C1A85467ECED}.CMSWebProduction|Any CPU.Build.0 = CMSWebProduction|Any CPU
		{98AEE43C-4226-49E7-BD46-C1A85467ECED}.CMSWebProduction|Mixed Platforms.ActiveCfg = CMSWebProduction|x86
		{98AEE43C-4226-49E7-BD46-C1A85467ECED}.CMSWebProduction|Mixed Platforms.Build.0 = CMSWebProduction|x86
		{98AEE43C-4226-49E7-BD46-C1A85467ECED}.CMSWebProduction|x86.ActiveCfg = CMSWebProduction|x86
		{98AEE43C-4226-49E7-BD46-C1A85467ECED}.CMSWebProduction|x86.Build.0 = CMSWebProduction|x86
		{98AEE43C-4226-49E7-BD46-C1A85467ECED}.Debug|.NET.ActiveCfg = Debug|Any CPU
		{98AEE43C-4226-49E7-BD46-C1A85467ECED}.Debug|.NET.Build.0 = Debug|Any CPU
		{98AEE43C-4226-49E7-BD46-C1A85467ECED}.Debug|Any CPU.ActiveCfg = Debug|Any CPU
		{98AEE43C-4226-49E7-BD46-C1A85467ECED}.Debug|Any CPU.Build.0 = Debug|Any CPU
		{98AEE43C-4226-49E7-BD46-C1A85467ECED}.Debug|Mixed Platforms.ActiveCfg = Debug|Any CPU
		{98AEE43C-4226-49E7-BD46-C1A85467ECED}.Debug|Mixed Platforms.Build.0 = Debug|Any CPU
		{98AEE43C-4226-49E7-BD46-C1A85467ECED}.Debug|x86.ActiveCfg = Debug|x86
		{98AEE43C-4226-49E7-BD46-C1A85467ECED}.Debug|x86.Build.0 = Debug|x86
		{98AEE43C-4226-49E7-BD46-C1A85467ECED}.Release|.NET.ActiveCfg = Release|x86
		{98AEE43C-4226-49E7-BD46-C1A85467ECED}.Release|Any CPU.ActiveCfg = Release|Any CPU
		{98AEE43C-4226-49E7-BD46-C1A85467ECED}.Release|Any CPU.Build.0 = Release|Any CPU
		{98AEE43C-4226-49E7-BD46-C1A85467ECED}.Release|Mixed Platforms.ActiveCfg = Release|x86
		{98AEE43C-4226-49E7-BD46-C1A85467ECED}.Release|Mixed Platforms.Build.0 = Release|x86
		{98AEE43C-4226-49E7-BD46-C1A85467ECED}.Release|x86.ActiveCfg = Release|x86
		{98AEE43C-4226-49E7-BD46-C1A85467ECED}.Release|x86.Build.0 = Release|x86
	EndGlobalSection
	GlobalSection(SolutionProperties) = preSolution
		HideSolutionNode = FALSE
	EndGlobalSection
	GlobalSection(ExtensibilityGlobals) = postSolution
		VisualSVNWorkingCopyRoot = 
	EndGlobalSection
EndGlobal
