
Microsoft Visual Studio Solution File, Format Version 10.00
# Visual Studio 2008
Project("{FAE04EC0-301F-11D3-BF4B-00C04F79EFBC}") = "Forms", "Forms\Forms.csproj", "{E82D4C41-9CAD-403B-B1CF-B2B1A69A2427}"
EndProject
Project("{FAE04EC0-301F-11D3-BF4B-00C04F79EFBC}") = "UtilityExtensions", "UtilityExtensions\UtilityExtensions.csproj", "{C504E3D2-5498-451B-BF82-309623706F11}"
EndProject
Project("{FAE04EC0-301F-11D3-BF4B-00C04F79EFBC}") = "CmsData", "CmsData\CmsData.csproj", "{C01603B7-AEE1-4FB8-92E3-80D095C71005}"
EndProject
Project("{FAE04EC0-301F-11D3-BF4B-00C04F79EFBC}") = "DisciplesData", "DisciplesData\DisciplesData.csproj", "{687619FB-F4C1-42B3-9A33-4BD19390723F}"
EndProject
Project("{FAE04EC0-301F-11D3-BF4B-00C04F79EFBC}") = "ImageData", "ImageData\ImageData.csproj", "{512DA381-E81B-4121-B978-FC850EC88353}"
EndProject
Global
	GlobalSection(SolutionConfigurationPlatforms) = preSolution
		Debug|Any CPU = Debug|Any CPU
		Debug|x86 = Debug|x86
		Release|Any CPU = Release|Any CPU
		Release|x86 = Release|x86
	EndGlobalSection
	GlobalSection(ProjectConfigurationPlatforms) = postSolution
		{E82D4C41-9CAD-403B-B1CF-B2B1A69A2427}.Debug|Any CPU.ActiveCfg = Debug|Any CPU
		{E82D4C41-9CAD-403B-B1CF-B2B1A69A2427}.Debug|Any CPU.Build.0 = Debug|Any CPU
		{E82D4C41-9CAD-403B-B1CF-B2B1A69A2427}.Debug|x86.ActiveCfg = Debug|Any CPU
		{E82D4C41-9CAD-403B-B1CF-B2B1A69A2427}.Release|Any CPU.ActiveCfg = Release|Any CPU
		{E82D4C41-9CAD-403B-B1CF-B2B1A69A2427}.Release|Any CPU.Build.0 = Release|Any CPU
		{E82D4C41-9CAD-403B-B1CF-B2B1A69A2427}.Release|x86.ActiveCfg = Release|Any CPU
		{C504E3D2-5498-451B-BF82-309623706F11}.Debug|Any CPU.ActiveCfg = Debug|Any CPU
		{C504E3D2-5498-451B-BF82-309623706F11}.Debug|Any CPU.Build.0 = Debug|Any CPU
		{C504E3D2-5498-451B-BF82-309623706F11}.Debug|x86.ActiveCfg = Debug|x86
		{C504E3D2-5498-451B-BF82-309623706F11}.Debug|x86.Build.0 = Debug|x86
		{C504E3D2-5498-451B-BF82-309623706F11}.Release|Any CPU.ActiveCfg = Release|Any CPU
		{C504E3D2-5498-451B-BF82-309623706F11}.Release|Any CPU.Build.0 = Release|Any CPU
		{C504E3D2-5498-451B-BF82-309623706F11}.Release|x86.ActiveCfg = Release|x86
		{C504E3D2-5498-451B-BF82-309623706F11}.Release|x86.Build.0 = Release|x86
		{C01603B7-AEE1-4FB8-92E3-80D095C71005}.Debug|Any CPU.ActiveCfg = Debug|Any CPU
		{C01603B7-AEE1-4FB8-92E3-80D095C71005}.Debug|Any CPU.Build.0 = Debug|Any CPU
		{C01603B7-AEE1-4FB8-92E3-80D095C71005}.Debug|x86.ActiveCfg = Debug|x86
		{C01603B7-AEE1-4FB8-92E3-80D095C71005}.Debug|x86.Build.0 = Debug|x86
		{C01603B7-AEE1-4FB8-92E3-80D095C71005}.Release|Any CPU.ActiveCfg = Release|Any CPU
		{C01603B7-AEE1-4FB8-92E3-80D095C71005}.Release|Any CPU.Build.0 = Release|Any CPU
		{C01603B7-AEE1-4FB8-92E3-80D095C71005}.Release|x86.ActiveCfg = Release|x86
		{C01603B7-AEE1-4FB8-92E3-80D095C71005}.Release|x86.Build.0 = Release|x86
		{687619FB-F4C1-42B3-9A33-4BD19390723F}.Debug|Any CPU.ActiveCfg = Debug|Any CPU
		{687619FB-F4C1-42B3-9A33-4BD19390723F}.Debug|Any CPU.Build.0 = Debug|Any CPU
		{687619FB-F4C1-42B3-9A33-4BD19390723F}.Debug|x86.ActiveCfg = Debug|Any CPU
		{687619FB-F4C1-42B3-9A33-4BD19390723F}.Release|Any CPU.ActiveCfg = Release|Any CPU
		{687619FB-F4C1-42B3-9A33-4BD19390723F}.Release|Any CPU.Build.0 = Release|Any CPU
		{687619FB-F4C1-42B3-9A33-4BD19390723F}.Release|x86.ActiveCfg = Release|Any CPU
		{512DA381-E81B-4121-B978-FC850EC88353}.Debug|Any CPU.ActiveCfg = Debug|Any CPU
		{512DA381-E81B-4121-B978-FC850EC88353}.Debug|Any CPU.Build.0 = Debug|Any CPU
		{512DA381-E81B-4121-B978-FC850EC88353}.Debug|x86.ActiveCfg = Debug|Any CPU
		{512DA381-E81B-4121-B978-FC850EC88353}.Release|Any CPU.ActiveCfg = Release|Any CPU
		{512DA381-E81B-4121-B978-FC850EC88353}.Release|Any CPU.Build.0 = Release|Any CPU
		{512DA381-E81B-4121-B978-FC850EC88353}.Release|x86.ActiveCfg = Release|Any CPU
	EndGlobalSection
	GlobalSection(SolutionProperties) = preSolution
		HideSolutionNode = FALSE
	EndGlobalSection
EndGlobal
