
Microsoft Visual Studio Solution File, Format Version 11.00
# Visual Studio 2010
Project("{FAE04EC0-301F-11D3-BF4B-00C04F79EFBC}") = "MassEmailer", "MassEmailer\MassEmailer.csproj", "{02AF075A-1806-475B-9EC8-4CE65760D1AF}"
EndProject
Project("{FAE04EC0-301F-11D3-BF4B-00C04F79EFBC}") = "UtilityExtensions", "UtilityExtensions\UtilityExtensions.csproj", "{C504E3D2-5498-451B-BF82-309623706F11}"
EndProject
Project("{FAE04EC0-301F-11D3-BF4B-00C04F79EFBC}") = "CmsData", "CmsData\CmsData.csproj", "{98AEE43C-4226-49E7-BD46-C1A85467ECED}"
EndProject
Project("{54435603-DBB4-11D2-8724-00A0C9A8B90C}") = "MassEmailerSetup", "MassEmailerSetup\MassEmailerSetup.vdproj", "{B506F798-231F-4ADB-A8F1-AF25FB5A07A7}"
EndProject
Global
	GlobalSection(SolutionConfigurationPlatforms) = preSolution
		BVCMSProduction|Any CPU = BVCMSProduction|Any CPU
		BVCMSProduction|x86 = BVCMSProduction|x86
		CMS2Production|Any CPU = CMS2Production|Any CPU
		CMS2Production|x86 = CMS2Production|x86
		CMSTest|Any CPU = CMSTest|Any CPU
		CMSTest|x86 = CMSTest|x86
		CMSWebProduction|Any CPU = CMSWebProduction|Any CPU
		CMSWebProduction|x86 = CMSWebProduction|x86
		Debug|Any CPU = Debug|Any CPU
		Debug|x86 = Debug|x86
		Release|Any CPU = Release|Any CPU
		Release|x86 = Release|x86
	EndGlobalSection
	GlobalSection(ProjectConfigurationPlatforms) = postSolution
		{02AF075A-1806-475B-9EC8-4CE65760D1AF}.BVCMSProduction|Any CPU.ActiveCfg = Release|x86
		{02AF075A-1806-475B-9EC8-4CE65760D1AF}.BVCMSProduction|x86.ActiveCfg = Release|x86
		{02AF075A-1806-475B-9EC8-4CE65760D1AF}.BVCMSProduction|x86.Build.0 = Release|x86
		{02AF075A-1806-475B-9EC8-4CE65760D1AF}.CMS2Production|Any CPU.ActiveCfg = Release|x86
		{02AF075A-1806-475B-9EC8-4CE65760D1AF}.CMS2Production|x86.ActiveCfg = Release|x86
		{02AF075A-1806-475B-9EC8-4CE65760D1AF}.CMS2Production|x86.Build.0 = Release|x86
		{02AF075A-1806-475B-9EC8-4CE65760D1AF}.CMSTest|Any CPU.ActiveCfg = Release|x86
		{02AF075A-1806-475B-9EC8-4CE65760D1AF}.CMSTest|x86.ActiveCfg = Release|x86
		{02AF075A-1806-475B-9EC8-4CE65760D1AF}.CMSTest|x86.Build.0 = Release|x86
		{02AF075A-1806-475B-9EC8-4CE65760D1AF}.CMSWebProduction|Any CPU.ActiveCfg = Release|x86
		{02AF075A-1806-475B-9EC8-4CE65760D1AF}.CMSWebProduction|x86.ActiveCfg = Release|x86
		{02AF075A-1806-475B-9EC8-4CE65760D1AF}.CMSWebProduction|x86.Build.0 = Release|x86
		{02AF075A-1806-475B-9EC8-4CE65760D1AF}.Debug|Any CPU.ActiveCfg = Debug|x86
		{02AF075A-1806-475B-9EC8-4CE65760D1AF}.Debug|Any CPU.Build.0 = Debug|x86
		{02AF075A-1806-475B-9EC8-4CE65760D1AF}.Debug|x86.ActiveCfg = Debug|x86
		{02AF075A-1806-475B-9EC8-4CE65760D1AF}.Debug|x86.Build.0 = Debug|x86
		{02AF075A-1806-475B-9EC8-4CE65760D1AF}.Release|Any CPU.ActiveCfg = Release|x86
		{02AF075A-1806-475B-9EC8-4CE65760D1AF}.Release|x86.ActiveCfg = Release|x86
		{02AF075A-1806-475B-9EC8-4CE65760D1AF}.Release|x86.Build.0 = Release|x86
		{C504E3D2-5498-451B-BF82-309623706F11}.BVCMSProduction|Any CPU.ActiveCfg = BVCMSProduction|Any CPU
		{C504E3D2-5498-451B-BF82-309623706F11}.BVCMSProduction|Any CPU.Build.0 = BVCMSProduction|Any CPU
		{C504E3D2-5498-451B-BF82-309623706F11}.BVCMSProduction|x86.ActiveCfg = BVCMSProduction|x86
		{C504E3D2-5498-451B-BF82-309623706F11}.BVCMSProduction|x86.Build.0 = BVCMSProduction|x86
		{C504E3D2-5498-451B-BF82-309623706F11}.CMS2Production|Any CPU.ActiveCfg = Cms2Production|Any CPU
		{C504E3D2-5498-451B-BF82-309623706F11}.CMS2Production|Any CPU.Build.0 = Cms2Production|Any CPU
		{C504E3D2-5498-451B-BF82-309623706F11}.CMS2Production|x86.ActiveCfg = Cms2Production|x86
		{C504E3D2-5498-451B-BF82-309623706F11}.CMS2Production|x86.Build.0 = Cms2Production|x86
		{C504E3D2-5498-451B-BF82-309623706F11}.CMSTest|Any CPU.ActiveCfg = CmsTest|Any CPU
		{C504E3D2-5498-451B-BF82-309623706F11}.CMSTest|Any CPU.Build.0 = CmsTest|Any CPU
		{C504E3D2-5498-451B-BF82-309623706F11}.CMSTest|x86.ActiveCfg = CmsTest|x86
		{C504E3D2-5498-451B-BF82-309623706F11}.CMSTest|x86.Build.0 = CmsTest|x86
		{C504E3D2-5498-451B-BF82-309623706F11}.CMSWebProduction|Any CPU.ActiveCfg = CmsWebProduction|Any CPU
		{C504E3D2-5498-451B-BF82-309623706F11}.CMSWebProduction|Any CPU.Build.0 = CmsWebProduction|Any CPU
		{C504E3D2-5498-451B-BF82-309623706F11}.CMSWebProduction|x86.ActiveCfg = CmsWebProduction|x86
		{C504E3D2-5498-451B-BF82-309623706F11}.CMSWebProduction|x86.Build.0 = CmsWebProduction|x86
		{C504E3D2-5498-451B-BF82-309623706F11}.Debug|Any CPU.ActiveCfg = Debug|Any CPU
		{C504E3D2-5498-451B-BF82-309623706F11}.Debug|Any CPU.Build.0 = Debug|Any CPU
		{C504E3D2-5498-451B-BF82-309623706F11}.Debug|x86.ActiveCfg = Debug|x86
		{C504E3D2-5498-451B-BF82-309623706F11}.Debug|x86.Build.0 = Debug|x86
		{C504E3D2-5498-451B-BF82-309623706F11}.Release|Any CPU.ActiveCfg = Release|Any CPU
		{C504E3D2-5498-451B-BF82-309623706F11}.Release|Any CPU.Build.0 = Release|Any CPU
		{C504E3D2-5498-451B-BF82-309623706F11}.Release|x86.ActiveCfg = Release|x86
		{C504E3D2-5498-451B-BF82-309623706F11}.Release|x86.Build.0 = Release|x86
		{98AEE43C-4226-49E7-BD46-C1A85467ECED}.BVCMSProduction|Any CPU.ActiveCfg = BVCMSProduction|Any CPU
		{98AEE43C-4226-49E7-BD46-C1A85467ECED}.BVCMSProduction|Any CPU.Build.0 = BVCMSProduction|Any CPU
		{98AEE43C-4226-49E7-BD46-C1A85467ECED}.BVCMSProduction|x86.ActiveCfg = BVCMSProduction|x86
		{98AEE43C-4226-49E7-BD46-C1A85467ECED}.BVCMSProduction|x86.Build.0 = BVCMSProduction|x86
		{98AEE43C-4226-49E7-BD46-C1A85467ECED}.CMS2Production|Any CPU.ActiveCfg = Cms2Production|Any CPU
		{98AEE43C-4226-49E7-BD46-C1A85467ECED}.CMS2Production|Any CPU.Build.0 = Cms2Production|Any CPU
		{98AEE43C-4226-49E7-BD46-C1A85467ECED}.CMS2Production|x86.ActiveCfg = Cms2Production|x86
		{98AEE43C-4226-49E7-BD46-C1A85467ECED}.CMS2Production|x86.Build.0 = Cms2Production|x86
		{98AEE43C-4226-49E7-BD46-C1A85467ECED}.CMSTest|Any CPU.ActiveCfg = CmsTest|Any CPU
		{98AEE43C-4226-49E7-BD46-C1A85467ECED}.CMSTest|Any CPU.Build.0 = CmsTest|Any CPU
		{98AEE43C-4226-49E7-BD46-C1A85467ECED}.CMSTest|x86.ActiveCfg = CmsTest|x86
		{98AEE43C-4226-49E7-BD46-C1A85467ECED}.CMSTest|x86.Build.0 = CmsTest|x86
		{98AEE43C-4226-49E7-BD46-C1A85467ECED}.CMSWebProduction|Any CPU.ActiveCfg = CmsWebProduction|Any CPU
		{98AEE43C-4226-49E7-BD46-C1A85467ECED}.CMSWebProduction|Any CPU.Build.0 = CmsWebProduction|Any CPU
		{98AEE43C-4226-49E7-BD46-C1A85467ECED}.CMSWebProduction|x86.ActiveCfg = CmsWebProduction|x86
		{98AEE43C-4226-49E7-BD46-C1A85467ECED}.CMSWebProduction|x86.Build.0 = CmsWebProduction|x86
		{98AEE43C-4226-49E7-BD46-C1A85467ECED}.Debug|Any CPU.ActiveCfg = Debug|Any CPU
		{98AEE43C-4226-49E7-BD46-C1A85467ECED}.Debug|Any CPU.Build.0 = Debug|Any CPU
		{98AEE43C-4226-49E7-BD46-C1A85467ECED}.Debug|x86.ActiveCfg = Debug|x86
		{98AEE43C-4226-49E7-BD46-C1A85467ECED}.Debug|x86.Build.0 = Debug|x86
		{98AEE43C-4226-49E7-BD46-C1A85467ECED}.Release|Any CPU.ActiveCfg = Release|Any CPU
		{98AEE43C-4226-49E7-BD46-C1A85467ECED}.Release|Any CPU.Build.0 = Release|Any CPU
		{98AEE43C-4226-49E7-BD46-C1A85467ECED}.Release|x86.ActiveCfg = Release|x86
		{98AEE43C-4226-49E7-BD46-C1A85467ECED}.Release|x86.Build.0 = Release|x86
		{B506F798-231F-4ADB-A8F1-AF25FB5A07A7}.BVCMSProduction|Any CPU.ActiveCfg = Release
		{B506F798-231F-4ADB-A8F1-AF25FB5A07A7}.BVCMSProduction|Any CPU.Build.0 = Release
		{B506F798-231F-4ADB-A8F1-AF25FB5A07A7}.BVCMSProduction|x86.ActiveCfg = Release
		{B506F798-231F-4ADB-A8F1-AF25FB5A07A7}.BVCMSProduction|x86.Build.0 = Release
		{B506F798-231F-4ADB-A8F1-AF25FB5A07A7}.CMS2Production|Any CPU.ActiveCfg = Release
		{B506F798-231F-4ADB-A8F1-AF25FB5A07A7}.CMS2Production|Any CPU.Build.0 = Release
		{B506F798-231F-4ADB-A8F1-AF25FB5A07A7}.CMS2Production|x86.ActiveCfg = Release
		{B506F798-231F-4ADB-A8F1-AF25FB5A07A7}.CMS2Production|x86.Build.0 = Release
		{B506F798-231F-4ADB-A8F1-AF25FB5A07A7}.CMSTest|Any CPU.ActiveCfg = Release
		{B506F798-231F-4ADB-A8F1-AF25FB5A07A7}.CMSTest|Any CPU.Build.0 = Release
		{B506F798-231F-4ADB-A8F1-AF25FB5A07A7}.CMSTest|x86.ActiveCfg = Release
		{B506F798-231F-4ADB-A8F1-AF25FB5A07A7}.CMSTest|x86.Build.0 = Release
		{B506F798-231F-4ADB-A8F1-AF25FB5A07A7}.CMSWebProduction|Any CPU.ActiveCfg = Release
		{B506F798-231F-4ADB-A8F1-AF25FB5A07A7}.CMSWebProduction|Any CPU.Build.0 = Release
		{B506F798-231F-4ADB-A8F1-AF25FB5A07A7}.CMSWebProduction|x86.ActiveCfg = Release
		{B506F798-231F-4ADB-A8F1-AF25FB5A07A7}.CMSWebProduction|x86.Build.0 = Release
		{B506F798-231F-4ADB-A8F1-AF25FB5A07A7}.Debug|Any CPU.ActiveCfg = Debug
		{B506F798-231F-4ADB-A8F1-AF25FB5A07A7}.Debug|x86.ActiveCfg = Debug
		{B506F798-231F-4ADB-A8F1-AF25FB5A07A7}.Debug|x86.Build.0 = Debug
		{B506F798-231F-4ADB-A8F1-AF25FB5A07A7}.Release|Any CPU.ActiveCfg = Release
		{B506F798-231F-4ADB-A8F1-AF25FB5A07A7}.Release|Any CPU.Build.0 = Release
		{B506F798-231F-4ADB-A8F1-AF25FB5A07A7}.Release|x86.ActiveCfg = Release
		{B506F798-231F-4ADB-A8F1-AF25FB5A07A7}.Release|x86.Build.0 = Release
	EndGlobalSection
	GlobalSection(SolutionProperties) = preSolution
		HideSolutionNode = FALSE
	EndGlobalSection
EndGlobal
