
Microsoft Visual Studio Solution File, Format Version 10.00
# Visual Studio 2008
Project("{FAE04EC0-301F-11D3-BF4B-00C04F79EFBC}") = "ScanUploader", "ScanUploader\ScanUploader.csproj", "{C5AE3E2C-3069-4D64-85ED-B2AFC5498F06}"
EndProject
Project("{54435603-DBB4-11D2-8724-00A0C9A8B90C}") = "ScanUploaderSetup", "ScanUploaderSetup\ScanUploaderSetup.vdproj", "{FF08025F-5019-40DB-9969-881033793202}"
EndProject
Global
	GlobalSection(SolutionConfigurationPlatforms) = preSolution
		Debug|Any CPU = Debug|Any CPU
		Release|Any CPU = Release|Any CPU
	EndGlobalSection
	GlobalSection(ProjectConfigurationPlatforms) = postSolution
		{C5AE3E2C-3069-4D64-85ED-B2AFC5498F06}.Debug|Any CPU.ActiveCfg = Debug|Any CPU
		{C5AE3E2C-3069-4D64-85ED-B2AFC5498F06}.Debug|Any CPU.Build.0 = Debug|Any CPU
		{C5AE3E2C-3069-4D64-85ED-B2AFC5498F06}.Release|Any CPU.ActiveCfg = Release|Any CPU
		{C5AE3E2C-3069-4D64-85ED-B2AFC5498F06}.Release|Any CPU.Build.0 = Release|Any CPU
		{FF08025F-5019-40DB-9969-881033793202}.Debug|Any CPU.ActiveCfg = Debug
		{FF08025F-5019-40DB-9969-881033793202}.Debug|Any CPU.Build.0 = Debug
		{FF08025F-5019-40DB-9969-881033793202}.Release|Any CPU.ActiveCfg = Release
		{FF08025F-5019-40DB-9969-881033793202}.Release|Any CPU.Build.0 = Release
	EndGlobalSection
	GlobalSection(SolutionProperties) = preSolution
		HideSolutionNode = FALSE
	EndGlobalSection
EndGlobal
