
Microsoft Visual Studio Solution File, Format Version 10.00
# Visual Studio 2008
Project("{FAE04EC0-301F-11D3-BF4B-00C04F79EFBC}") = "PostBundle", "PostBundle\PostBundle.csproj", "{7A9FAD1A-2730-4078-9AA1-219BE8355181}"
EndProject
Project("{FAE04EC0-301F-11D3-BF4B-00C04F79EFBC}") = "DocumentManifestCustomActions", "DocumentManifestCustomActions\DocumentManifestCustomActions.csproj", "{92F0A6B5-5D7E-48AF-898B-AA34ADEA32F1}"
EndProject
Project("{54435603-DBB4-11D2-8724-00A0C9A8B90C}") = "PostBundleSetup", "PostBundleSetup\PostBundleSetup.vdproj", "{9ED5EE47-0FF8-4CD1-B585-567C14BB8C57}"
EndProject
Global
	GlobalSection(SolutionConfigurationPlatforms) = preSolution
		Debug|Any CPU = Debug|Any CPU
		Release|Any CPU = Release|Any CPU
	EndGlobalSection
	GlobalSection(ProjectConfigurationPlatforms) = postSolution
		{7A9FAD1A-2730-4078-9AA1-219BE8355181}.Debug|Any CPU.ActiveCfg = Debug|Any CPU
		{7A9FAD1A-2730-4078-9AA1-219BE8355181}.Debug|Any CPU.Build.0 = Debug|Any CPU
		{7A9FAD1A-2730-4078-9AA1-219BE8355181}.Release|Any CPU.ActiveCfg = Release|Any CPU
		{7A9FAD1A-2730-4078-9AA1-219BE8355181}.Release|Any CPU.Build.0 = Release|Any CPU
		{92F0A6B5-5D7E-48AF-898B-AA34ADEA32F1}.Debug|Any CPU.ActiveCfg = Debug|Any CPU
		{92F0A6B5-5D7E-48AF-898B-AA34ADEA32F1}.Debug|Any CPU.Build.0 = Debug|Any CPU
		{92F0A6B5-5D7E-48AF-898B-AA34ADEA32F1}.Release|Any CPU.ActiveCfg = Release|Any CPU
		{92F0A6B5-5D7E-48AF-898B-AA34ADEA32F1}.Release|Any CPU.Build.0 = Release|Any CPU
		{9ED5EE47-0FF8-4CD1-B585-567C14BB8C57}.Debug|Any CPU.ActiveCfg = Debug
		{9ED5EE47-0FF8-4CD1-B585-567C14BB8C57}.Release|Any CPU.ActiveCfg = Release
	EndGlobalSection
	GlobalSection(SolutionProperties) = preSolution
		HideSolutionNode = FALSE
	EndGlobalSection
EndGlobal
